// !$*UTF8*$!
{
	archiveVersion = 1;
	classes = {
	};
	objectVersion = 52;
	objects = {

/* Begin PBXBuildFile section */
		05C6726924FDCDF05CB2242B /* Pods_altgtu.framework in Frameworks */ = {isa = PBXBuildFile; fileRef = 8BA63DDAF2F7D8929BFB2E7A /* Pods_altgtu.framework */; };
		CB0AED3D232E59A10047A8A0 /* AppDelegate.swift in Sources */ = {isa = PBXBuildFile; fileRef = CB0AED3C232E59A10047A8A0 /* AppDelegate.swift */; };
		CB0AED3F232E59A10047A8A0 /* SceneDelegate.swift in Sources */ = {isa = PBXBuildFile; fileRef = CB0AED3E232E59A10047A8A0 /* SceneDelegate.swift */; };
		CB0AED42232E59A10047A8A0 /* altgtu.xcdatamodeld in Sources */ = {isa = PBXBuildFile; fileRef = CB0AED40232E59A10047A8A0 /* altgtu.xcdatamodeld */; };
		CB0AED46232E59A30047A8A0 /* Assets.xcassets in Resources */ = {isa = PBXBuildFile; fileRef = CB0AED45232E59A30047A8A0 /* Assets.xcassets */; };
		CB0AED49232E59A30047A8A0 /* Preview Assets.xcassets in Resources */ = {isa = PBXBuildFile; fileRef = CB0AED48232E59A30047A8A0 /* Preview Assets.xcassets */; };
		CB0AED4C232E59A30047A8A0 /* LaunchScreen.storyboard in Resources */ = {isa = PBXBuildFile; fileRef = CB0AED4A232E59A30047A8A0 /* LaunchScreen.storyboard */; };
		CB0AED5F232E5A210047A8A0 /* ContentView.swift in Sources */ = {isa = PBXBuildFile; fileRef = CB0AED56232E5A210047A8A0 /* ContentView.swift */; };
		CB0AED69232E5A7B0047A8A0 /* LessonList.swift in Sources */ = {isa = PBXBuildFile; fileRef = CB0AED67232E5A7B0047A8A0 /* LessonList.swift */; };
		CB0AED6A232E5A7B0047A8A0 /* Lesson.swift in Sources */ = {isa = PBXBuildFile; fileRef = CB0AED68232E5A7B0047A8A0 /* Lesson.swift */; };
		CB0AED77232E5AC50047A8A0 /* CustomInput.swift in Sources */ = {isa = PBXBuildFile; fileRef = CB0AED73232E5AC50047A8A0 /* CustomInput.swift */; };
		CB0AED78232E5AC50047A8A0 /* CustomButton.swift in Sources */ = {isa = PBXBuildFile; fileRef = CB0AED74232E5AC50047A8A0 /* CustomButton.swift */; };
		CB0AED79232E5AC50047A8A0 /* Session.swift in Sources */ = {isa = PBXBuildFile; fileRef = CB0AED75232E5AC50047A8A0 /* Session.swift */; };
		CB0AED7A232E5AC50047A8A0 /* LoginScreen.swift in Sources */ = {isa = PBXBuildFile; fileRef = CB0AED76232E5AC50047A8A0 /* LoginScreen.swift */; };
		CB0AED7F232E5AE20047A8A0 /* LottieView.swift in Sources */ = {isa = PBXBuildFile; fileRef = CB0AED7C232E5AE20047A8A0 /* LottieView.swift */; };
		CB0AED85232E5AF90047A8A0 /* SplashScreen.swift in Sources */ = {isa = PBXBuildFile; fileRef = CB0AED83232E5AF90047A8A0 /* SplashScreen.swift */; };
		CB0AED8A232E5B080047A8A0 /* Tabbed.swift in Sources */ = {isa = PBXBuildFile; fileRef = CB0AED87232E5B080047A8A0 /* Tabbed.swift */; };
		CB0AED8B232E5B080047A8A0 /* Today.swift in Sources */ = {isa = PBXBuildFile; fileRef = CB0AED88232E5B080047A8A0 /* Today.swift */; };
		CB0AED8E232E5BA80047A8A0 /* GoogleService-Info.plist in Resources */ = {isa = PBXBuildFile; fileRef = CB0AED8D232E5BA80047A8A0 /* GoogleService-Info.plist */; };
		CB12E7EE23596F9E00115B2E /* ChatView.swift in Sources */ = {isa = PBXBuildFile; fileRef = CB12E7ED23596F9E00115B2E /* ChatView.swift */; };
		CB1F6DA92338DDB000604C50 /* LessonDetail.swift in Sources */ = {isa = PBXBuildFile; fileRef = CB1F6DA82338DDB000604C50 /* LessonDetail.swift */; };
		CB1F6DAC2339F64E00604C50 /* URLImage in Frameworks */ = {isa = PBXBuildFile; productRef = CB1F6DAB2339F64E00604C50 /* URLImage */; };
		CB27619523556A470054C753 /* SessionWatch.swift in Sources */ = {isa = PBXBuildFile; fileRef = CB27619423556A470054C753 /* SessionWatch.swift */; };
		CB276197235588820054C753 /* InfoApp.swift in Sources */ = {isa = PBXBuildFile; fileRef = CB276196235588820054C753 /* InfoApp.swift */; };
		CB27619A2355A9A00054C753 /* LessonWatch.swift in Sources */ = {isa = PBXBuildFile; fileRef = CB2761992355A9A00054C753 /* LessonWatch.swift */; };
		CB4B284223823FED00E11A47 /* 27-loading.json in Resources */ = {isa = PBXBuildFile; fileRef = CB4B284123823FEC00E11A47 /* 27-loading.json */; };
		CB4FA0112343960A0049D271 /* ProfileView.swift in Sources */ = {isa = PBXBuildFile; fileRef = CB4FA0102343960A0049D271 /* ProfileView.swift */; };
		CB4FA013234396110049D271 /* HeaderProfileView.swift in Sources */ = {isa = PBXBuildFile; fileRef = CB4FA012234396110049D271 /* HeaderProfileView.swift */; };
		CB5DE180236AB98D001AC3E3 /* ListChat.swift in Sources */ = {isa = PBXBuildFile; fileRef = CB5DE17F236AB98D001AC3E3 /* ListChat.swift */; };
		CB6704EC23712F4000F875C3 /* LocalNotificationManager.swift in Sources */ = {isa = PBXBuildFile; fileRef = CB6704EB23712F4000F875C3 /* LocalNotificationManager.swift */; };
		CB67779023603B7F0019D6B6 /* KeyboardObserving in Frameworks */ = {isa = PBXBuildFile; productRef = CB67778F23603B7F0019D6B6 /* KeyboardObserving */; };
		CB6777BE23604B680019D6B6 /* NotificationCenter.framework in Frameworks */ = {isa = PBXBuildFile; fileRef = CB677796236046610019D6B6 /* NotificationCenter.framework */; };
		CB6777C123604B680019D6B6 /* TodayViewController.swift in Sources */ = {isa = PBXBuildFile; fileRef = CB6777C023604B680019D6B6 /* TodayViewController.swift */; };
		CB6777C423604B680019D6B6 /* MainInterface.storyboard in Resources */ = {isa = PBXBuildFile; fileRef = CB6777C223604B680019D6B6 /* MainInterface.storyboard */; };
		CB6777C823604B680019D6B6 /* Расписание.appex in Embed App Extensions */ = {isa = PBXBuildFile; fileRef = CB6777BD23604B680019D6B6 /* Расписание.appex */; platformFilter = ios; settings = {ATTRIBUTES = (RemoveHeadersOnCopy, ); }; };
		CB6D3F71235AC6F200E65661 /* Lottie in Frameworks */ = {isa = PBXBuildFile; productRef = CB6D3F70235AC6F200E65661 /* Lottie */; };
		CB6D3F73235ADC6300E65661 /* CardView.swift in Sources */ = {isa = PBXBuildFile; fileRef = CB6D3F72235ADC6300E65661 /* CardView.swift */; };
		CB6D3F7B235B07CA00E65661 /* ModelNews.swift in Sources */ = {isa = PBXBuildFile; fileRef = CB6D3F7A235B07CA00E65661 /* ModelNews.swift */; };
		CB6D3F7D235B0E6200E65661 /* NewsAPI.swift in Sources */ = {isa = PBXBuildFile; fileRef = CB6D3F7C235B0E6200E65661 /* NewsAPI.swift */; };
		CB6D3F7F235B118200E65661 /* CardList.swift in Sources */ = {isa = PBXBuildFile; fileRef = CB6D3F7E235B118200E65661 /* CardList.swift */; };
		CB6EBF472390276B00D9E771 /* License.swift in Sources */ = {isa = PBXBuildFile; fileRef = CB6EBF462390276B00D9E771 /* License.swift */; };
		CB9BBDCA234C6BAE00F89529 /* ModelLesson.swift in Sources */ = {isa = PBXBuildFile; fileRef = CB9BBDC9234C6BAE00F89529 /* ModelLesson.swift */; };
		CB9BBDCC234C6DDC00F89529 /* APIService.swift in Sources */ = {isa = PBXBuildFile; fileRef = CB9BBDCB234C6DDC00F89529 /* APIService.swift */; };
		CBABB12A2366F5420087AD18 /* MessageView.swift in Sources */ = {isa = PBXBuildFile; fileRef = CBABB1292366F5420087AD18 /* MessageView.swift */; };
		CBB13F0623584F9E00D98C83 /* ShareSheet.swift in Sources */ = {isa = PBXBuildFile; fileRef = CBB13F0523584F9E00D98C83 /* ShareSheet.swift */; };
		CBD896B42378FDEC008CF480 /* ActivityIndicator.swift in Sources */ = {isa = PBXBuildFile; fileRef = CBD896B32378FDEC008CF480 /* ActivityIndicator.swift */; };
		CBDE629323520D2600E588EC /* ModelPicker.swift in Sources */ = {isa = PBXBuildFile; fileRef = CBDE629223520D2600E588EC /* ModelPicker.swift */; };
		CBDE62952352129E00E588EC /* pickerAPI.swift in Sources */ = {isa = PBXBuildFile; fileRef = CBDE62942352129E00E588EC /* pickerAPI.swift */; };
		CBE4F5522367DC8A00E4D0C6 /* SessionChat.swift in Sources */ = {isa = PBXBuildFile; fileRef = CBE4F5512367DC8A00E4D0C6 /* SessionChat.swift */; };
		CBE665DF23543A1000C43811 /* Interface.storyboard in Resources */ = {isa = PBXBuildFile; fileRef = CBE665DD23543A1000C43811 /* Interface.storyboard */; };
		CBE665E123543A1400C43811 /* Assets.xcassets in Resources */ = {isa = PBXBuildFile; fileRef = CBE665E023543A1400C43811 /* Assets.xcassets */; };
		CBE665E823543A1400C43811 /* altgtuWatchApp Extension.appex in Embed App Extensions */ = {isa = PBXBuildFile; fileRef = CBE665E723543A1400C43811 /* altgtuWatchApp Extension.appex */; settings = {ATTRIBUTES = (RemoveHeadersOnCopy, ); }; };
		CBE665ED23543A1400C43811 /* LoginScreenWatch.swift in Sources */ = {isa = PBXBuildFile; fileRef = CBE665EC23543A1400C43811 /* LoginScreenWatch.swift */; };
		CBE665EF23543A1400C43811 /* HostingController.swift in Sources */ = {isa = PBXBuildFile; fileRef = CBE665EE23543A1400C43811 /* HostingController.swift */; };
		CBE665F123543A1400C43811 /* ExtensionDelegate.swift in Sources */ = {isa = PBXBuildFile; fileRef = CBE665F023543A1400C43811 /* ExtensionDelegate.swift */; };
		CBE665F323543A1400C43811 /* NotificationController.swift in Sources */ = {isa = PBXBuildFile; fileRef = CBE665F223543A1400C43811 /* NotificationController.swift */; };
		CBE665F523543A1400C43811 /* NotificationView.swift in Sources */ = {isa = PBXBuildFile; fileRef = CBE665F423543A1400C43811 /* NotificationView.swift */; };
		CBE665F723543A1500C43811 /* Assets.xcassets in Resources */ = {isa = PBXBuildFile; fileRef = CBE665F623543A1500C43811 /* Assets.xcassets */; };
		CBE665FA23543A1500C43811 /* Preview Assets.xcassets in Resources */ = {isa = PBXBuildFile; fileRef = CBE665F923543A1500C43811 /* Preview Assets.xcassets */; };
		CBE665FF23543A1500C43811 /* altgtuWatchApp.app in Embed Watch Content */ = {isa = PBXBuildFile; fileRef = CBE665DB23543A1000C43811 /* altgtuWatchApp.app */; platformFilter = ios; settings = {ATTRIBUTES = (RemoveHeadersOnCopy, ); }; };
		CBE6660923545C1200C43811 /* URLImage in Frameworks */ = {isa = PBXBuildFile; productRef = CBE6660823545C1200C43811 /* URLImage */; };
		CBE6660B23545C1200C43811 /* SwiftUICharts in Frameworks */ = {isa = PBXBuildFile; productRef = CBE6660A23545C1200C43811 /* SwiftUICharts */; };
		CBF1E0D7233C6E250009E3BE /* ImagePicker.swift in Sources */ = {isa = PBXBuildFile; fileRef = CBF1E0D6233C6E250009E3BE /* ImagePicker.swift */; };
		CBF1E0E5234211990009E3BE /* SwiftUICharts in Frameworks */ = {isa = PBXBuildFile; productRef = CBF1E0E4234211990009E3BE /* SwiftUICharts */; };
/* End PBXBuildFile section */

/* Begin PBXContainerItemProxy section */
		CB6777C623604B680019D6B6 /* PBXContainerItemProxy */ = {
			isa = PBXContainerItemProxy;
			containerPortal = CB0AED31232E59A10047A8A0 /* Project object */;
			proxyType = 1;
			remoteGlobalIDString = CB6777BC23604B680019D6B6;
			remoteInfo = altgtuTodayWidget;
		};
		CBE665E923543A1400C43811 /* PBXContainerItemProxy */ = {
			isa = PBXContainerItemProxy;
			containerPortal = CB0AED31232E59A10047A8A0 /* Project object */;
			proxyType = 1;
			remoteGlobalIDString = CBE665E623543A1400C43811;
			remoteInfo = "altgtuWatchApp Extension";
		};
		CBE665FD23543A1500C43811 /* PBXContainerItemProxy */ = {
			isa = PBXContainerItemProxy;
			containerPortal = CB0AED31232E59A10047A8A0 /* Project object */;
			proxyType = 1;
			remoteGlobalIDString = CBE665DA23543A1000C43811;
			remoteInfo = altgtuWatchApp;
		};
/* End PBXContainerItemProxy section */

/* Begin PBXCopyFilesBuildPhase section */
		CB25040C23505E1600D2E41A /* Embed Watch Content */ = {
			isa = PBXCopyFilesBuildPhase;
			buildActionMask = 2147483647;
			dstPath = "$(CONTENTS_FOLDER_PATH)/Watch";
			dstSubfolderSpec = 16;
			files = (
				CBE665FF23543A1500C43811 /* altgtuWatchApp.app in Embed Watch Content */,
			);
			name = "Embed Watch Content";
			runOnlyForDeploymentPostprocessing = 0;
		};
		CB6777A5236046610019D6B6 /* Embed App Extensions */ = {
			isa = PBXCopyFilesBuildPhase;
			buildActionMask = 2147483647;
			dstPath = "";
			dstSubfolderSpec = 13;
			files = (
				CB6777C823604B680019D6B6 /* Расписание.appex in Embed App Extensions */,
			);
			name = "Embed App Extensions";
			runOnlyForDeploymentPostprocessing = 0;
		};
		CBE6660323543A1500C43811 /* Embed App Extensions */ = {
			isa = PBXCopyFilesBuildPhase;
			buildActionMask = 2147483647;
			dstPath = "";
			dstSubfolderSpec = 13;
			files = (
				CBE665E823543A1400C43811 /* altgtuWatchApp Extension.appex in Embed App Extensions */,
			);
			name = "Embed App Extensions";
			runOnlyForDeploymentPostprocessing = 0;
		};
/* End PBXCopyFilesBuildPhase section */

/* Begin PBXFileReference section */
		35F13788DA4CEA2908B90C7E /* Pods-altgtu.debug.xcconfig */ = {isa = PBXFileReference; includeInIndex = 1; lastKnownFileType = text.xcconfig; name = "Pods-altgtu.debug.xcconfig"; path = "Target Support Files/Pods-altgtu/Pods-altgtu.debug.xcconfig"; sourceTree = "<group>"; };
		8BA63DDAF2F7D8929BFB2E7A /* Pods_altgtu.framework */ = {isa = PBXFileReference; explicitFileType = wrapper.framework; includeInIndex = 0; path = Pods_altgtu.framework; sourceTree = BUILT_PRODUCTS_DIR; };
		AF22E3F9E3E8C9DC5EFA38C2 /* Pods-altgtu.release.xcconfig */ = {isa = PBXFileReference; includeInIndex = 1; lastKnownFileType = text.xcconfig; name = "Pods-altgtu.release.xcconfig"; path = "Target Support Files/Pods-altgtu/Pods-altgtu.release.xcconfig"; sourceTree = "<group>"; };
		CB0AED39232E59A10047A8A0 /* АлтГТУ.app */ = {isa = PBXFileReference; explicitFileType = wrapper.application; includeInIndex = 0; path = "АлтГТУ.app"; sourceTree = BUILT_PRODUCTS_DIR; };
		CB0AED3C232E59A10047A8A0 /* AppDelegate.swift */ = {isa = PBXFileReference; lastKnownFileType = sourcecode.swift; path = AppDelegate.swift; sourceTree = "<group>"; };
		CB0AED3E232E59A10047A8A0 /* SceneDelegate.swift */ = {isa = PBXFileReference; lastKnownFileType = sourcecode.swift; path = SceneDelegate.swift; sourceTree = "<group>"; };
		CB0AED41232E59A10047A8A0 /* altgtu.xcdatamodel */ = {isa = PBXFileReference; lastKnownFileType = wrapper.xcdatamodel; path = altgtu.xcdatamodel; sourceTree = "<group>"; };
		CB0AED45232E59A30047A8A0 /* Assets.xcassets */ = {isa = PBXFileReference; lastKnownFileType = folder.assetcatalog; path = Assets.xcassets; sourceTree = "<group>"; };
		CB0AED48232E59A30047A8A0 /* Preview Assets.xcassets */ = {isa = PBXFileReference; lastKnownFileType = folder.assetcatalog; path = "Preview Assets.xcassets"; sourceTree = "<group>"; };
		CB0AED4B232E59A30047A8A0 /* Base */ = {isa = PBXFileReference; lastKnownFileType = file.storyboard; name = Base; path = Base.lproj/LaunchScreen.storyboard; sourceTree = "<group>"; };
		CB0AED4D232E59A30047A8A0 /* Info.plist */ = {isa = PBXFileReference; lastKnownFileType = text.plist.xml; path = Info.plist; sourceTree = "<group>"; };
		CB0AED56232E5A210047A8A0 /* ContentView.swift */ = {isa = PBXFileReference; fileEncoding = 4; lastKnownFileType = sourcecode.swift; path = ContentView.swift; sourceTree = "<group>"; };
		CB0AED67232E5A7B0047A8A0 /* LessonList.swift */ = {isa = PBXFileReference; fileEncoding = 4; lastKnownFileType = sourcecode.swift; path = LessonList.swift; sourceTree = "<group>"; };
		CB0AED68232E5A7B0047A8A0 /* Lesson.swift */ = {isa = PBXFileReference; fileEncoding = 4; lastKnownFileType = sourcecode.swift; path = Lesson.swift; sourceTree = "<group>"; };
		CB0AED73232E5AC50047A8A0 /* CustomInput.swift */ = {isa = PBXFileReference; fileEncoding = 4; lastKnownFileType = sourcecode.swift; path = CustomInput.swift; sourceTree = "<group>"; };
		CB0AED74232E5AC50047A8A0 /* CustomButton.swift */ = {isa = PBXFileReference; fileEncoding = 4; lastKnownFileType = sourcecode.swift; path = CustomButton.swift; sourceTree = "<group>"; };
		CB0AED75232E5AC50047A8A0 /* Session.swift */ = {isa = PBXFileReference; fileEncoding = 4; lastKnownFileType = sourcecode.swift; path = Session.swift; sourceTree = "<group>"; };
		CB0AED76232E5AC50047A8A0 /* LoginScreen.swift */ = {isa = PBXFileReference; fileEncoding = 4; lastKnownFileType = sourcecode.swift; path = LoginScreen.swift; sourceTree = "<group>"; };
		CB0AED7C232E5AE20047A8A0 /* LottieView.swift */ = {isa = PBXFileReference; fileEncoding = 4; lastKnownFileType = sourcecode.swift; path = LottieView.swift; sourceTree = "<group>"; };
		CB0AED83232E5AF90047A8A0 /* SplashScreen.swift */ = {isa = PBXFileReference; fileEncoding = 4; lastKnownFileType = sourcecode.swift; path = SplashScreen.swift; sourceTree = "<group>"; };
		CB0AED87232E5B080047A8A0 /* Tabbed.swift */ = {isa = PBXFileReference; fileEncoding = 4; lastKnownFileType = sourcecode.swift; path = Tabbed.swift; sourceTree = "<group>"; };
		CB0AED88232E5B080047A8A0 /* Today.swift */ = {isa = PBXFileReference; fileEncoding = 4; lastKnownFileType = sourcecode.swift; path = Today.swift; sourceTree = "<group>"; };
		CB0AED8D232E5BA80047A8A0 /* GoogleService-Info.plist */ = {isa = PBXFileReference; fileEncoding = 4; lastKnownFileType = text.plist.xml; path = "GoogleService-Info.plist"; sourceTree = "<group>"; };
		CB0AED8F232E5F1F0047A8A0 /* АлтГТУ.entitlements */ = {isa = PBXFileReference; lastKnownFileType = text.plist.entitlements; path = "АлтГТУ.entitlements"; sourceTree = "<group>"; };
		CB12E7ED23596F9E00115B2E /* ChatView.swift */ = {isa = PBXFileReference; fileEncoding = 4; lastKnownFileType = sourcecode.swift; path = ChatView.swift; sourceTree = "<group>"; };
		CB1F6DA82338DDB000604C50 /* LessonDetail.swift */ = {isa = PBXFileReference; lastKnownFileType = sourcecode.swift; path = LessonDetail.swift; sourceTree = "<group>"; };
		CB27619423556A470054C753 /* SessionWatch.swift */ = {isa = PBXFileReference; lastKnownFileType = sourcecode.swift; path = SessionWatch.swift; sourceTree = "<group>"; };
		CB276196235588820054C753 /* InfoApp.swift */ = {isa = PBXFileReference; lastKnownFileType = sourcecode.swift; path = InfoApp.swift; sourceTree = "<group>"; };
		CB2761992355A9A00054C753 /* LessonWatch.swift */ = {isa = PBXFileReference; lastKnownFileType = sourcecode.swift; path = LessonWatch.swift; sourceTree = "<group>"; };
		CB4B284123823FEC00E11A47 /* 27-loading.json */ = {isa = PBXFileReference; fileEncoding = 4; lastKnownFileType = text.json; path = "27-loading.json"; sourceTree = "<group>"; };
		CB4FA0102343960A0049D271 /* ProfileView.swift */ = {isa = PBXFileReference; fileEncoding = 4; lastKnownFileType = sourcecode.swift; path = ProfileView.swift; sourceTree = "<group>"; };
		CB4FA012234396110049D271 /* HeaderProfileView.swift */ = {isa = PBXFileReference; fileEncoding = 4; lastKnownFileType = sourcecode.swift; path = HeaderProfileView.swift; sourceTree = "<group>"; };
		CB5DE17F236AB98D001AC3E3 /* ListChat.swift */ = {isa = PBXFileReference; lastKnownFileType = sourcecode.swift; path = ListChat.swift; sourceTree = "<group>"; };
		CB6704EB23712F4000F875C3 /* LocalNotificationManager.swift */ = {isa = PBXFileReference; lastKnownFileType = sourcecode.swift; path = LocalNotificationManager.swift; sourceTree = "<group>"; };
		CB677796236046610019D6B6 /* NotificationCenter.framework */ = {isa = PBXFileReference; lastKnownFileType = wrapper.framework; name = NotificationCenter.framework; path = System/Library/Frameworks/NotificationCenter.framework; sourceTree = SDKROOT; };
		CB6777BD23604B680019D6B6 /* Расписание.appex */ = {isa = PBXFileReference; explicitFileType = "wrapper.app-extension"; includeInIndex = 0; path = "Расписание.appex"; sourceTree = BUILT_PRODUCTS_DIR; };
		CB6777C023604B680019D6B6 /* TodayViewController.swift */ = {isa = PBXFileReference; lastKnownFileType = sourcecode.swift; path = TodayViewController.swift; sourceTree = "<group>"; };
		CB6777C323604B680019D6B6 /* Base */ = {isa = PBXFileReference; lastKnownFileType = file.storyboard; name = Base; path = Base.lproj/MainInterface.storyboard; sourceTree = "<group>"; };
		CB6777C523604B680019D6B6 /* Info.plist */ = {isa = PBXFileReference; lastKnownFileType = text.plist.xml; path = Info.plist; sourceTree = "<group>"; };
		CB6D3F72235ADC6300E65661 /* CardView.swift */ = {isa = PBXFileReference; lastKnownFileType = sourcecode.swift; path = CardView.swift; sourceTree = "<group>"; };
		CB6D3F7A235B07CA00E65661 /* ModelNews.swift */ = {isa = PBXFileReference; lastKnownFileType = sourcecode.swift; path = ModelNews.swift; sourceTree = "<group>"; };
		CB6D3F7C235B0E6200E65661 /* NewsAPI.swift */ = {isa = PBXFileReference; lastKnownFileType = sourcecode.swift; path = NewsAPI.swift; sourceTree = "<group>"; };
		CB6D3F7E235B118200E65661 /* CardList.swift */ = {isa = PBXFileReference; lastKnownFileType = sourcecode.swift; path = CardList.swift; sourceTree = "<group>"; };
		CB6EBF462390276B00D9E771 /* License.swift */ = {isa = PBXFileReference; lastKnownFileType = sourcecode.swift; path = License.swift; sourceTree = "<group>"; };
		CB92273F2374036F00A4A3DB /* Расписание.entitlements */ = {isa = PBXFileReference; lastKnownFileType = text.plist.entitlements; path = "Расписание.entitlements"; sourceTree = "<group>"; };
		CB9BBDC9234C6BAE00F89529 /* ModelLesson.swift */ = {isa = PBXFileReference; lastKnownFileType = sourcecode.swift; path = ModelLesson.swift; sourceTree = "<group>"; };
		CB9BBDCB234C6DDC00F89529 /* APIService.swift */ = {isa = PBXFileReference; lastKnownFileType = sourcecode.swift; path = APIService.swift; sourceTree = "<group>"; };
		CBABB1292366F5420087AD18 /* MessageView.swift */ = {isa = PBXFileReference; fileEncoding = 4; lastKnownFileType = sourcecode.swift; path = MessageView.swift; sourceTree = "<group>"; };
		CBB13F0523584F9E00D98C83 /* ShareSheet.swift */ = {isa = PBXFileReference; lastKnownFileType = sourcecode.swift; path = ShareSheet.swift; sourceTree = "<group>"; };
		CBD896B32378FDEC008CF480 /* ActivityIndicator.swift */ = {isa = PBXFileReference; lastKnownFileType = sourcecode.swift; path = ActivityIndicator.swift; sourceTree = "<group>"; };
		CBDE629223520D2600E588EC /* ModelPicker.swift */ = {isa = PBXFileReference; lastKnownFileType = sourcecode.swift; path = ModelPicker.swift; sourceTree = "<group>"; };
		CBDE62942352129E00E588EC /* pickerAPI.swift */ = {isa = PBXFileReference; lastKnownFileType = sourcecode.swift; path = pickerAPI.swift; sourceTree = "<group>"; };
		CBE4F5512367DC8A00E4D0C6 /* SessionChat.swift */ = {isa = PBXFileReference; lastKnownFileType = sourcecode.swift; path = SessionChat.swift; sourceTree = "<group>"; };
		CBE665DB23543A1000C43811 /* altgtuWatchApp.app */ = {isa = PBXFileReference; explicitFileType = wrapper.application; includeInIndex = 0; path = altgtuWatchApp.app; sourceTree = BUILT_PRODUCTS_DIR; };
		CBE665DE23543A1000C43811 /* Base */ = {isa = PBXFileReference; lastKnownFileType = file.storyboard; name = Base; path = Base.lproj/Interface.storyboard; sourceTree = "<group>"; };
		CBE665E023543A1400C43811 /* Assets.xcassets */ = {isa = PBXFileReference; lastKnownFileType = folder.assetcatalog; path = Assets.xcassets; sourceTree = "<group>"; };
		CBE665E223543A1400C43811 /* Info.plist */ = {isa = PBXFileReference; lastKnownFileType = text.plist.xml; path = Info.plist; sourceTree = "<group>"; };
		CBE665E723543A1400C43811 /* altgtuWatchApp Extension.appex */ = {isa = PBXFileReference; explicitFileType = "wrapper.app-extension"; includeInIndex = 0; path = "altgtuWatchApp Extension.appex"; sourceTree = BUILT_PRODUCTS_DIR; };
		CBE665EC23543A1400C43811 /* LoginScreenWatch.swift */ = {isa = PBXFileReference; lastKnownFileType = sourcecode.swift; path = LoginScreenWatch.swift; sourceTree = "<group>"; };
		CBE665EE23543A1400C43811 /* HostingController.swift */ = {isa = PBXFileReference; lastKnownFileType = sourcecode.swift; path = HostingController.swift; sourceTree = "<group>"; };
		CBE665F023543A1400C43811 /* ExtensionDelegate.swift */ = {isa = PBXFileReference; lastKnownFileType = sourcecode.swift; path = ExtensionDelegate.swift; sourceTree = "<group>"; };
		CBE665F223543A1400C43811 /* NotificationController.swift */ = {isa = PBXFileReference; lastKnownFileType = sourcecode.swift; path = NotificationController.swift; sourceTree = "<group>"; };
		CBE665F423543A1400C43811 /* NotificationView.swift */ = {isa = PBXFileReference; lastKnownFileType = sourcecode.swift; path = NotificationView.swift; sourceTree = "<group>"; };
		CBE665F623543A1500C43811 /* Assets.xcassets */ = {isa = PBXFileReference; lastKnownFileType = folder.assetcatalog; path = Assets.xcassets; sourceTree = "<group>"; };
		CBE665F923543A1500C43811 /* Preview Assets.xcassets */ = {isa = PBXFileReference; lastKnownFileType = folder.assetcatalog; path = "Preview Assets.xcassets"; sourceTree = "<group>"; };
		CBE665FB23543A1500C43811 /* Info.plist */ = {isa = PBXFileReference; lastKnownFileType = text.plist.xml; path = Info.plist; sourceTree = "<group>"; };
		CBE665FC23543A1500C43811 /* PushNotificationPayload.apns */ = {isa = PBXFileReference; lastKnownFileType = text; path = PushNotificationPayload.apns; sourceTree = "<group>"; };
		CBF1E0D6233C6E250009E3BE /* ImagePicker.swift */ = {isa = PBXFileReference; lastKnownFileType = sourcecode.swift; path = ImagePicker.swift; sourceTree = "<group>"; };
/* End PBXFileReference section */

/* Begin PBXFrameworksBuildPhase section */
		C6328400BFC3FC0D3EC3D205 /* Frameworks */ = {
			isa = PBXFrameworksBuildPhase;
			buildActionMask = 2147483647;
			files = (
			);
			runOnlyForDeploymentPostprocessing = 0;
		};
		CB0AED36232E59A10047A8A0 /* Frameworks */ = {
			isa = PBXFrameworksBuildPhase;
			buildActionMask = 2147483647;
			files = (
				CBF1E0E5234211990009E3BE /* SwiftUICharts in Frameworks */,
				05C6726924FDCDF05CB2242B /* Pods_altgtu.framework in Frameworks */,
				CB1F6DAC2339F64E00604C50 /* URLImage in Frameworks */,
				CB6D3F71235AC6F200E65661 /* Lottie in Frameworks */,
				CB67779023603B7F0019D6B6 /* KeyboardObserving in Frameworks */,
			);
			runOnlyForDeploymentPostprocessing = 0;
		};
		CB6777BA23604B680019D6B6 /* Frameworks */ = {
			isa = PBXFrameworksBuildPhase;
			buildActionMask = 2147483647;
			files = (
				CB6777BE23604B680019D6B6 /* NotificationCenter.framework in Frameworks */,
			);
			runOnlyForDeploymentPostprocessing = 0;
		};
		CBE665E423543A1400C43811 /* Frameworks */ = {
			isa = PBXFrameworksBuildPhase;
			buildActionMask = 2147483647;
			files = (
				CBE6660923545C1200C43811 /* URLImage in Frameworks */,
				CBE6660B23545C1200C43811 /* SwiftUICharts in Frameworks */,
			);
			runOnlyForDeploymentPostprocessing = 0;
		};
/* End PBXFrameworksBuildPhase section */

/* Begin PBXGroup section */
		A5C050C90CA7ACA36D5E738D /* Frameworks */ = {
			isa = PBXGroup;
			children = (
				8BA63DDAF2F7D8929BFB2E7A /* Pods_altgtu.framework */,
				CB677796236046610019D6B6 /* NotificationCenter.framework */,
			);
			name = Frameworks;
			sourceTree = "<group>";
		};
		A95172305AFACAFD73D00422 /* Pods */ = {
			isa = PBXGroup;
			children = (
				35F13788DA4CEA2908B90C7E /* Pods-altgtu.debug.xcconfig */,
				AF22E3F9E3E8C9DC5EFA38C2 /* Pods-altgtu.release.xcconfig */,
			);
			path = Pods;
			sourceTree = "<group>";
		};
		CB0AED30232E59A10047A8A0 = {
			isa = PBXGroup;
			children = (
				CB0AED3B232E59A10047A8A0 /* altgtu */,
				CBE665DC23543A1000C43811 /* altgtuWatchApp */,
				CBE665EB23543A1400C43811 /* altgtuWatchApp Extension */,
				CB6777BF23604B680019D6B6 /* altgtuTodayWidget */,
				CB0AED3A232E59A10047A8A0 /* Products */,
				A95172305AFACAFD73D00422 /* Pods */,
				A5C050C90CA7ACA36D5E738D /* Frameworks */,
			);
			sourceTree = "<group>";
		};
		CB0AED3A232E59A10047A8A0 /* Products */ = {
			isa = PBXGroup;
			children = (
				CB0AED39232E59A10047A8A0 /* АлтГТУ.app */,
				CBE665DB23543A1000C43811 /* altgtuWatchApp.app */,
				CBE665E723543A1400C43811 /* altgtuWatchApp Extension.appex */,
				CB6777BD23604B680019D6B6 /* Расписание.appex */,
			);
			name = Products;
			sourceTree = "<group>";
		};
		CB0AED3B232E59A10047A8A0 /* altgtu */ = {
			isa = PBXGroup;
			children = (
				CB12E7EA23596F5400115B2E /* Support */,
				CB6704EA23712BB200F875C3 /* Notifications */,
				CB0AED88232E5B080047A8A0 /* Today.swift */,
				CB0AED87232E5B080047A8A0 /* Tabbed.swift */,
				CB28B8D92361459900A93F28 /* News */,
				CB12E7EB23596F7900115B2E /* Chat */,
				CB0AED82232E5AE90047A8A0 /* SplashScreen */,
				CB0AED7B232E5ACE0047A8A0 /* Lottie */,
				CB0AED72232E5AA80047A8A0 /* Login */,
				CB0AED6B232E5A840047A8A0 /* Profile */,
				CB0AED66232E5A680047A8A0 /* Lesson */,
				CBD896B22378FDAE008CF480 /* Extensions */,
				CB0AED45232E59A30047A8A0 /* Assets.xcassets */,
				CB0AED8D232E5BA80047A8A0 /* GoogleService-Info.plist */,
				CB0AED4A232E59A30047A8A0 /* LaunchScreen.storyboard */,
				CB0AED8F232E5F1F0047A8A0 /* АлтГТУ.entitlements */,
				CB0AED4D232E59A30047A8A0 /* Info.plist */,
				CB0AED40232E59A10047A8A0 /* altgtu.xcdatamodeld */,
				CB0AED47232E59A30047A8A0 /* Preview Content */,
			);
			path = altgtu;
			sourceTree = "<group>";
		};
		CB0AED47232E59A30047A8A0 /* Preview Content */ = {
			isa = PBXGroup;
			children = (
				CB0AED48232E59A30047A8A0 /* Preview Assets.xcassets */,
			);
			path = "Preview Content";
			sourceTree = "<group>";
		};
		CB0AED66232E5A680047A8A0 /* Lesson */ = {
			isa = PBXGroup;
			children = (
				CB0AED68232E5A7B0047A8A0 /* Lesson.swift */,
				CB0AED67232E5A7B0047A8A0 /* LessonList.swift */,
				CB1F6DA82338DDB000604C50 /* LessonDetail.swift */,
				CB9BBDC9234C6BAE00F89529 /* ModelLesson.swift */,
				CB9BBDCB234C6DDC00F89529 /* APIService.swift */,
			);
			path = Lesson;
			sourceTree = "<group>";
		};
		CB0AED6B232E5A840047A8A0 /* Profile */ = {
			isa = PBXGroup;
			children = (
				CB4FA0102343960A0049D271 /* ProfileView.swift */,
				CB4FA012234396110049D271 /* HeaderProfileView.swift */,
				CBDE629223520D2600E588EC /* ModelPicker.swift */,
				CBDE62942352129E00E588EC /* pickerAPI.swift */,
				CB276196235588820054C753 /* InfoApp.swift */,
				CB6EBF462390276B00D9E771 /* License.swift */,
			);
			path = Profile;
			sourceTree = "<group>";
		};
		CB0AED72232E5AA80047A8A0 /* Login */ = {
			isa = PBXGroup;
			children = (
				CB0AED56232E5A210047A8A0 /* ContentView.swift */,
				CB0AED76232E5AC50047A8A0 /* LoginScreen.swift */,
				CB0AED75232E5AC50047A8A0 /* Session.swift */,
			);
			path = Login;
			sourceTree = "<group>";
		};
		CB0AED7B232E5ACE0047A8A0 /* Lottie */ = {
			isa = PBXGroup;
			children = (
				CB4B284123823FEC00E11A47 /* 27-loading.json */,
				CB0AED7C232E5AE20047A8A0 /* LottieView.swift */,
			);
			path = Lottie;
			sourceTree = "<group>";
		};
		CB0AED82232E5AE90047A8A0 /* SplashScreen */ = {
			isa = PBXGroup;
			children = (
				CB0AED83232E5AF90047A8A0 /* SplashScreen.swift */,
			);
			path = SplashScreen;
			sourceTree = "<group>";
		};
		CB12E7EA23596F5400115B2E /* Support */ = {
			isa = PBXGroup;
			children = (
				CB0AED3C232E59A10047A8A0 /* AppDelegate.swift */,
				CB0AED3E232E59A10047A8A0 /* SceneDelegate.swift */,
			);
			path = Support;
			sourceTree = "<group>";
		};
		CB12E7EB23596F7900115B2E /* Chat */ = {
			isa = PBXGroup;
			children = (
				CB12E7ED23596F9E00115B2E /* ChatView.swift */,
				CBABB1292366F5420087AD18 /* MessageView.swift */,
				CBE4F5512367DC8A00E4D0C6 /* SessionChat.swift */,
				CB5DE17F236AB98D001AC3E3 /* ListChat.swift */,
			);
			path = Chat;
			sourceTree = "<group>";
		};
		CB27619323556A1F0054C753 /* Login */ = {
			isa = PBXGroup;
			children = (
				CBE665EC23543A1400C43811 /* LoginScreenWatch.swift */,
				CB27619423556A470054C753 /* SessionWatch.swift */,
			);
			path = Login;
			sourceTree = "<group>";
		};
		CB2761982355A9730054C753 /* Lesson */ = {
			isa = PBXGroup;
			children = (
				CB2761992355A9A00054C753 /* LessonWatch.swift */,
			);
			path = Lesson;
			sourceTree = "<group>";
		};
		CB28B8D92361459900A93F28 /* News */ = {
			isa = PBXGroup;
			children = (
				CB6EBF4A23975B8F00D9E771 /* Models */,
				CB6D3F72235ADC6300E65661 /* CardView.swift */,
				CB6D3F7E235B118200E65661 /* CardList.swift */,
				CB6D3F7C235B0E6200E65661 /* NewsAPI.swift */,
			);
			path = News;
			sourceTree = "<group>";
		};
		CB6704EA23712BB200F875C3 /* Notifications */ = {
			isa = PBXGroup;
			children = (
				CB6704EB23712F4000F875C3 /* LocalNotificationManager.swift */,
			);
			path = Notifications;
			sourceTree = "<group>";
		};
		CB6777BF23604B680019D6B6 /* altgtuTodayWidget */ = {
			isa = PBXGroup;
			children = (
				CB92273F2374036F00A4A3DB /* Расписание.entitlements */,
				CB6777C023604B680019D6B6 /* TodayViewController.swift */,
				CB6777C223604B680019D6B6 /* MainInterface.storyboard */,
				CB6777C523604B680019D6B6 /* Info.plist */,
			);
			path = altgtuTodayWidget;
			sourceTree = "<group>";
		};
		CB6EBF4A23975B8F00D9E771 /* Models */ = {
			isa = PBXGroup;
			children = (
				CB6D3F7A235B07CA00E65661 /* ModelNews.swift */,
			);
			path = Models;
			sourceTree = "<group>";
		};
		CBD896B22378FDAE008CF480 /* Extensions */ = {
			isa = PBXGroup;
			children = (
				CB0AED74232E5AC50047A8A0 /* CustomButton.swift */,
				CB0AED73232E5AC50047A8A0 /* CustomInput.swift */,
				CBF1E0D6233C6E250009E3BE /* ImagePicker.swift */,
				CBB13F0523584F9E00D98C83 /* ShareSheet.swift */,
				CBD896B32378FDEC008CF480 /* ActivityIndicator.swift */,
			);
			path = Extensions;
			sourceTree = "<group>";
		};
		CBE665DC23543A1000C43811 /* altgtuWatchApp */ = {
			isa = PBXGroup;
			children = (
				CBE665DD23543A1000C43811 /* Interface.storyboard */,
				CBE665E023543A1400C43811 /* Assets.xcassets */,
				CBE665E223543A1400C43811 /* Info.plist */,
			);
			path = altgtuWatchApp;
			sourceTree = "<group>";
		};
		CBE665EB23543A1400C43811 /* altgtuWatchApp Extension */ = {
			isa = PBXGroup;
			children = (
				CB2761982355A9730054C753 /* Lesson */,
				CB27619323556A1F0054C753 /* Login */,
				CBE665EE23543A1400C43811 /* HostingController.swift */,
				CBE665F023543A1400C43811 /* ExtensionDelegate.swift */,
				CBE665F223543A1400C43811 /* NotificationController.swift */,
				CBE665F423543A1400C43811 /* NotificationView.swift */,
				CBE665F623543A1500C43811 /* Assets.xcassets */,
				CBE665FB23543A1500C43811 /* Info.plist */,
				CBE665FC23543A1500C43811 /* PushNotificationPayload.apns */,
				CBE665F823543A1500C43811 /* Preview Content */,
			);
			path = "altgtuWatchApp Extension";
			sourceTree = "<group>";
		};
		CBE665F823543A1500C43811 /* Preview Content */ = {
			isa = PBXGroup;
			children = (
				CBE665F923543A1500C43811 /* Preview Assets.xcassets */,
			);
			path = "Preview Content";
			sourceTree = "<group>";
		};
/* End PBXGroup section */

/* Begin PBXNativeTarget section */
		CB0AED38232E59A10047A8A0 /* altgtu */ = {
			isa = PBXNativeTarget;
			buildConfigurationList = CB0AED50232E59A30047A8A0 /* Build configuration list for PBXNativeTarget "altgtu" */;
			buildPhases = (
				EC4ADE232421431A244A74BE /* [CP] Check Pods Manifest.lock */,
				CB0AED35232E59A10047A8A0 /* Sources */,
				CB0AED36232E59A10047A8A0 /* Frameworks */,
				CB0AED37232E59A10047A8A0 /* Resources */,
				7674E8C86BF4E9E78518AB40 /* [CP] Embed Pods Frameworks */,
				CB25040C23505E1600D2E41A /* Embed Watch Content */,
				CB6777A5236046610019D6B6 /* Embed App Extensions */,
			);
			buildRules = (
			);
			dependencies = (
				CBE665FE23543A1500C43811 /* PBXTargetDependency */,
				CB6777C723604B680019D6B6 /* PBXTargetDependency */,
			);
			name = altgtu;
			packageProductDependencies = (
				CB1F6DAB2339F64E00604C50 /* URLImage */,
				CBF1E0E4234211990009E3BE /* SwiftUICharts */,
				CB6D3F70235AC6F200E65661 /* Lottie */,
				CB67778F23603B7F0019D6B6 /* KeyboardObserving */,
			);
			productName = altgtu;
			productReference = CB0AED39232E59A10047A8A0 /* АлтГТУ.app */;
			productType = "com.apple.product-type.application";
		};
		CB6777BC23604B680019D6B6 /* altgtuTodayWidget */ = {
			isa = PBXNativeTarget;
			buildConfigurationList = CB6777C923604B680019D6B6 /* Build configuration list for PBXNativeTarget "altgtuTodayWidget" */;
			buildPhases = (
				CB6777B923604B680019D6B6 /* Sources */,
				CB6777BA23604B680019D6B6 /* Frameworks */,
				CB6777BB23604B680019D6B6 /* Resources */,
			);
			buildRules = (
			);
			dependencies = (
			);
			name = altgtuTodayWidget;
			productName = altgtuTodayWidget;
			productReference = CB6777BD23604B680019D6B6 /* Расписание.appex */;
			productType = "com.apple.product-type.app-extension";
		};
		CBE665DA23543A1000C43811 /* altgtuWatchApp */ = {
			isa = PBXNativeTarget;
			buildConfigurationList = CBE6660423543A1500C43811 /* Build configuration list for PBXNativeTarget "altgtuWatchApp" */;
			buildPhases = (
				CBE665D923543A1000C43811 /* Resources */,
				CBE6660323543A1500C43811 /* Embed App Extensions */,
				C6328400BFC3FC0D3EC3D205 /* Frameworks */,
			);
			buildRules = (
			);
			dependencies = (
				CBE665EA23543A1400C43811 /* PBXTargetDependency */,
			);
			name = altgtuWatchApp;
			productName = altgtuWatchApp;
			productReference = CBE665DB23543A1000C43811 /* altgtuWatchApp.app */;
			productType = "com.apple.product-type.application.watchapp2";
		};
		CBE665E623543A1400C43811 /* altgtuWatchApp Extension */ = {
			isa = PBXNativeTarget;
			buildConfigurationList = CBE6660023543A1500C43811 /* Build configuration list for PBXNativeTarget "altgtuWatchApp Extension" */;
			buildPhases = (
				CBE665E323543A1400C43811 /* Sources */,
				CBE665E423543A1400C43811 /* Frameworks */,
				CBE665E523543A1400C43811 /* Resources */,
			);
			buildRules = (
			);
			dependencies = (
			);
			name = "altgtuWatchApp Extension";
			packageProductDependencies = (
				CBE6660823545C1200C43811 /* URLImage */,
				CBE6660A23545C1200C43811 /* SwiftUICharts */,
			);
			productName = "altgtuWatchApp Extension";
			productReference = CBE665E723543A1400C43811 /* altgtuWatchApp Extension.appex */;
			productType = "com.apple.product-type.watchkit2-extension";
		};
/* End PBXNativeTarget section */

/* Begin PBXProject section */
		CB0AED31232E59A10047A8A0 /* Project object */ = {
			isa = PBXProject;
			attributes = {
				LastSwiftUpdateCheck = 1120;
				LastUpgradeCheck = 1100;
				ORGANIZATIONNAME = "Dmitriy Lisin";
				TargetAttributes = {
					CB0AED38232E59A10047A8A0 = {
						CreatedOnToolsVersion = 11.0;
					};
					CB6777BC23604B680019D6B6 = {
						CreatedOnToolsVersion = 11.2;
					};
					CBE665DA23543A1000C43811 = {
						CreatedOnToolsVersion = 11.2;
					};
					CBE665E623543A1400C43811 = {
						CreatedOnToolsVersion = 11.2;
					};
				};
			};
			buildConfigurationList = CB0AED34232E59A10047A8A0 /* Build configuration list for PBXProject "altgtu" */;
			compatibilityVersion = "Xcode 11.0";
			developmentRegion = en;
			hasScannedForEncodings = 0;
			knownRegions = (
				en,
				Base,
			);
			mainGroup = CB0AED30232E59A10047A8A0;
			packageReferences = (
				CB1F6DAA2339F64E00604C50 /* XCRemoteSwiftPackageReference "url-image" */,
				CBF1E0E3234211990009E3BE /* XCRemoteSwiftPackageReference "ChartView" */,
				CB6D3F6F235AC6F200E65661 /* XCRemoteSwiftPackageReference "lottie-ios" */,
				CB67778E23603B7F0019D6B6 /* XCRemoteSwiftPackageReference "KeyboardObserving" */,
			);
			productRefGroup = CB0AED3A232E59A10047A8A0 /* Products */;
			projectDirPath = "";
			projectRoot = "";
			targets = (
				CB0AED38232E59A10047A8A0 /* altgtu */,
				CBE665DA23543A1000C43811 /* altgtuWatchApp */,
				CBE665E623543A1400C43811 /* altgtuWatchApp Extension */,
				CB6777BC23604B680019D6B6 /* altgtuTodayWidget */,
			);
		};
/* End PBXProject section */

/* Begin PBXResourcesBuildPhase section */
		CB0AED37232E59A10047A8A0 /* Resources */ = {
			isa = PBXResourcesBuildPhase;
			buildActionMask = 2147483647;
			files = (
				CB0AED4C232E59A30047A8A0 /* LaunchScreen.storyboard in Resources */,
				CB4B284223823FED00E11A47 /* 27-loading.json in Resources */,
				CB0AED49232E59A30047A8A0 /* Preview Assets.xcassets in Resources */,
				CB0AED46232E59A30047A8A0 /* Assets.xcassets in Resources */,
				CB0AED8E232E5BA80047A8A0 /* GoogleService-Info.plist in Resources */,
			);
			runOnlyForDeploymentPostprocessing = 0;
		};
		CB6777BB23604B680019D6B6 /* Resources */ = {
			isa = PBXResourcesBuildPhase;
			buildActionMask = 2147483647;
			files = (
				CB6777C423604B680019D6B6 /* MainInterface.storyboard in Resources */,
			);
			runOnlyForDeploymentPostprocessing = 0;
		};
		CBE665D923543A1000C43811 /* Resources */ = {
			isa = PBXResourcesBuildPhase;
			buildActionMask = 2147483647;
			files = (
				CBE665E123543A1400C43811 /* Assets.xcassets in Resources */,
				CBE665DF23543A1000C43811 /* Interface.storyboard in Resources */,
			);
			runOnlyForDeploymentPostprocessing = 0;
		};
		CBE665E523543A1400C43811 /* Resources */ = {
			isa = PBXResourcesBuildPhase;
			buildActionMask = 2147483647;
			files = (
				CBE665FA23543A1500C43811 /* Preview Assets.xcassets in Resources */,
				CBE665F723543A1500C43811 /* Assets.xcassets in Resources */,
			);
			runOnlyForDeploymentPostprocessing = 0;
		};
/* End PBXResourcesBuildPhase section */

/* Begin PBXShellScriptBuildPhase section */
		7674E8C86BF4E9E78518AB40 /* [CP] Embed Pods Frameworks */ = {
			isa = PBXShellScriptBuildPhase;
			buildActionMask = 2147483647;
			files = (
			);
			inputFileListPaths = (
				"${PODS_ROOT}/Target Support Files/Pods-altgtu/Pods-altgtu-frameworks-${CONFIGURATION}-input-files.xcfilelist",
			);
			name = "[CP] Embed Pods Frameworks";
			outputFileListPaths = (
				"${PODS_ROOT}/Target Support Files/Pods-altgtu/Pods-altgtu-frameworks-${CONFIGURATION}-output-files.xcfilelist",
			);
			runOnlyForDeploymentPostprocessing = 0;
			shellPath = /bin/sh;
			shellScript = "\"${PODS_ROOT}/Target Support Files/Pods-altgtu/Pods-altgtu-frameworks.sh\"\n";
			showEnvVarsInLog = 0;
		};
		EC4ADE232421431A244A74BE /* [CP] Check Pods Manifest.lock */ = {
			isa = PBXShellScriptBuildPhase;
			buildActionMask = 2147483647;
			files = (
			);
			inputFileListPaths = (
			);
			inputPaths = (
				"${PODS_PODFILE_DIR_PATH}/Podfile.lock",
				"${PODS_ROOT}/Manifest.lock",
			);
			name = "[CP] Check Pods Manifest.lock";
			outputFileListPaths = (
			);
			outputPaths = (
				"$(DERIVED_FILE_DIR)/Pods-altgtu-checkManifestLockResult.txt",
			);
			runOnlyForDeploymentPostprocessing = 0;
			shellPath = /bin/sh;
			shellScript = "diff \"${PODS_PODFILE_DIR_PATH}/Podfile.lock\" \"${PODS_ROOT}/Manifest.lock\" > /dev/null\nif [ $? != 0 ] ; then\n    # print error to STDERR\n    echo \"error: The sandbox is not in sync with the Podfile.lock. Run 'pod install' or update your CocoaPods installation.\" >&2\n    exit 1\nfi\n# This output is used by Xcode 'outputs' to avoid re-running this script phase.\necho \"SUCCESS\" > \"${SCRIPT_OUTPUT_FILE_0}\"\n";
			showEnvVarsInLog = 0;
		};
/* End PBXShellScriptBuildPhase section */

/* Begin PBXSourcesBuildPhase section */
		CB0AED35232E59A10047A8A0 /* Sources */ = {
			isa = PBXSourcesBuildPhase;
			buildActionMask = 2147483647;
			files = (
				CBDE62952352129E00E588EC /* pickerAPI.swift in Sources */,
				CB6D3F7F235B118200E65661 /* CardList.swift in Sources */,
				CB0AED7A232E5AC50047A8A0 /* LoginScreen.swift in Sources */,
				CB276197235588820054C753 /* InfoApp.swift in Sources */,
				CB12E7EE23596F9E00115B2E /* ChatView.swift in Sources */,
				CB0AED69232E5A7B0047A8A0 /* LessonList.swift in Sources */,
				CB6704EC23712F4000F875C3 /* LocalNotificationManager.swift in Sources */,
				CB6EBF472390276B00D9E771 /* License.swift in Sources */,
				CB0AED3D232E59A10047A8A0 /* AppDelegate.swift in Sources */,
				CB0AED8A232E5B080047A8A0 /* Tabbed.swift in Sources */,
				CB0AED42232E59A10047A8A0 /* altgtu.xcdatamodeld in Sources */,
				CBD896B42378FDEC008CF480 /* ActivityIndicator.swift in Sources */,
				CB0AED6A232E5A7B0047A8A0 /* Lesson.swift in Sources */,
				CB0AED78232E5AC50047A8A0 /* CustomButton.swift in Sources */,
				CBABB12A2366F5420087AD18 /* MessageView.swift in Sources */,
				CB0AED79232E5AC50047A8A0 /* Session.swift in Sources */,
				CB0AED8B232E5B080047A8A0 /* Today.swift in Sources */,
				CB4FA013234396110049D271 /* HeaderProfileView.swift in Sources */,
				CB6D3F73235ADC6300E65661 /* CardView.swift in Sources */,
				CBE4F5522367DC8A00E4D0C6 /* SessionChat.swift in Sources */,
				CB0AED5F232E5A210047A8A0 /* ContentView.swift in Sources */,
				CB6D3F7B235B07CA00E65661 /* ModelNews.swift in Sources */,
				CBB13F0623584F9E00D98C83 /* ShareSheet.swift in Sources */,
				CB0AED85232E5AF90047A8A0 /* SplashScreen.swift in Sources */,
				CB5DE180236AB98D001AC3E3 /* ListChat.swift in Sources */,
				CB1F6DA92338DDB000604C50 /* LessonDetail.swift in Sources */,
				CB0AED7F232E5AE20047A8A0 /* LottieView.swift in Sources */,
				CBF1E0D7233C6E250009E3BE /* ImagePicker.swift in Sources */,
				CB9BBDCC234C6DDC00F89529 /* APIService.swift in Sources */,
				CBDE629323520D2600E588EC /* ModelPicker.swift in Sources */,
				CB0AED3F232E59A10047A8A0 /* SceneDelegate.swift in Sources */,
				CB9BBDCA234C6BAE00F89529 /* ModelLesson.swift in Sources */,
				CB4FA0112343960A0049D271 /* ProfileView.swift in Sources */,
				CB0AED77232E5AC50047A8A0 /* CustomInput.swift in Sources */,
				CB6D3F7D235B0E6200E65661 /* NewsAPI.swift in Sources */,
			);
			runOnlyForDeploymentPostprocessing = 0;
		};
		CB6777B923604B680019D6B6 /* Sources */ = {
			isa = PBXSourcesBuildPhase;
			buildActionMask = 2147483647;
			files = (
				CB6777C123604B680019D6B6 /* TodayViewController.swift in Sources */,
			);
			runOnlyForDeploymentPostprocessing = 0;
		};
		CBE665E323543A1400C43811 /* Sources */ = {
			isa = PBXSourcesBuildPhase;
			buildActionMask = 2147483647;
			files = (
				CB27619523556A470054C753 /* SessionWatch.swift in Sources */,
				CB27619A2355A9A00054C753 /* LessonWatch.swift in Sources */,
				CBE665EF23543A1400C43811 /* HostingController.swift in Sources */,
				CBE665ED23543A1400C43811 /* LoginScreenWatch.swift in Sources */,
				CBE665F323543A1400C43811 /* NotificationController.swift in Sources */,
				CBE665F123543A1400C43811 /* ExtensionDelegate.swift in Sources */,
				CBE665F523543A1400C43811 /* NotificationView.swift in Sources */,
			);
			runOnlyForDeploymentPostprocessing = 0;
		};
/* End PBXSourcesBuildPhase section */

/* Begin PBXTargetDependency section */
		CB6777C723604B680019D6B6 /* PBXTargetDependency */ = {
			isa = PBXTargetDependency;
			platformFilter = ios;
			target = CB6777BC23604B680019D6B6 /* altgtuTodayWidget */;
			targetProxy = CB6777C623604B680019D6B6 /* PBXContainerItemProxy */;
		};
		CBE665EA23543A1400C43811 /* PBXTargetDependency */ = {
			isa = PBXTargetDependency;
			target = CBE665E623543A1400C43811 /* altgtuWatchApp Extension */;
			targetProxy = CBE665E923543A1400C43811 /* PBXContainerItemProxy */;
		};
		CBE665FE23543A1500C43811 /* PBXTargetDependency */ = {
			isa = PBXTargetDependency;
			platformFilter = ios;
			target = CBE665DA23543A1000C43811 /* altgtuWatchApp */;
			targetProxy = CBE665FD23543A1500C43811 /* PBXContainerItemProxy */;
		};
/* End PBXTargetDependency section */

/* Begin PBXVariantGroup section */
		CB0AED4A232E59A30047A8A0 /* LaunchScreen.storyboard */ = {
			isa = PBXVariantGroup;
			children = (
				CB0AED4B232E59A30047A8A0 /* Base */,
			);
			name = LaunchScreen.storyboard;
			sourceTree = "<group>";
		};
		CB6777C223604B680019D6B6 /* MainInterface.storyboard */ = {
			isa = PBXVariantGroup;
			children = (
				CB6777C323604B680019D6B6 /* Base */,
			);
			name = MainInterface.storyboard;
			sourceTree = "<group>";
		};
		CBE665DD23543A1000C43811 /* Interface.storyboard */ = {
			isa = PBXVariantGroup;
			children = (
				CBE665DE23543A1000C43811 /* Base */,
			);
			name = Interface.storyboard;
			sourceTree = "<group>";
		};
/* End PBXVariantGroup section */

/* Begin XCBuildConfiguration section */
		CB0AED4E232E59A30047A8A0 /* Debug */ = {
			isa = XCBuildConfiguration;
			buildSettings = {
				ALWAYS_SEARCH_USER_PATHS = NO;
				CLANG_ANALYZER_NONNULL = YES;
				CLANG_ANALYZER_NUMBER_OBJECT_CONVERSION = YES_AGGRESSIVE;
				CLANG_CXX_LANGUAGE_STANDARD = "gnu++14";
				CLANG_CXX_LIBRARY = "libc++";
				CLANG_ENABLE_MODULES = YES;
				CLANG_ENABLE_OBJC_ARC = YES;
				CLANG_ENABLE_OBJC_WEAK = YES;
				CLANG_WARN_BLOCK_CAPTURE_AUTORELEASING = YES;
				CLANG_WARN_BOOL_CONVERSION = YES;
				CLANG_WARN_COMMA = YES;
				CLANG_WARN_CONSTANT_CONVERSION = YES;
				CLANG_WARN_DEPRECATED_OBJC_IMPLEMENTATIONS = YES;
				CLANG_WARN_DIRECT_OBJC_ISA_USAGE = YES_ERROR;
				CLANG_WARN_DOCUMENTATION_COMMENTS = YES;
				CLANG_WARN_EMPTY_BODY = YES;
				CLANG_WARN_ENUM_CONVERSION = YES;
				CLANG_WARN_INFINITE_RECURSION = YES;
				CLANG_WARN_INT_CONVERSION = YES;
				CLANG_WARN_NON_LITERAL_NULL_CONVERSION = YES;
				CLANG_WARN_OBJC_IMPLICIT_RETAIN_SELF = YES;
				CLANG_WARN_OBJC_LITERAL_CONVERSION = YES;
				CLANG_WARN_OBJC_ROOT_CLASS = YES_ERROR;
				CLANG_WARN_RANGE_LOOP_ANALYSIS = YES;
				CLANG_WARN_STRICT_PROTOTYPES = YES;
				CLANG_WARN_SUSPICIOUS_MOVE = YES;
				CLANG_WARN_UNGUARDED_AVAILABILITY = YES_AGGRESSIVE;
				CLANG_WARN_UNREACHABLE_CODE = YES;
				CLANG_WARN__DUPLICATE_METHOD_MATCH = YES;
				COPY_PHASE_STRIP = NO;
				DEBUG_INFORMATION_FORMAT = dwarf;
				ENABLE_STRICT_OBJC_MSGSEND = YES;
				ENABLE_TESTABILITY = YES;
				GCC_C_LANGUAGE_STANDARD = gnu11;
				GCC_DYNAMIC_NO_PIC = NO;
				GCC_NO_COMMON_BLOCKS = YES;
				GCC_OPTIMIZATION_LEVEL = 0;
				GCC_PREPROCESSOR_DEFINITIONS = (
					"DEBUG=1",
					"$(inherited)",
				);
				GCC_WARN_64_TO_32_BIT_CONVERSION = YES;
				GCC_WARN_ABOUT_RETURN_TYPE = YES_ERROR;
				GCC_WARN_UNDECLARED_SELECTOR = YES;
				GCC_WARN_UNINITIALIZED_AUTOS = YES_AGGRESSIVE;
				GCC_WARN_UNUSED_FUNCTION = YES;
				GCC_WARN_UNUSED_VARIABLE = YES;
				IPHONEOS_DEPLOYMENT_TARGET = 13.2;
				MTL_ENABLE_DEBUG_INFO = INCLUDE_SOURCE;
				MTL_FAST_MATH = YES;
				ONLY_ACTIVE_ARCH = YES;
				SDKROOT = iphoneos;
				SWIFT_ACTIVE_COMPILATION_CONDITIONS = DEBUG;
				SWIFT_OPTIMIZATION_LEVEL = "-Onone";
			};
			name = Debug;
		};
		CB0AED4F232E59A30047A8A0 /* Release */ = {
			isa = XCBuildConfiguration;
			buildSettings = {
				ALWAYS_SEARCH_USER_PATHS = NO;
				CLANG_ANALYZER_NONNULL = YES;
				CLANG_ANALYZER_NUMBER_OBJECT_CONVERSION = YES_AGGRESSIVE;
				CLANG_CXX_LANGUAGE_STANDARD = "gnu++14";
				CLANG_CXX_LIBRARY = "libc++";
				CLANG_ENABLE_MODULES = YES;
				CLANG_ENABLE_OBJC_ARC = YES;
				CLANG_ENABLE_OBJC_WEAK = YES;
				CLANG_WARN_BLOCK_CAPTURE_AUTORELEASING = YES;
				CLANG_WARN_BOOL_CONVERSION = YES;
				CLANG_WARN_COMMA = YES;
				CLANG_WARN_CONSTANT_CONVERSION = YES;
				CLANG_WARN_DEPRECATED_OBJC_IMPLEMENTATIONS = YES;
				CLANG_WARN_DIRECT_OBJC_ISA_USAGE = YES_ERROR;
				CLANG_WARN_DOCUMENTATION_COMMENTS = YES;
				CLANG_WARN_EMPTY_BODY = YES;
				CLANG_WARN_ENUM_CONVERSION = YES;
				CLANG_WARN_INFINITE_RECURSION = YES;
				CLANG_WARN_INT_CONVERSION = YES;
				CLANG_WARN_NON_LITERAL_NULL_CONVERSION = YES;
				CLANG_WARN_OBJC_IMPLICIT_RETAIN_SELF = YES;
				CLANG_WARN_OBJC_LITERAL_CONVERSION = YES;
				CLANG_WARN_OBJC_ROOT_CLASS = YES_ERROR;
				CLANG_WARN_RANGE_LOOP_ANALYSIS = YES;
				CLANG_WARN_STRICT_PROTOTYPES = YES;
				CLANG_WARN_SUSPICIOUS_MOVE = YES;
				CLANG_WARN_UNGUARDED_AVAILABILITY = YES_AGGRESSIVE;
				CLANG_WARN_UNREACHABLE_CODE = YES;
				CLANG_WARN__DUPLICATE_METHOD_MATCH = YES;
				COPY_PHASE_STRIP = NO;
				DEBUG_INFORMATION_FORMAT = "dwarf-with-dsym";
				ENABLE_NS_ASSERTIONS = NO;
				ENABLE_STRICT_OBJC_MSGSEND = YES;
				GCC_C_LANGUAGE_STANDARD = gnu11;
				GCC_NO_COMMON_BLOCKS = YES;
				GCC_WARN_64_TO_32_BIT_CONVERSION = YES;
				GCC_WARN_ABOUT_RETURN_TYPE = YES_ERROR;
				GCC_WARN_UNDECLARED_SELECTOR = YES;
				GCC_WARN_UNINITIALIZED_AUTOS = YES_AGGRESSIVE;
				GCC_WARN_UNUSED_FUNCTION = YES;
				GCC_WARN_UNUSED_VARIABLE = YES;
				IPHONEOS_DEPLOYMENT_TARGET = 13.2;
				MTL_ENABLE_DEBUG_INFO = NO;
				MTL_FAST_MATH = YES;
				SDKROOT = iphoneos;
				SWIFT_COMPILATION_MODE = wholemodule;
				SWIFT_OPTIMIZATION_LEVEL = "-O";
				VALIDATE_PRODUCT = YES;
			};
			name = Release;
		};
		CB0AED51232E59A30047A8A0 /* Debug */ = {
			isa = XCBuildConfiguration;
			baseConfigurationReference = 35F13788DA4CEA2908B90C7E /* Pods-altgtu.debug.xcconfig */;
			buildSettings = {
				ALWAYS_EMBED_SWIFT_STANDARD_LIBRARIES = YES;
				ASSETCATALOG_COMPILER_APPICON_NAME = AppIcon;
				CODE_SIGN_ENTITLEMENTS = "altgtu/АлтГТУ.entitlements";
				CODE_SIGN_STYLE = Automatic;
				CURRENT_PROJECT_VERSION = 2;
				DERIVE_MACCATALYST_PRODUCT_BUNDLE_IDENTIFIER = YES;
				DEVELOPMENT_ASSET_PATHS = "\"altgtu/Preview Content\"";
				DEVELOPMENT_TEAM = 48HFZR3X8K;
				ENABLE_PREVIEWS = YES;
				INFOPLIST_FILE = altgtu/Info.plist;
				LD_RUNPATH_SEARCH_PATHS = (
					"$(inherited)",
					"@executable_path/Frameworks",
				);
				MARKETING_VERSION = 0.2;
				PRODUCT_BUNDLE_IDENTIFIER = com.darkfox.altgtu;
				PRODUCT_NAME = "АлтГТУ";
				SUPPORTS_MACCATALYST = YES;
				SWIFT_VERSION = 5.0;
				TARGETED_DEVICE_FAMILY = "1,2";
			};
			name = Debug;
		};
		CB0AED52232E59A30047A8A0 /* Release */ = {
			isa = XCBuildConfiguration;
			baseConfigurationReference = AF22E3F9E3E8C9DC5EFA38C2 /* Pods-altgtu.release.xcconfig */;
			buildSettings = {
				ALWAYS_EMBED_SWIFT_STANDARD_LIBRARIES = YES;
				ASSETCATALOG_COMPILER_APPICON_NAME = AppIcon;
				CODE_SIGN_ENTITLEMENTS = "altgtu/АлтГТУ.entitlements";
				CODE_SIGN_STYLE = Automatic;
				CURRENT_PROJECT_VERSION = 2;
				DERIVE_MACCATALYST_PRODUCT_BUNDLE_IDENTIFIER = YES;
				DEVELOPMENT_ASSET_PATHS = "\"altgtu/Preview Content\"";
				DEVELOPMENT_TEAM = 48HFZR3X8K;
				ENABLE_PREVIEWS = YES;
				INFOPLIST_FILE = altgtu/Info.plist;
				LD_RUNPATH_SEARCH_PATHS = (
					"$(inherited)",
					"@executable_path/Frameworks",
				);
				MARKETING_VERSION = 0.2;
				PRODUCT_BUNDLE_IDENTIFIER = com.darkfox.altgtu;
				PRODUCT_NAME = "АлтГТУ";
				SUPPORTS_MACCATALYST = YES;
				SWIFT_VERSION = 5.0;
				TARGETED_DEVICE_FAMILY = "1,2";
			};
			name = Release;
		};
		CB6777CA23604B680019D6B6 /* Debug */ = {
			isa = XCBuildConfiguration;
			buildSettings = {
				CODE_SIGN_ENTITLEMENTS = "altgtuTodayWidget/Расписание.entitlements";
				CODE_SIGN_STYLE = Automatic;
				CURRENT_PROJECT_VERSION = 2;
				DEVELOPMENT_TEAM = 48HFZR3X8K;
				INFOPLIST_FILE = altgtuTodayWidget/Info.plist;
				LD_RUNPATH_SEARCH_PATHS = (
					"$(inherited)",
					"@executable_path/Frameworks",
					"@executable_path/../../Frameworks",
				);
				MARKETING_VERSION = 0.2;
				PRODUCT_BUNDLE_IDENTIFIER = com.darkfox.altgtu.altgtuTodayWidget;
				PRODUCT_NAME = "Расписание";
				SKIP_INSTALL = YES;
				SUPPORTS_MACCATALYST = NO;
				SWIFT_VERSION = 5.0;
				TARGETED_DEVICE_FAMILY = "1,2";
			};
			name = Debug;
		};
		CB6777CB23604B680019D6B6 /* Release */ = {
			isa = XCBuildConfiguration;
			buildSettings = {
				CODE_SIGN_ENTITLEMENTS = "altgtuTodayWidget/Расписание.entitlements";
				CODE_SIGN_STYLE = Automatic;
				CURRENT_PROJECT_VERSION = 2;
				DEVELOPMENT_TEAM = 48HFZR3X8K;
				INFOPLIST_FILE = altgtuTodayWidget/Info.plist;
				LD_RUNPATH_SEARCH_PATHS = (
					"$(inherited)",
					"@executable_path/Frameworks",
					"@executable_path/../../Frameworks",
				);
				MARKETING_VERSION = 0.2;
				PRODUCT_BUNDLE_IDENTIFIER = com.darkfox.altgtu.altgtuTodayWidget;
				PRODUCT_NAME = "Расписание";
				SKIP_INSTALL = YES;
				SUPPORTS_MACCATALYST = NO;
				SWIFT_VERSION = 5.0;
				TARGETED_DEVICE_FAMILY = "1,2";
			};
			name = Release;
		};
		CBE6660123543A1500C43811 /* Debug */ = {
			isa = XCBuildConfiguration;
			buildSettings = {
				ASSETCATALOG_COMPILER_COMPLICATION_NAME = Complication;
				CODE_SIGN_STYLE = Automatic;
				CURRENT_PROJECT_VERSION = 2;
				DEVELOPMENT_ASSET_PATHS = "\"altgtuWatchApp Extension/Preview Content\"";
				DEVELOPMENT_TEAM = 48HFZR3X8K;
				ENABLE_PREVIEWS = YES;
				INFOPLIST_FILE = "altgtuWatchApp Extension/Info.plist";
				LD_RUNPATH_SEARCH_PATHS = (
					"$(inherited)",
					"@executable_path/Frameworks",
					"@executable_path/../../Frameworks",
				);
				MARKETING_VERSION = 0.2;
				PRODUCT_BUNDLE_IDENTIFIER = com.darkfox.altgtu.watchkitapp.watchkitextension;
				PRODUCT_NAME = "${TARGET_NAME}";
				SDKROOT = watchos;
				SKIP_INSTALL = YES;
				SWIFT_VERSION = 5.0;
				TARGETED_DEVICE_FAMILY = 4;
				WATCHOS_DEPLOYMENT_TARGET = 6.1;
			};
			name = Debug;
		};
		CBE6660223543A1500C43811 /* Release */ = {
			isa = XCBuildConfiguration;
			buildSettings = {
				ASSETCATALOG_COMPILER_COMPLICATION_NAME = Complication;
				CODE_SIGN_STYLE = Automatic;
				CURRENT_PROJECT_VERSION = 2;
				DEVELOPMENT_ASSET_PATHS = "\"altgtuWatchApp Extension/Preview Content\"";
				DEVELOPMENT_TEAM = 48HFZR3X8K;
				ENABLE_PREVIEWS = YES;
				INFOPLIST_FILE = "altgtuWatchApp Extension/Info.plist";
				LD_RUNPATH_SEARCH_PATHS = (
					"$(inherited)",
					"@executable_path/Frameworks",
					"@executable_path/../../Frameworks",
				);
				MARKETING_VERSION = 0.2;
				PRODUCT_BUNDLE_IDENTIFIER = com.darkfox.altgtu.watchkitapp.watchkitextension;
				PRODUCT_NAME = "${TARGET_NAME}";
				SDKROOT = watchos;
				SKIP_INSTALL = YES;
				SWIFT_VERSION = 5.0;
				TARGETED_DEVICE_FAMILY = 4;
				WATCHOS_DEPLOYMENT_TARGET = 6.1;
			};
			name = Release;
		};
		CBE6660523543A1500C43811 /* Debug */ = {
			isa = XCBuildConfiguration;
			buildSettings = {
				ALWAYS_EMBED_SWIFT_STANDARD_LIBRARIES = YES;
				ASSETCATALOG_COMPILER_APPICON_NAME = AppIcon;
				CODE_SIGN_STYLE = Automatic;
				CURRENT_PROJECT_VERSION = 2;
				DEVELOPMENT_TEAM = 48HFZR3X8K;
				IBSC_MODULE = altgtuWatchApp_Extension;
				INFOPLIST_FILE = altgtuWatchApp/Info.plist;
				MARKETING_VERSION = 0.2;
				PRODUCT_BUNDLE_IDENTIFIER = com.darkfox.altgtu.watchkitapp;
				PRODUCT_NAME = "$(TARGET_NAME)";
				SDKROOT = watchos;
				SKIP_INSTALL = YES;
				SWIFT_VERSION = 5.0;
				TARGETED_DEVICE_FAMILY = 4;
				WATCHOS_DEPLOYMENT_TARGET = 6.1;
			};
			name = Debug;
		};
		CBE6660623543A1500C43811 /* Release */ = {
			isa = XCBuildConfiguration;
			buildSettings = {
				ALWAYS_EMBED_SWIFT_STANDARD_LIBRARIES = YES;
				ASSETCATALOG_COMPILER_APPICON_NAME = AppIcon;
				CODE_SIGN_STYLE = Automatic;
				CURRENT_PROJECT_VERSION = 2;
				DEVELOPMENT_TEAM = 48HFZR3X8K;
				IBSC_MODULE = altgtuWatchApp_Extension;
				INFOPLIST_FILE = altgtuWatchApp/Info.plist;
				MARKETING_VERSION = 0.2;
				PRODUCT_BUNDLE_IDENTIFIER = com.darkfox.altgtu.watchkitapp;
				PRODUCT_NAME = "$(TARGET_NAME)";
				SDKROOT = watchos;
				SKIP_INSTALL = YES;
				SWIFT_VERSION = 5.0;
				TARGETED_DEVICE_FAMILY = 4;
				WATCHOS_DEPLOYMENT_TARGET = 6.1;
			};
			name = Release;
		};
/* End XCBuildConfiguration section */

/* Begin XCConfigurationList section */
		CB0AED34232E59A10047A8A0 /* Build configuration list for PBXProject "altgtu" */ = {
			isa = XCConfigurationList;
			buildConfigurations = (
				CB0AED4E232E59A30047A8A0 /* Debug */,
				CB0AED4F232E59A30047A8A0 /* Release */,
			);
			defaultConfigurationIsVisible = 0;
			defaultConfigurationName = Release;
		};
		CB0AED50232E59A30047A8A0 /* Build configuration list for PBXNativeTarget "altgtu" */ = {
			isa = XCConfigurationList;
			buildConfigurations = (
				CB0AED51232E59A30047A8A0 /* Debug */,
				CB0AED52232E59A30047A8A0 /* Release */,
			);
			defaultConfigurationIsVisible = 0;
			defaultConfigurationName = Release;
		};
		CB6777C923604B680019D6B6 /* Build configuration list for PBXNativeTarget "altgtuTodayWidget" */ = {
			isa = XCConfigurationList;
			buildConfigurations = (
				CB6777CA23604B680019D6B6 /* Debug */,
				CB6777CB23604B680019D6B6 /* Release */,
			);
			defaultConfigurationIsVisible = 0;
			defaultConfigurationName = Release;
		};
		CBE6660023543A1500C43811 /* Build configuration list for PBXNativeTarget "altgtuWatchApp Extension" */ = {
			isa = XCConfigurationList;
			buildConfigurations = (
				CBE6660123543A1500C43811 /* Debug */,
				CBE6660223543A1500C43811 /* Release */,
			);
			defaultConfigurationIsVisible = 0;
			defaultConfigurationName = Release;
		};
		CBE6660423543A1500C43811 /* Build configuration list for PBXNativeTarget "altgtuWatchApp" */ = {
			isa = XCConfigurationList;
			buildConfigurations = (
				CBE6660523543A1500C43811 /* Debug */,
				CBE6660623543A1500C43811 /* Release */,
			);
			defaultConfigurationIsVisible = 0;
			defaultConfigurationName = Release;
		};
/* End XCConfigurationList section */

/* Begin XCRemoteSwiftPackageReference section */
		CB1F6DAA2339F64E00604C50 /* XCRemoteSwiftPackageReference "url-image" */ = {
			isa = XCRemoteSwiftPackageReference;
			repositoryURL = "https://github.com/dmytro-anokhin/url-image.git";
			requirement = {
				kind = upToNextMajorVersion;
				minimumVersion = 0.9.8;
			};
		};
		CB67778E23603B7F0019D6B6 /* XCRemoteSwiftPackageReference "KeyboardObserving" */ = {
			isa = XCRemoteSwiftPackageReference;
			repositoryURL = "https://github.com/nickffox/KeyboardObserving";
			requirement = {
				kind = upToNextMajorVersion;
				minimumVersion = 0.2.0;
			};
		};
		CB6D3F6F235AC6F200E65661 /* XCRemoteSwiftPackageReference "lottie-ios" */ = {
			isa = XCRemoteSwiftPackageReference;
			repositoryURL = "https://github.com/airbnb/lottie-ios";
			requirement = {
				kind = upToNextMajorVersion;
				minimumVersion = 3.1.5;
			};
		};
		CBF1E0E3234211990009E3BE /* XCRemoteSwiftPackageReference "ChartView" */ = {
			isa = XCRemoteSwiftPackageReference;
			repositoryURL = "https://github.com/AppPear/ChartView.git";
			requirement = {
				kind = upToNextMajorVersion;
				minimumVersion = 1.4.2;
			};
		};
/* End XCRemoteSwiftPackageReference section */

/* Begin XCSwiftPackageProductDependency section */
		CB1F6DAB2339F64E00604C50 /* URLImage */ = {
			isa = XCSwiftPackageProductDependency;
			package = CB1F6DAA2339F64E00604C50 /* XCRemoteSwiftPackageReference "url-image" */;
			productName = URLImage;
		};
		CB67778F23603B7F0019D6B6 /* KeyboardObserving */ = {
			isa = XCSwiftPackageProductDependency;
			package = CB67778E23603B7F0019D6B6 /* XCRemoteSwiftPackageReference "KeyboardObserving" */;
			productName = KeyboardObserving;
		};
		CB6D3F70235AC6F200E65661 /* Lottie */ = {
			isa = XCSwiftPackageProductDependency;
			package = CB6D3F6F235AC6F200E65661 /* XCRemoteSwiftPackageReference "lottie-ios" */;
			productName = Lottie;
		};
		CBE6660823545C1200C43811 /* URLImage */ = {
			isa = XCSwiftPackageProductDependency;
			package = CB1F6DAA2339F64E00604C50 /* XCRemoteSwiftPackageReference "url-image" */;
			productName = URLImage;
		};
		CBE6660A23545C1200C43811 /* SwiftUICharts */ = {
			isa = XCSwiftPackageProductDependency;
			package = CBF1E0E3234211990009E3BE /* XCRemoteSwiftPackageReference "ChartView" */;
			productName = SwiftUICharts;
		};
		CBF1E0E4234211990009E3BE /* SwiftUICharts */ = {
			isa = XCSwiftPackageProductDependency;
			package = CBF1E0E3234211990009E3BE /* XCRemoteSwiftPackageReference "ChartView" */;
			productName = SwiftUICharts;
		};
/* End XCSwiftPackageProductDependency section */

/* Begin XCVersionGroup section */
		CB0AED40232E59A10047A8A0 /* altgtu.xcdatamodeld */ = {
			isa = XCVersionGroup;
			children = (
				CB0AED41232E59A10047A8A0 /* altgtu.xcdatamodel */,
			);
			currentVersion = CB0AED41232E59A10047A8A0 /* altgtu.xcdatamodel */;
			path = altgtu.xcdatamodeld;
			sourceTree = "<group>";
			versionGroupType = wrapper.xcdatamodel;
		};
/* End XCVersionGroup section */
	};
	rootObject = CB0AED31232E59A10047A8A0 /* Project object */;
}
