// !$*UTF8*$!
{
	archiveVersion = 1;
	classes = {
	};
	objectVersion = 52;
	objects = {

/* Begin PBXBuildFile section */
		05C6726924FDCDF05CB2242B /* Pods_altgtu.framework in Frameworks */ = {isa = PBXBuildFile; fileRef = 8BA63DDAF2F7D8929BFB2E7A /* Pods_altgtu.framework */; platformFilter = ios; };
		CB0AED3D232E59A10047A8A0 /* AppDelegate.swift in Sources */ = {isa = PBXBuildFile; fileRef = CB0AED3C232E59A10047A8A0 /* AppDelegate.swift */; };
		CB0AED3F232E59A10047A8A0 /* SceneDelegate.swift in Sources */ = {isa = PBXBuildFile; fileRef = CB0AED3E232E59A10047A8A0 /* SceneDelegate.swift */; };
		CB0AED46232E59A30047A8A0 /* Assets.xcassets in Resources */ = {isa = PBXBuildFile; fileRef = CB0AED45232E59A30047A8A0 /* Assets.xcassets */; };
		CB0AED49232E59A30047A8A0 /* Preview Assets.xcassets in Resources */ = {isa = PBXBuildFile; fileRef = CB0AED48232E59A30047A8A0 /* Preview Assets.xcassets */; };
		CB0AED4C232E59A30047A8A0 /* LaunchScreen.storyboard in Resources */ = {isa = PBXBuildFile; fileRef = CB0AED4A232E59A30047A8A0 /* LaunchScreen.storyboard */; };
		CB0AED5F232E5A210047A8A0 /* RootView.swift in Sources */ = {isa = PBXBuildFile; fileRef = CB0AED56232E5A210047A8A0 /* RootView.swift */; };
		CB0AED69232E5A7B0047A8A0 /* ScheduleList.swift in Sources */ = {isa = PBXBuildFile; fileRef = CB0AED67232E5A7B0047A8A0 /* ScheduleList.swift */; };
		CB0AED6A232E5A7B0047A8A0 /* Schedule.swift in Sources */ = {isa = PBXBuildFile; fileRef = CB0AED68232E5A7B0047A8A0 /* Schedule.swift */; };
		CB0AED77232E5AC50047A8A0 /* CustomInput.swift in Sources */ = {isa = PBXBuildFile; fileRef = CB0AED73232E5AC50047A8A0 /* CustomInput.swift */; };
		CB0AED78232E5AC50047A8A0 /* CustomButton.swift in Sources */ = {isa = PBXBuildFile; fileRef = CB0AED74232E5AC50047A8A0 /* CustomButton.swift */; };
		CB0AED79232E5AC50047A8A0 /* SessionStore.swift in Sources */ = {isa = PBXBuildFile; fileRef = CB0AED75232E5AC50047A8A0 /* SessionStore.swift */; };
		CB0AED7A232E5AC50047A8A0 /* LoginScreen.swift in Sources */ = {isa = PBXBuildFile; fileRef = CB0AED76232E5AC50047A8A0 /* LoginScreen.swift */; };
		CB0AED7F232E5AE20047A8A0 /* LottieView.swift in Sources */ = {isa = PBXBuildFile; fileRef = CB0AED7C232E5AE20047A8A0 /* LottieView.swift */; };
		CB0AED85232E5AF90047A8A0 /* SplashScreen.swift in Sources */ = {isa = PBXBuildFile; fileRef = CB0AED83232E5AF90047A8A0 /* SplashScreen.swift */; };
		CB0AED8A232E5B080047A8A0 /* Tabbed.swift in Sources */ = {isa = PBXBuildFile; fileRef = CB0AED87232E5B080047A8A0 /* Tabbed.swift */; };
		CB0AED8E232E5BA80047A8A0 /* GoogleService-Info.plist in Resources */ = {isa = PBXBuildFile; fileRef = CB0AED8D232E5BA80047A8A0 /* GoogleService-Info.plist */; };
		CB11A8CA23E1DEEB006E568C /* ChatLoading.swift in Sources */ = {isa = PBXBuildFile; fileRef = CB11A8C923E1DEEB006E568C /* ChatLoading.swift */; };
		CB11A8CC23E1DF4C006E568C /* ChatEmpty.swift in Sources */ = {isa = PBXBuildFile; fileRef = CB11A8CB23E1DF4C006E568C /* ChatEmpty.swift */; };
		CB11A8CE23E1E1D4006E568C /* ChatView.swift in Sources */ = {isa = PBXBuildFile; fileRef = CB11A8CD23E1E1D4006E568C /* ChatView.swift */; };
		CB12E7EE23596F9E00115B2E /* MessageList.swift in Sources */ = {isa = PBXBuildFile; fileRef = CB12E7ED23596F9E00115B2E /* MessageList.swift */; };
		CB179AC623CC07B500424FD2 /* NFCStore.swift in Sources */ = {isa = PBXBuildFile; fileRef = CB179AC523CC07B500424FD2 /* NFCStore.swift */; };
		CB179ACB23CC182F00424FD2 /* Banner.swift in Sources */ = {isa = PBXBuildFile; fileRef = CB179ACA23CC182F00424FD2 /* Banner.swift */; };
		CB179AD223CC331B00424FD2 /* CircleProgress.swift in Sources */ = {isa = PBXBuildFile; fileRef = CB179AD123CC331B00424FD2 /* CircleProgress.swift */; };
		CB1F6DA92338DDB000604C50 /* ScheduleDetail.swift in Sources */ = {isa = PBXBuildFile; fileRef = CB1F6DA82338DDB000604C50 /* ScheduleDetail.swift */; };
		CB27619A2355A9A00054C753 /* ScheduleListWatch.swift in Sources */ = {isa = PBXBuildFile; fileRef = CB2761992355A9A00054C753 /* ScheduleListWatch.swift */; };
		CB31F0C023FEC1C7003EF59D /* PurchasesStore.swift in Sources */ = {isa = PBXBuildFile; fileRef = CB31F0BF23FEC1C7003EF59D /* PurchasesStore.swift */; };
		CB32DAF923A0B64800B25626 /* NotificationCenter.framework in Frameworks */ = {isa = PBXBuildFile; fileRef = CB677796236046610019D6B6 /* NotificationCenter.framework */; };
		CB32DAFC23A0B64800B25626 /* TodayViewController.swift in Sources */ = {isa = PBXBuildFile; fileRef = CB32DAFB23A0B64800B25626 /* TodayViewController.swift */; };
		CB32DAFF23A0B64800B25626 /* MainInterface.storyboard in Resources */ = {isa = PBXBuildFile; fileRef = CB32DAFD23A0B64800B25626 /* MainInterface.storyboard */; };
		CB32DB0323A0B64800B25626 /* Расписание.appex in Embed App Extensions */ = {isa = PBXBuildFile; fileRef = CB32DAF823A0B64800B25626 /* Расписание.appex */; platformFilter = ios; settings = {ATTRIBUTES = (RemoveHeadersOnCopy, ); }; };
		CB37694123E2CA3D0015B61E /* Extensions.swift in Sources */ = {isa = PBXBuildFile; fileRef = CB37694023E2CA3D0015B61E /* Extensions.swift */; };
		CB37694623E3F54F0015B61E /* ChangeIcons.swift in Sources */ = {isa = PBXBuildFile; fileRef = CB37694523E3F54F0015B61E /* ChangeIcons.swift */; };
		CB37694923E40D860015B61E /* PartialSheet in Frameworks */ = {isa = PBXBuildFile; productRef = CB37694823E40D860015B61E /* PartialSheet */; };
		CB37695823E5CD7E0015B61E /* altIconApp@2x.png in Resources */ = {isa = PBXBuildFile; fileRef = CB37695723E5CD7E0015B61E /* altIconApp@2x.png */; };
		CB37695A23E5CD850015B61E /* altIconApp@3x.png in Resources */ = {isa = PBXBuildFile; fileRef = CB37695923E5CD850015B61E /* altIconApp@3x.png */; };
		CB37695C23E5CD9F0015B61E /* altIconApp.png in Resources */ = {isa = PBXBuildFile; fileRef = CB37695B23E5CD9F0015B61E /* altIconApp.png */; };
		CB3BFAD2239E37DA00894DFA /* LinkedAccounts.swift in Sources */ = {isa = PBXBuildFile; fileRef = CB3BFAD1239E37DA00894DFA /* LinkedAccounts.swift */; };
		CB4377B823DFDC200002C47C /* SettingView.swift in Sources */ = {isa = PBXBuildFile; fileRef = CB4377B723DFDC200002C47C /* SettingView.swift */; };
		CB457CCE241E3D6900DBBCC9 /* MailFeedback.swift in Sources */ = {isa = PBXBuildFile; fileRef = CB457CCD241E3D6900DBBCC9 /* MailFeedback.swift */; };
		CB4874A423D08DCD00DEB38F /* UnsplashImagePicker.swift in Sources */ = {isa = PBXBuildFile; fileRef = CB4874A323D08DCD00DEB38F /* UnsplashImagePicker.swift */; };
		CB4874AF23D3732200DEB38F /* KingfisherSwiftUI in Frameworks */ = {isa = PBXBuildFile; platformFilter = ios; productRef = CB4874AE23D3732200DEB38F /* KingfisherSwiftUI */; };
		CB4874B523D6BE3200DEB38F /* SignInWithAppleButton.swift in Sources */ = {isa = PBXBuildFile; fileRef = CB4874B423D6BE3200DEB38F /* SignInWithAppleButton.swift */; };
		CB4874C123D813C300DEB38F /* ImageCacheStore.swift in Sources */ = {isa = PBXBuildFile; fileRef = CB4874C023D813C300DEB38F /* ImageCacheStore.swift */; };
		CB4C4FDE23C5B3D400397105 /* FirebaseErrorTranslate.swift in Sources */ = {isa = PBXBuildFile; fileRef = CB4C4FDD23C5B3D400397105 /* FirebaseErrorTranslate.swift */; };
		CB4FA0112343960A0049D271 /* ProfileView.swift in Sources */ = {isa = PBXBuildFile; fileRef = CB4FA0102343960A0049D271 /* ProfileView.swift */; };
		CB4FA013234396110049D271 /* ProfileImage.swift in Sources */ = {isa = PBXBuildFile; fileRef = CB4FA012234396110049D271 /* ProfileImage.swift */; };
		CB56F589241B3A3900868B09 /* DateStore.swift in Sources */ = {isa = PBXBuildFile; fileRef = CB56F588241B3A3900868B09 /* DateStore.swift */; };
		CB5D257C240E084F00F5643F /* BERT.swift in Sources */ = {isa = PBXBuildFile; fileRef = CB5D257B240E084F00F5643F /* BERT.swift */; };
		CB5D257E240E08B000F5643F /* BERTInput.swift in Sources */ = {isa = PBXBuildFile; fileRef = CB5D257D240E08B000F5643F /* BERTInput.swift */; };
		CB5D2580240E08E800F5643F /* BERTOutput.swift in Sources */ = {isa = PBXBuildFile; fileRef = CB5D257F240E08E800F5643F /* BERTOutput.swift */; };
		CB5D2582240E090800F5643F /* BERTVocabulary.swift in Sources */ = {isa = PBXBuildFile; fileRef = CB5D2581240E090800F5643F /* BERTVocabulary.swift */; };
		CB5D2584240E094E00F5643F /* TokenizedString.swift in Sources */ = {isa = PBXBuildFile; fileRef = CB5D2583240E094E00F5643F /* TokenizedString.swift */; };
		CB5D2586240E0B4B00F5643F /* BERTSQUADFP16.mlmodel in Sources */ = {isa = PBXBuildFile; fileRef = CB5D2585240E0B4B00F5643F /* BERTSQUADFP16.mlmodel */; };
		CB5D2588240E0C3E00F5643F /* bert-base-uncased-vocab.txt in Resources */ = {isa = PBXBuildFile; fileRef = CB5D2587240E0C3D00F5643F /* bert-base-uncased-vocab.txt */; };
		CB5DE180236AB98D001AC3E3 /* ChatList.swift in Sources */ = {isa = PBXBuildFile; fileRef = CB5DE17F236AB98D001AC3E3 /* ChatList.swift */; };
		CB5ED66F23F4F5EE00A28A6D /* ChatTextField.swift in Sources */ = {isa = PBXBuildFile; fileRef = CB5ED66E23F4F5EE00A28A6D /* ChatTextField.swift */; };
		CB609F842406628B009A6389 /* Schedule.swift in Sources */ = {isa = PBXBuildFile; fileRef = CB0AED68232E5A7B0047A8A0 /* Schedule.swift */; };
		CB609F8624066297009A6389 /* ScheduleStore.swift in Sources */ = {isa = PBXBuildFile; fileRef = CB9BBDCB234C6DDC00F89529 /* ScheduleStore.swift */; };
		CB609F8724066299009A6389 /* ScheduleDetail.swift in Sources */ = {isa = PBXBuildFile; fileRef = CB1F6DA82338DDB000604C50 /* ScheduleDetail.swift */; };
		CB609F89240662FE009A6389 /* Alamofire in Frameworks */ = {isa = PBXBuildFile; productRef = CB609F88240662FE009A6389 /* Alamofire */; };
		CB6704EC23712F4000F875C3 /* NotificationStore.swift in Sources */ = {isa = PBXBuildFile; fileRef = CB6704EB23712F4000F875C3 /* NotificationStore.swift */; };
		CB67779023603B7F0019D6B6 /* KeyboardObserving in Frameworks */ = {isa = PBXBuildFile; platformFilter = ios; productRef = CB67778F23603B7F0019D6B6 /* KeyboardObserving */; };
		CB6AC6302408F4FE00D0E482 /* SPAlert in Frameworks */ = {isa = PBXBuildFile; productRef = CB6AC62F2408F4FE00D0E482 /* SPAlert */; };
		CB6D3F71235AC6F200E65661 /* Lottie in Frameworks */ = {isa = PBXBuildFile; platformFilter = ios; productRef = CB6D3F70235AC6F200E65661 /* Lottie */; };
		CB6D3F73235ADC6300E65661 /* CardView.swift in Sources */ = {isa = PBXBuildFile; fileRef = CB6D3F72235ADC6300E65661 /* CardView.swift */; };
		CB6D3F7D235B0E6200E65661 /* NewsStore.swift in Sources */ = {isa = PBXBuildFile; fileRef = CB6D3F7C235B0E6200E65661 /* NewsStore.swift */; };
		CB6D3F7F235B118200E65661 /* CardList.swift in Sources */ = {isa = PBXBuildFile; fileRef = CB6D3F7E235B118200E65661 /* CardList.swift */; };
		CB6EBF472390276B00D9E771 /* License.swift in Sources */ = {isa = PBXBuildFile; fileRef = CB6EBF462390276B00D9E771 /* License.swift */; };
		CB76FDBB23C345BE00FDDE5E /* Credential.swift in Sources */ = {isa = PBXBuildFile; fileRef = CB76FDBA23C345BE00FDDE5E /* Credential.swift */; };
		CB8EF87823C85D6D00992764 /* QRReader.swift in Sources */ = {isa = PBXBuildFile; fileRef = CB8EF87723C85D6D00992764 /* QRReader.swift */; };
		CB8EF87B23C86B6E00992764 /* CodeScanner in Frameworks */ = {isa = PBXBuildFile; platformFilter = ios; productRef = CB8EF87A23C86B6E00992764 /* CodeScanner */; };
		CB93672623DEC9FA0098E4DC /* 14571-search-loading-animation.json in Resources */ = {isa = PBXBuildFile; fileRef = CB93672523DEC9FA0098E4DC /* 14571-search-loading-animation.json */; };
		CB97AFB523E91FF400921F0F /* PrivacySplashScreen.swift in Sources */ = {isa = PBXBuildFile; fileRef = CB97AFB423E91FF400921F0F /* PrivacySplashScreen.swift */; };
		CB97AFBC23EAA12B00921F0F /* TextView.swift in Sources */ = {isa = PBXBuildFile; fileRef = CB97AFBB23EAA12B00921F0F /* TextView.swift */; };
		CB9B90ED241090AF006CF9BF /* Purchases in Frameworks */ = {isa = PBXBuildFile; productRef = CB9B90EC241090AF006CF9BF /* Purchases */; };
		CB9BBDCC234C6DDC00F89529 /* ScheduleStore.swift in Sources */ = {isa = PBXBuildFile; fileRef = CB9BBDCB234C6DDC00F89529 /* ScheduleStore.swift */; };
		CB9C08BC23B9DA24006743F9 /* NoteStore.swift in Sources */ = {isa = PBXBuildFile; fileRef = CB9C08BB23B9DA24006743F9 /* NoteStore.swift */; };
		CBA7270C23DE78E50094372B /* NoteList.swift in Sources */ = {isa = PBXBuildFile; fileRef = CBA7270B23DE78E50094372B /* NoteList.swift */; };
		CBA7270E23DE796E0094372B /* NoteEmpty.swift in Sources */ = {isa = PBXBuildFile; fileRef = CBA7270D23DE796E0094372B /* NoteEmpty.swift */; };
		CBA7271023DE79960094372B /* NoteLoading.swift in Sources */ = {isa = PBXBuildFile; fileRef = CBA7270F23DE79960094372B /* NoteLoading.swift */; };
		CBA7271223DE8AEF0094372B /* SearchBar.swift in Sources */ = {isa = PBXBuildFile; fileRef = CBA7271123DE8AEF0094372B /* SearchBar.swift */; };
		CBABB12A2366F5420087AD18 /* MessageView.swift in Sources */ = {isa = PBXBuildFile; fileRef = CBABB1292366F5420087AD18 /* MessageView.swift */; };
		CBB01FE623B4553E001D4CBB /* NoteView.swift in Sources */ = {isa = PBXBuildFile; fileRef = CBB01FE523B4553E001D4CBB /* NoteView.swift */; };
		CBB273EF23CD862000030050 /* PencilKitCanvas.swift in Sources */ = {isa = PBXBuildFile; fileRef = CBB273EE23CD861F00030050 /* PencilKitCanvas.swift */; };
		CBC161B623F999F000ED3B50 /* SubscriptionSplashScreen.swift in Sources */ = {isa = PBXBuildFile; fileRef = CBC161B523F999F000ED3B50 /* SubscriptionSplashScreen.swift */; };
		CBCA4C5023F684A60018168D /* StoreKit.framework in Frameworks */ = {isa = PBXBuildFile; fileRef = CBCA4C4F23F684A60018168D /* StoreKit.framework */; };
		CBCA4C5323F7FE7E0018168D /* Alamofire in Frameworks */ = {isa = PBXBuildFile; productRef = CBCA4C5223F7FE7E0018168D /* Alamofire */; };
		CBCE3278241F9F5200844197 /* MenuWatch.swift in Sources */ = {isa = PBXBuildFile; fileRef = CBCE3277241F9F5200844197 /* MenuWatch.swift */; };
		CBCE55252407A88C00B8B368 /* PermissionSplashScreen.swift in Sources */ = {isa = PBXBuildFile; fileRef = CBCE55242407A88C00B8B368 /* PermissionSplashScreen.swift */; };
		CBD896B42378FDEC008CF480 /* ActivityIndicator.swift in Sources */ = {isa = PBXBuildFile; fileRef = CBD896B32378FDEC008CF480 /* ActivityIndicator.swift */; };
		CBDE629323520D2600E588EC /* ModelPicker.swift in Sources */ = {isa = PBXBuildFile; fileRef = CBDE629223520D2600E588EC /* ModelPicker.swift */; };
		CBDE62952352129E00E588EC /* PickerStore.swift in Sources */ = {isa = PBXBuildFile; fileRef = CBDE62942352129E00E588EC /* PickerStore.swift */; };
		CBE010E623AC73A2009DB0E8 /* DetailsNews.swift in Sources */ = {isa = PBXBuildFile; fileRef = CBE010E523AC73A2009DB0E8 /* DetailsNews.swift */; };
		CBE010EA23ACC0D6009DB0E8 /* Changelog.swift in Sources */ = {isa = PBXBuildFile; fileRef = CBE010E923ACC0D6009DB0E8 /* Changelog.swift */; };
		CBE3554723CEEC3E00F608F4 /* TodayWidgetView.swift in Sources */ = {isa = PBXBuildFile; fileRef = CBE3554623CEEC3E00F608F4 /* TodayWidgetView.swift */; };
		CBE4F5522367DC8A00E4D0C6 /* ChatStore.swift in Sources */ = {isa = PBXBuildFile; fileRef = CBE4F5512367DC8A00E4D0C6 /* ChatStore.swift */; };
		CBE665DF23543A1000C43811 /* Interface.storyboard in Resources */ = {isa = PBXBuildFile; fileRef = CBE665DD23543A1000C43811 /* Interface.storyboard */; };
		CBE665E123543A1400C43811 /* Assets.xcassets in Resources */ = {isa = PBXBuildFile; fileRef = CBE665E023543A1400C43811 /* Assets.xcassets */; };
		CBE665E823543A1400C43811 /* altgtuWatchApp Extension.appex in Embed App Extensions */ = {isa = PBXBuildFile; fileRef = CBE665E723543A1400C43811 /* altgtuWatchApp Extension.appex */; settings = {ATTRIBUTES = (RemoveHeadersOnCopy, ); }; };
		CBE665ED23543A1400C43811 /* LoginScreenWatch.swift in Sources */ = {isa = PBXBuildFile; fileRef = CBE665EC23543A1400C43811 /* LoginScreenWatch.swift */; };
		CBE665EF23543A1400C43811 /* HostingController.swift in Sources */ = {isa = PBXBuildFile; fileRef = CBE665EE23543A1400C43811 /* HostingController.swift */; };
		CBE665F123543A1400C43811 /* ExtensionDelegate.swift in Sources */ = {isa = PBXBuildFile; fileRef = CBE665F023543A1400C43811 /* ExtensionDelegate.swift */; };
		CBE665F323543A1400C43811 /* NotificationController.swift in Sources */ = {isa = PBXBuildFile; fileRef = CBE665F223543A1400C43811 /* NotificationController.swift */; };
		CBE665F523543A1400C43811 /* NotificationView.swift in Sources */ = {isa = PBXBuildFile; fileRef = CBE665F423543A1400C43811 /* NotificationView.swift */; };
		CBE665F723543A1500C43811 /* Assets.xcassets in Resources */ = {isa = PBXBuildFile; fileRef = CBE665F623543A1500C43811 /* Assets.xcassets */; };
		CBE665FA23543A1500C43811 /* Preview Assets.xcassets in Resources */ = {isa = PBXBuildFile; fileRef = CBE665F923543A1500C43811 /* Preview Assets.xcassets */; };
		CBE665FF23543A1500C43811 /* altgtuWatchApp.app in Embed Watch Content */ = {isa = PBXBuildFile; fileRef = CBE665DB23543A1000C43811 /* altgtuWatchApp.app */; platformFilter = ios; settings = {ATTRIBUTES = (RemoveHeadersOnCopy, ); }; };
		CBF0EE1A23A340B8006CC917 /* KeyPadButton.swift in Sources */ = {isa = PBXBuildFile; fileRef = CBF0EE1923A340B8006CC917 /* KeyPadButton.swift */; };
		CBF0EE1E23A341DD006CC917 /* SecureView.swift in Sources */ = {isa = PBXBuildFile; fileRef = CBF0EE1D23A341DD006CC917 /* SecureView.swift */; };
		CBF0EE2023A37A34006CC917 /* BioAndCodeSecure.swift in Sources */ = {isa = PBXBuildFile; fileRef = CBF0EE1F23A37A34006CC917 /* BioAndCodeSecure.swift */; };
		CBF1E0D7233C6E250009E3BE /* ImagePicker.swift in Sources */ = {isa = PBXBuildFile; fileRef = CBF1E0D6233C6E250009E3BE /* ImagePicker.swift */; };
		CBFF1700239F861C0030FBA3 /* LoadingScreen.swift in Sources */ = {isa = PBXBuildFile; fileRef = CBFF16FF239F861C0030FBA3 /* LoadingScreen.swift */; };
/* End PBXBuildFile section */

/* Begin PBXContainerItemProxy section */
		CB32DB0123A0B64800B25626 /* PBXContainerItemProxy */ = {
			isa = PBXContainerItemProxy;
			containerPortal = CB0AED31232E59A10047A8A0 /* Project object */;
			proxyType = 1;
			remoteGlobalIDString = CB32DAF723A0B64800B25626;
			remoteInfo = altgtuTodayWidget;
		};
		CBE665E923543A1400C43811 /* PBXContainerItemProxy */ = {
			isa = PBXContainerItemProxy;
			containerPortal = CB0AED31232E59A10047A8A0 /* Project object */;
			proxyType = 1;
			remoteGlobalIDString = CBE665E623543A1400C43811;
			remoteInfo = "altgtuWatchApp Extension";
		};
		CBE665FD23543A1500C43811 /* PBXContainerItemProxy */ = {
			isa = PBXContainerItemProxy;
			containerPortal = CB0AED31232E59A10047A8A0 /* Project object */;
			proxyType = 1;
			remoteGlobalIDString = CBE665DA23543A1000C43811;
			remoteInfo = altgtuWatchApp;
		};
/* End PBXContainerItemProxy section */

/* Begin PBXCopyFilesBuildPhase section */
		CB25040C23505E1600D2E41A /* Embed Watch Content */ = {
			isa = PBXCopyFilesBuildPhase;
			buildActionMask = 2147483647;
			dstPath = "$(CONTENTS_FOLDER_PATH)/Watch";
			dstSubfolderSpec = 16;
			files = (
				CBE665FF23543A1500C43811 /* altgtuWatchApp.app in Embed Watch Content */,
			);
			name = "Embed Watch Content";
			runOnlyForDeploymentPostprocessing = 0;
		};
		CB6777A5236046610019D6B6 /* Embed App Extensions */ = {
			isa = PBXCopyFilesBuildPhase;
			buildActionMask = 2147483647;
			dstPath = "";
			dstSubfolderSpec = 13;
			files = (
				CB32DB0323A0B64800B25626 /* Расписание.appex in Embed App Extensions */,
			);
			name = "Embed App Extensions";
			runOnlyForDeploymentPostprocessing = 0;
		};
		CBE6660323543A1500C43811 /* Embed App Extensions */ = {
			isa = PBXCopyFilesBuildPhase;
			buildActionMask = 2147483647;
			dstPath = "";
			dstSubfolderSpec = 13;
			files = (
				CBE665E823543A1400C43811 /* altgtuWatchApp Extension.appex in Embed App Extensions */,
			);
			name = "Embed App Extensions";
			runOnlyForDeploymentPostprocessing = 0;
		};
/* End PBXCopyFilesBuildPhase section */

/* Begin PBXFileReference section */
		35F13788DA4CEA2908B90C7E /* Pods-altgtu.debug.xcconfig */ = {isa = PBXFileReference; includeInIndex = 1; lastKnownFileType = text.xcconfig; name = "Pods-altgtu.debug.xcconfig"; path = "Target Support Files/Pods-altgtu/Pods-altgtu.debug.xcconfig"; sourceTree = "<group>"; };
		8BA63DDAF2F7D8929BFB2E7A /* Pods_altgtu.framework */ = {isa = PBXFileReference; explicitFileType = wrapper.framework; includeInIndex = 0; path = Pods_altgtu.framework; sourceTree = BUILT_PRODUCTS_DIR; };
		AF22E3F9E3E8C9DC5EFA38C2 /* Pods-altgtu.release.xcconfig */ = {isa = PBXFileReference; includeInIndex = 1; lastKnownFileType = text.xcconfig; name = "Pods-altgtu.release.xcconfig"; path = "Target Support Files/Pods-altgtu/Pods-altgtu.release.xcconfig"; sourceTree = "<group>"; };
		CB0AED39232E59A10047A8A0 /* АлтГТУ.app */ = {isa = PBXFileReference; explicitFileType = wrapper.application; includeInIndex = 0; path = "АлтГТУ.app"; sourceTree = BUILT_PRODUCTS_DIR; };
		CB0AED3C232E59A10047A8A0 /* AppDelegate.swift */ = {isa = PBXFileReference; lastKnownFileType = sourcecode.swift; path = AppDelegate.swift; sourceTree = "<group>"; };
		CB0AED3E232E59A10047A8A0 /* SceneDelegate.swift */ = {isa = PBXFileReference; lastKnownFileType = sourcecode.swift; path = SceneDelegate.swift; sourceTree = "<group>"; };
		CB0AED45232E59A30047A8A0 /* Assets.xcassets */ = {isa = PBXFileReference; lastKnownFileType = folder.assetcatalog; path = Assets.xcassets; sourceTree = "<group>"; };
		CB0AED48232E59A30047A8A0 /* Preview Assets.xcassets */ = {isa = PBXFileReference; lastKnownFileType = folder.assetcatalog; path = "Preview Assets.xcassets"; sourceTree = "<group>"; };
		CB0AED4B232E59A30047A8A0 /* Base */ = {isa = PBXFileReference; lastKnownFileType = file.storyboard; name = Base; path = Base.lproj/LaunchScreen.storyboard; sourceTree = "<group>"; };
		CB0AED4D232E59A30047A8A0 /* Info.plist */ = {isa = PBXFileReference; lastKnownFileType = text.plist.xml; path = Info.plist; sourceTree = "<group>"; };
		CB0AED56232E5A210047A8A0 /* RootView.swift */ = {isa = PBXFileReference; fileEncoding = 4; lastKnownFileType = sourcecode.swift; path = RootView.swift; sourceTree = "<group>"; };
		CB0AED67232E5A7B0047A8A0 /* ScheduleList.swift */ = {isa = PBXFileReference; fileEncoding = 4; lastKnownFileType = sourcecode.swift; path = ScheduleList.swift; sourceTree = "<group>"; };
		CB0AED68232E5A7B0047A8A0 /* Schedule.swift */ = {isa = PBXFileReference; fileEncoding = 4; lastKnownFileType = sourcecode.swift; path = Schedule.swift; sourceTree = "<group>"; };
		CB0AED73232E5AC50047A8A0 /* CustomInput.swift */ = {isa = PBXFileReference; fileEncoding = 4; lastKnownFileType = sourcecode.swift; path = CustomInput.swift; sourceTree = "<group>"; };
		CB0AED74232E5AC50047A8A0 /* CustomButton.swift */ = {isa = PBXFileReference; fileEncoding = 4; lastKnownFileType = sourcecode.swift; path = CustomButton.swift; sourceTree = "<group>"; };
		CB0AED75232E5AC50047A8A0 /* SessionStore.swift */ = {isa = PBXFileReference; fileEncoding = 4; lastKnownFileType = sourcecode.swift; path = SessionStore.swift; sourceTree = "<group>"; };
		CB0AED76232E5AC50047A8A0 /* LoginScreen.swift */ = {isa = PBXFileReference; fileEncoding = 4; lastKnownFileType = sourcecode.swift; path = LoginScreen.swift; sourceTree = "<group>"; };
		CB0AED7C232E5AE20047A8A0 /* LottieView.swift */ = {isa = PBXFileReference; fileEncoding = 4; lastKnownFileType = sourcecode.swift; path = LottieView.swift; sourceTree = "<group>"; };
		CB0AED83232E5AF90047A8A0 /* SplashScreen.swift */ = {isa = PBXFileReference; fileEncoding = 4; lastKnownFileType = sourcecode.swift; path = SplashScreen.swift; sourceTree = "<group>"; };
		CB0AED87232E5B080047A8A0 /* Tabbed.swift */ = {isa = PBXFileReference; fileEncoding = 4; lastKnownFileType = sourcecode.swift; path = Tabbed.swift; sourceTree = "<group>"; };
		CB0AED8D232E5BA80047A8A0 /* GoogleService-Info.plist */ = {isa = PBXFileReference; fileEncoding = 4; lastKnownFileType = text.plist.xml; path = "GoogleService-Info.plist"; sourceTree = "<group>"; };
		CB0AED8F232E5F1F0047A8A0 /* АлтГТУ.entitlements */ = {isa = PBXFileReference; lastKnownFileType = text.plist.entitlements; path = "АлтГТУ.entitlements"; sourceTree = "<group>"; };
		CB11A8C923E1DEEB006E568C /* ChatLoading.swift */ = {isa = PBXFileReference; lastKnownFileType = sourcecode.swift; path = ChatLoading.swift; sourceTree = "<group>"; };
		CB11A8CB23E1DF4C006E568C /* ChatEmpty.swift */ = {isa = PBXFileReference; lastKnownFileType = sourcecode.swift; path = ChatEmpty.swift; sourceTree = "<group>"; };
		CB11A8CD23E1E1D4006E568C /* ChatView.swift */ = {isa = PBXFileReference; lastKnownFileType = sourcecode.swift; path = ChatView.swift; sourceTree = "<group>"; };
		CB12E7ED23596F9E00115B2E /* MessageList.swift */ = {isa = PBXFileReference; fileEncoding = 4; lastKnownFileType = sourcecode.swift; path = MessageList.swift; sourceTree = "<group>"; };
		CB179AC523CC07B500424FD2 /* NFCStore.swift */ = {isa = PBXFileReference; lastKnownFileType = sourcecode.swift; path = NFCStore.swift; sourceTree = "<group>"; };
		CB179ACA23CC182F00424FD2 /* Banner.swift */ = {isa = PBXFileReference; lastKnownFileType = sourcecode.swift; path = Banner.swift; sourceTree = "<group>"; };
		CB179AD123CC331B00424FD2 /* CircleProgress.swift */ = {isa = PBXFileReference; lastKnownFileType = sourcecode.swift; path = CircleProgress.swift; sourceTree = "<group>"; };
		CB1F6DA82338DDB000604C50 /* ScheduleDetail.swift */ = {isa = PBXFileReference; lastKnownFileType = sourcecode.swift; path = ScheduleDetail.swift; sourceTree = "<group>"; };
		CB2761992355A9A00054C753 /* ScheduleListWatch.swift */ = {isa = PBXFileReference; lastKnownFileType = sourcecode.swift; path = ScheduleListWatch.swift; sourceTree = "<group>"; };
		CB31F0BF23FEC1C7003EF59D /* PurchasesStore.swift */ = {isa = PBXFileReference; lastKnownFileType = sourcecode.swift; path = PurchasesStore.swift; sourceTree = "<group>"; };
		CB32DAF823A0B64800B25626 /* Расписание.appex */ = {isa = PBXFileReference; explicitFileType = "wrapper.app-extension"; includeInIndex = 0; path = "Расписание.appex"; sourceTree = BUILT_PRODUCTS_DIR; };
		CB32DAFB23A0B64800B25626 /* TodayViewController.swift */ = {isa = PBXFileReference; lastKnownFileType = sourcecode.swift; path = TodayViewController.swift; sourceTree = "<group>"; };
		CB32DAFE23A0B64800B25626 /* Base */ = {isa = PBXFileReference; lastKnownFileType = file.storyboard; name = Base; path = Base.lproj/MainInterface.storyboard; sourceTree = "<group>"; };
		CB32DB0023A0B64800B25626 /* Info.plist */ = {isa = PBXFileReference; lastKnownFileType = text.plist.xml; path = Info.plist; sourceTree = "<group>"; };
		CB37694023E2CA3D0015B61E /* Extensions.swift */ = {isa = PBXFileReference; lastKnownFileType = sourcecode.swift; path = Extensions.swift; sourceTree = "<group>"; };
		CB37694523E3F54F0015B61E /* ChangeIcons.swift */ = {isa = PBXFileReference; lastKnownFileType = sourcecode.swift; path = ChangeIcons.swift; sourceTree = "<group>"; };
		CB37695723E5CD7E0015B61E /* altIconApp@2x.png */ = {isa = PBXFileReference; lastKnownFileType = image.png; path = "altIconApp@2x.png"; sourceTree = "<group>"; };
		CB37695923E5CD850015B61E /* altIconApp@3x.png */ = {isa = PBXFileReference; lastKnownFileType = image.png; path = "altIconApp@3x.png"; sourceTree = "<group>"; };
		CB37695B23E5CD9F0015B61E /* altIconApp.png */ = {isa = PBXFileReference; lastKnownFileType = image.png; path = altIconApp.png; sourceTree = "<group>"; };
		CB3BFAD1239E37DA00894DFA /* LinkedAccounts.swift */ = {isa = PBXFileReference; lastKnownFileType = sourcecode.swift; path = LinkedAccounts.swift; sourceTree = "<group>"; };
		CB4377B723DFDC200002C47C /* SettingView.swift */ = {isa = PBXFileReference; lastKnownFileType = sourcecode.swift; path = SettingView.swift; sourceTree = "<group>"; };
		CB457CCD241E3D6900DBBCC9 /* MailFeedback.swift */ = {isa = PBXFileReference; lastKnownFileType = sourcecode.swift; path = MailFeedback.swift; sourceTree = "<group>"; };
		CB4874A323D08DCD00DEB38F /* UnsplashImagePicker.swift */ = {isa = PBXFileReference; lastKnownFileType = sourcecode.swift; path = UnsplashImagePicker.swift; sourceTree = "<group>"; };
		CB4874B423D6BE3200DEB38F /* SignInWithAppleButton.swift */ = {isa = PBXFileReference; lastKnownFileType = sourcecode.swift; path = SignInWithAppleButton.swift; sourceTree = "<group>"; };
		CB4874C023D813C300DEB38F /* ImageCacheStore.swift */ = {isa = PBXFileReference; lastKnownFileType = sourcecode.swift; path = ImageCacheStore.swift; sourceTree = "<group>"; };
		CB4C4FDD23C5B3D400397105 /* FirebaseErrorTranslate.swift */ = {isa = PBXFileReference; lastKnownFileType = sourcecode.swift; path = FirebaseErrorTranslate.swift; sourceTree = "<group>"; };
		CB4FA0102343960A0049D271 /* ProfileView.swift */ = {isa = PBXFileReference; fileEncoding = 4; lastKnownFileType = sourcecode.swift; path = ProfileView.swift; sourceTree = "<group>"; };
		CB4FA012234396110049D271 /* ProfileImage.swift */ = {isa = PBXFileReference; fileEncoding = 4; lastKnownFileType = sourcecode.swift; path = ProfileImage.swift; sourceTree = "<group>"; };
		CB56F588241B3A3900868B09 /* DateStore.swift */ = {isa = PBXFileReference; lastKnownFileType = sourcecode.swift; path = DateStore.swift; sourceTree = "<group>"; };
		CB5D257B240E084F00F5643F /* BERT.swift */ = {isa = PBXFileReference; lastKnownFileType = sourcecode.swift; path = BERT.swift; sourceTree = "<group>"; };
		CB5D257D240E08B000F5643F /* BERTInput.swift */ = {isa = PBXFileReference; lastKnownFileType = sourcecode.swift; path = BERTInput.swift; sourceTree = "<group>"; };
		CB5D257F240E08E800F5643F /* BERTOutput.swift */ = {isa = PBXFileReference; lastKnownFileType = sourcecode.swift; path = BERTOutput.swift; sourceTree = "<group>"; };
		CB5D2581240E090800F5643F /* BERTVocabulary.swift */ = {isa = PBXFileReference; lastKnownFileType = sourcecode.swift; path = BERTVocabulary.swift; sourceTree = "<group>"; };
		CB5D2583240E094E00F5643F /* TokenizedString.swift */ = {isa = PBXFileReference; lastKnownFileType = sourcecode.swift; path = TokenizedString.swift; sourceTree = "<group>"; };
		CB5D2585240E0B4B00F5643F /* BERTSQUADFP16.mlmodel */ = {isa = PBXFileReference; lastKnownFileType = file.mlmodel; path = BERTSQUADFP16.mlmodel; sourceTree = "<group>"; };
		CB5D2587240E0C3D00F5643F /* bert-base-uncased-vocab.txt */ = {isa = PBXFileReference; fileEncoding = 4; lastKnownFileType = text; path = "bert-base-uncased-vocab.txt"; sourceTree = "<group>"; };
		CB5DE17F236AB98D001AC3E3 /* ChatList.swift */ = {isa = PBXFileReference; lastKnownFileType = sourcecode.swift; path = ChatList.swift; sourceTree = "<group>"; };
		CB5ED66E23F4F5EE00A28A6D /* ChatTextField.swift */ = {isa = PBXFileReference; lastKnownFileType = sourcecode.swift; path = ChatTextField.swift; sourceTree = "<group>"; };
		CB6704EB23712F4000F875C3 /* NotificationStore.swift */ = {isa = PBXFileReference; lastKnownFileType = sourcecode.swift; path = NotificationStore.swift; sourceTree = "<group>"; };
		CB677796236046610019D6B6 /* NotificationCenter.framework */ = {isa = PBXFileReference; lastKnownFileType = wrapper.framework; name = NotificationCenter.framework; path = System/Library/Frameworks/NotificationCenter.framework; sourceTree = SDKROOT; };
		CB6D3F72235ADC6300E65661 /* CardView.swift */ = {isa = PBXFileReference; lastKnownFileType = sourcecode.swift; path = CardView.swift; sourceTree = "<group>"; };
		CB6D3F7C235B0E6200E65661 /* NewsStore.swift */ = {isa = PBXFileReference; lastKnownFileType = sourcecode.swift; path = NewsStore.swift; sourceTree = "<group>"; };
		CB6D3F7E235B118200E65661 /* CardList.swift */ = {isa = PBXFileReference; lastKnownFileType = sourcecode.swift; path = CardList.swift; sourceTree = "<group>"; };
		CB6EBF462390276B00D9E771 /* License.swift */ = {isa = PBXFileReference; lastKnownFileType = sourcecode.swift; path = License.swift; sourceTree = "<group>"; };
		CB76FDBA23C345BE00FDDE5E /* Credential.swift */ = {isa = PBXFileReference; lastKnownFileType = sourcecode.swift; path = Credential.swift; sourceTree = "<group>"; };
		CB8EF87723C85D6D00992764 /* QRReader.swift */ = {isa = PBXFileReference; lastKnownFileType = sourcecode.swift; path = QRReader.swift; sourceTree = "<group>"; };
		CB93672523DEC9FA0098E4DC /* 14571-search-loading-animation.json */ = {isa = PBXFileReference; fileEncoding = 4; lastKnownFileType = text.json; path = "14571-search-loading-animation.json"; sourceTree = "<group>"; };
		CB97AFB423E91FF400921F0F /* PrivacySplashScreen.swift */ = {isa = PBXFileReference; lastKnownFileType = sourcecode.swift; path = PrivacySplashScreen.swift; sourceTree = "<group>"; };
		CB97AFBB23EAA12B00921F0F /* TextView.swift */ = {isa = PBXFileReference; lastKnownFileType = sourcecode.swift; path = TextView.swift; sourceTree = "<group>"; };
		CB9BBDCB234C6DDC00F89529 /* ScheduleStore.swift */ = {isa = PBXFileReference; lastKnownFileType = sourcecode.swift; path = ScheduleStore.swift; sourceTree = "<group>"; };
		CB9C08BB23B9DA24006743F9 /* NoteStore.swift */ = {isa = PBXFileReference; lastKnownFileType = sourcecode.swift; path = NoteStore.swift; sourceTree = "<group>"; };
		CBA7270B23DE78E50094372B /* NoteList.swift */ = {isa = PBXFileReference; lastKnownFileType = sourcecode.swift; path = NoteList.swift; sourceTree = "<group>"; };
		CBA7270D23DE796E0094372B /* NoteEmpty.swift */ = {isa = PBXFileReference; lastKnownFileType = sourcecode.swift; path = NoteEmpty.swift; sourceTree = "<group>"; };
		CBA7270F23DE79960094372B /* NoteLoading.swift */ = {isa = PBXFileReference; lastKnownFileType = sourcecode.swift; path = NoteLoading.swift; sourceTree = "<group>"; };
		CBA7271123DE8AEF0094372B /* SearchBar.swift */ = {isa = PBXFileReference; lastKnownFileType = sourcecode.swift; path = SearchBar.swift; sourceTree = "<group>"; };
		CBABB1292366F5420087AD18 /* MessageView.swift */ = {isa = PBXFileReference; fileEncoding = 4; lastKnownFileType = sourcecode.swift; path = MessageView.swift; sourceTree = "<group>"; };
		CBB01FE523B4553E001D4CBB /* NoteView.swift */ = {isa = PBXFileReference; lastKnownFileType = sourcecode.swift; path = NoteView.swift; sourceTree = "<group>"; };
		CBB273EE23CD861F00030050 /* PencilKitCanvas.swift */ = {isa = PBXFileReference; lastKnownFileType = sourcecode.swift; path = PencilKitCanvas.swift; sourceTree = "<group>"; };
		CBC161B523F999F000ED3B50 /* SubscriptionSplashScreen.swift */ = {isa = PBXFileReference; lastKnownFileType = sourcecode.swift; path = SubscriptionSplashScreen.swift; sourceTree = "<group>"; };
		CBCA4C4F23F684A60018168D /* StoreKit.framework */ = {isa = PBXFileReference; lastKnownFileType = wrapper.framework; name = StoreKit.framework; path = System/Library/Frameworks/StoreKit.framework; sourceTree = SDKROOT; };
		CBCE3277241F9F5200844197 /* MenuWatch.swift */ = {isa = PBXFileReference; lastKnownFileType = sourcecode.swift; path = MenuWatch.swift; sourceTree = "<group>"; };
		CBCE55242407A88C00B8B368 /* PermissionSplashScreen.swift */ = {isa = PBXFileReference; lastKnownFileType = sourcecode.swift; path = PermissionSplashScreen.swift; sourceTree = "<group>"; };
		CBD896B32378FDEC008CF480 /* ActivityIndicator.swift */ = {isa = PBXFileReference; lastKnownFileType = sourcecode.swift; path = ActivityIndicator.swift; sourceTree = "<group>"; };
		CBDE629223520D2600E588EC /* ModelPicker.swift */ = {isa = PBXFileReference; lastKnownFileType = sourcecode.swift; path = ModelPicker.swift; sourceTree = "<group>"; };
		CBDE62942352129E00E588EC /* PickerStore.swift */ = {isa = PBXFileReference; lastKnownFileType = sourcecode.swift; path = PickerStore.swift; sourceTree = "<group>"; };
		CBE010E523AC73A2009DB0E8 /* DetailsNews.swift */ = {isa = PBXFileReference; lastKnownFileType = sourcecode.swift; path = DetailsNews.swift; sourceTree = "<group>"; };
		CBE010E923ACC0D6009DB0E8 /* Changelog.swift */ = {isa = PBXFileReference; lastKnownFileType = sourcecode.swift; path = Changelog.swift; sourceTree = "<group>"; };
		CBE3554623CEEC3E00F608F4 /* TodayWidgetView.swift */ = {isa = PBXFileReference; lastKnownFileType = sourcecode.swift; path = TodayWidgetView.swift; sourceTree = "<group>"; };
		CBE4F5512367DC8A00E4D0C6 /* ChatStore.swift */ = {isa = PBXFileReference; lastKnownFileType = sourcecode.swift; path = ChatStore.swift; sourceTree = "<group>"; };
		CBE665DB23543A1000C43811 /* altgtuWatchApp.app */ = {isa = PBXFileReference; explicitFileType = wrapper.application; includeInIndex = 0; path = altgtuWatchApp.app; sourceTree = BUILT_PRODUCTS_DIR; };
		CBE665DE23543A1000C43811 /* Base */ = {isa = PBXFileReference; lastKnownFileType = file.storyboard; name = Base; path = Base.lproj/Interface.storyboard; sourceTree = "<group>"; };
		CBE665E023543A1400C43811 /* Assets.xcassets */ = {isa = PBXFileReference; lastKnownFileType = folder.assetcatalog; path = Assets.xcassets; sourceTree = "<group>"; };
		CBE665E223543A1400C43811 /* Info.plist */ = {isa = PBXFileReference; lastKnownFileType = text.plist.xml; path = Info.plist; sourceTree = "<group>"; };
		CBE665E723543A1400C43811 /* altgtuWatchApp Extension.appex */ = {isa = PBXFileReference; explicitFileType = "wrapper.app-extension"; includeInIndex = 0; path = "altgtuWatchApp Extension.appex"; sourceTree = BUILT_PRODUCTS_DIR; };
		CBE665EC23543A1400C43811 /* LoginScreenWatch.swift */ = {isa = PBXFileReference; lastKnownFileType = sourcecode.swift; path = LoginScreenWatch.swift; sourceTree = "<group>"; };
		CBE665EE23543A1400C43811 /* HostingController.swift */ = {isa = PBXFileReference; lastKnownFileType = sourcecode.swift; path = HostingController.swift; sourceTree = "<group>"; };
		CBE665F023543A1400C43811 /* ExtensionDelegate.swift */ = {isa = PBXFileReference; lastKnownFileType = sourcecode.swift; path = ExtensionDelegate.swift; sourceTree = "<group>"; };
		CBE665F223543A1400C43811 /* NotificationController.swift */ = {isa = PBXFileReference; lastKnownFileType = sourcecode.swift; path = NotificationController.swift; sourceTree = "<group>"; };
		CBE665F423543A1400C43811 /* NotificationView.swift */ = {isa = PBXFileReference; lastKnownFileType = sourcecode.swift; path = NotificationView.swift; sourceTree = "<group>"; };
		CBE665F623543A1500C43811 /* Assets.xcassets */ = {isa = PBXFileReference; lastKnownFileType = folder.assetcatalog; path = Assets.xcassets; sourceTree = "<group>"; };
		CBE665F923543A1500C43811 /* Preview Assets.xcassets */ = {isa = PBXFileReference; lastKnownFileType = folder.assetcatalog; path = "Preview Assets.xcassets"; sourceTree = "<group>"; };
		CBE665FB23543A1500C43811 /* Info.plist */ = {isa = PBXFileReference; lastKnownFileType = text.plist.xml; path = Info.plist; sourceTree = "<group>"; };
		CBE665FC23543A1500C43811 /* PushNotificationPayload.apns */ = {isa = PBXFileReference; lastKnownFileType = text; path = PushNotificationPayload.apns; sourceTree = "<group>"; };
		CBF0EE1923A340B8006CC917 /* KeyPadButton.swift */ = {isa = PBXFileReference; lastKnownFileType = sourcecode.swift; path = KeyPadButton.swift; sourceTree = "<group>"; };
		CBF0EE1D23A341DD006CC917 /* SecureView.swift */ = {isa = PBXFileReference; lastKnownFileType = sourcecode.swift; path = SecureView.swift; sourceTree = "<group>"; };
		CBF0EE1F23A37A34006CC917 /* BioAndCodeSecure.swift */ = {isa = PBXFileReference; lastKnownFileType = sourcecode.swift; path = BioAndCodeSecure.swift; sourceTree = "<group>"; };
		CBF1E0D6233C6E250009E3BE /* ImagePicker.swift */ = {isa = PBXFileReference; lastKnownFileType = sourcecode.swift; path = ImagePicker.swift; sourceTree = "<group>"; };
		CBFF16FF239F861C0030FBA3 /* LoadingScreen.swift */ = {isa = PBXFileReference; lastKnownFileType = sourcecode.swift; path = LoadingScreen.swift; sourceTree = "<group>"; };
/* End PBXFileReference section */

/* Begin PBXFrameworksBuildPhase section */
		C6328400BFC3FC0D3EC3D205 /* Frameworks */ = {
			isa = PBXFrameworksBuildPhase;
			buildActionMask = 2147483647;
			files = (
			);
			runOnlyForDeploymentPostprocessing = 0;
		};
		CB0AED36232E59A10047A8A0 /* Frameworks */ = {
			isa = PBXFrameworksBuildPhase;
			buildActionMask = 2147483647;
			files = (
				CB6AC6302408F4FE00D0E482 /* SPAlert in Frameworks */,
				CB37694923E40D860015B61E /* PartialSheet in Frameworks */,
				CBCA4C5323F7FE7E0018168D /* Alamofire in Frameworks */,
				CBCA4C5023F684A60018168D /* StoreKit.framework in Frameworks */,
				CB4874AF23D3732200DEB38F /* KingfisherSwiftUI in Frameworks */,
				05C6726924FDCDF05CB2242B /* Pods_altgtu.framework in Frameworks */,
				CB8EF87B23C86B6E00992764 /* CodeScanner in Frameworks */,
				CB6D3F71235AC6F200E65661 /* Lottie in Frameworks */,
				CB67779023603B7F0019D6B6 /* KeyboardObserving in Frameworks */,
				CB9B90ED241090AF006CF9BF /* Purchases in Frameworks */,
			);
			runOnlyForDeploymentPostprocessing = 0;
		};
		CB32DAF523A0B64800B25626 /* Frameworks */ = {
			isa = PBXFrameworksBuildPhase;
			buildActionMask = 2147483647;
			files = (
				CB32DAF923A0B64800B25626 /* NotificationCenter.framework in Frameworks */,
			);
			runOnlyForDeploymentPostprocessing = 0;
		};
		CBE665E423543A1400C43811 /* Frameworks */ = {
			isa = PBXFrameworksBuildPhase;
			buildActionMask = 2147483647;
			files = (
				CB609F89240662FE009A6389 /* Alamofire in Frameworks */,
			);
			runOnlyForDeploymentPostprocessing = 0;
		};
/* End PBXFrameworksBuildPhase section */

/* Begin PBXGroup section */
		A5C050C90CA7ACA36D5E738D /* Frameworks */ = {
			isa = PBXGroup;
			children = (
				CBCA4C4F23F684A60018168D /* StoreKit.framework */,
				8BA63DDAF2F7D8929BFB2E7A /* Pods_altgtu.framework */,
				CB677796236046610019D6B6 /* NotificationCenter.framework */,
			);
			name = Frameworks;
			sourceTree = "<group>";
		};
		A95172305AFACAFD73D00422 /* Pods */ = {
			isa = PBXGroup;
			children = (
				35F13788DA4CEA2908B90C7E /* Pods-altgtu.debug.xcconfig */,
				AF22E3F9E3E8C9DC5EFA38C2 /* Pods-altgtu.release.xcconfig */,
			);
			path = Pods;
			sourceTree = "<group>";
		};
		CB0AED30232E59A10047A8A0 = {
			isa = PBXGroup;
			children = (
				CB0AED3B232E59A10047A8A0 /* altgtu */,
				CBE665DC23543A1000C43811 /* altgtuWatchApp */,
				CBE665EB23543A1400C43811 /* altgtuWatchApp Extension */,
				CB32DAFA23A0B64800B25626 /* altgtuTodayWidget */,
				CB0AED3A232E59A10047A8A0 /* Products */,
				A95172305AFACAFD73D00422 /* Pods */,
				A5C050C90CA7ACA36D5E738D /* Frameworks */,
			);
			sourceTree = "<group>";
		};
		CB0AED3A232E59A10047A8A0 /* Products */ = {
			isa = PBXGroup;
			children = (
				CB0AED39232E59A10047A8A0 /* АлтГТУ.app */,
				CBE665DB23543A1000C43811 /* altgtuWatchApp.app */,
				CBE665E723543A1400C43811 /* altgtuWatchApp Extension.appex */,
				CB32DAF823A0B64800B25626 /* Расписание.appex */,
			);
			name = Products;
			sourceTree = "<group>";
		};
		CB0AED3B232E59A10047A8A0 /* altgtu */ = {
			isa = PBXGroup;
			children = (
				CB0AED87232E5B080047A8A0 /* Tabbed.swift */,
				CB12E7EA23596F5400115B2E /* Support */,
				CB37694C23E5BDC40015B61E /* AlternateIcon */,
				CB179AC923CC181D00424FD2 /* Banner */,
				CB56F587241B39F900868B09 /* Date */,
				CB179AC423CC079C00424FD2 /* NFC */,
				CB31F0BE23FEC194003EF59D /* Purchases */,
				CB6704EA23712BB200F875C3 /* Notifications */,
				CB4874C223D8161C00DEB38F /* ImageCache */,
				CB28B8D92361459900A93F28 /* News */,
				CBB01FE423B45522001D4CBB /* Note */,
				CB12E7EB23596F7900115B2E /* Chat */,
				CB0AED82232E5AE90047A8A0 /* SplashScreen */,
				CB0AED7B232E5ACE0047A8A0 /* Lottie */,
				CBF0EE1823A33D2F006CC917 /* SecureLogin */,
				CB0AED72232E5AA80047A8A0 /* Login */,
				CB53B43623D987E300982219 /* Picker */,
				CB0AED6B232E5A840047A8A0 /* Profile */,
				CB0AED66232E5A680047A8A0 /* Schedule */,
				CBD896B22378FDAE008CF480 /* Extensions */,
				CB0AED45232E59A30047A8A0 /* Assets.xcassets */,
				CB0AED8D232E5BA80047A8A0 /* GoogleService-Info.plist */,
				CB0AED4A232E59A30047A8A0 /* LaunchScreen.storyboard */,
				CB0AED8F232E5F1F0047A8A0 /* АлтГТУ.entitlements */,
				CB0AED4D232E59A30047A8A0 /* Info.plist */,
				CB0AED47232E59A30047A8A0 /* Preview Content */,
			);
			path = altgtu;
			sourceTree = "<group>";
		};
		CB0AED47232E59A30047A8A0 /* Preview Content */ = {
			isa = PBXGroup;
			children = (
				CB0AED48232E59A30047A8A0 /* Preview Assets.xcassets */,
			);
			path = "Preview Content";
			sourceTree = "<group>";
		};
		CB0AED66232E5A680047A8A0 /* Schedule */ = {
			isa = PBXGroup;
			children = (
				CB0AED68232E5A7B0047A8A0 /* Schedule.swift */,
				CB0AED67232E5A7B0047A8A0 /* ScheduleList.swift */,
				CB1F6DA82338DDB000604C50 /* ScheduleDetail.swift */,
				CB9BBDCB234C6DDC00F89529 /* ScheduleStore.swift */,
			);
			path = Schedule;
			sourceTree = "<group>";
		};
		CB0AED6B232E5A840047A8A0 /* Profile */ = {
			isa = PBXGroup;
			children = (
				CB4FA0102343960A0049D271 /* ProfileView.swift */,
				CB4FA012234396110049D271 /* ProfileImage.swift */,
				CB4377B723DFDC200002C47C /* SettingView.swift */,
				CB3BFAD1239E37DA00894DFA /* LinkedAccounts.swift */,
				CB6EBF462390276B00D9E771 /* License.swift */,
				CBE010E923ACC0D6009DB0E8 /* Changelog.swift */,
				CBF0EE1F23A37A34006CC917 /* BioAndCodeSecure.swift */,
				CB76FDBA23C345BE00FDDE5E /* Credential.swift */,
				CB8EF87723C85D6D00992764 /* QRReader.swift */,
				CB37694523E3F54F0015B61E /* ChangeIcons.swift */,
			);
			path = Profile;
			sourceTree = "<group>";
		};
		CB0AED72232E5AA80047A8A0 /* Login */ = {
			isa = PBXGroup;
			children = (
				CB0AED56232E5A210047A8A0 /* RootView.swift */,
				CB0AED76232E5AC50047A8A0 /* LoginScreen.swift */,
				CB0AED75232E5AC50047A8A0 /* SessionStore.swift */,
				CBFF16FF239F861C0030FBA3 /* LoadingScreen.swift */,
			);
			path = Login;
			sourceTree = "<group>";
		};
		CB0AED7B232E5ACE0047A8A0 /* Lottie */ = {
			isa = PBXGroup;
			children = (
				CB6EBF5023977BE200D9E771 /* Files */,
				CB0AED7C232E5AE20047A8A0 /* LottieView.swift */,
			);
			path = Lottie;
			sourceTree = "<group>";
		};
		CB0AED82232E5AE90047A8A0 /* SplashScreen */ = {
			isa = PBXGroup;
			children = (
				CB0AED83232E5AF90047A8A0 /* SplashScreen.swift */,
				CB97AFB423E91FF400921F0F /* PrivacySplashScreen.swift */,
				CBCE55242407A88C00B8B368 /* PermissionSplashScreen.swift */,
				CBC161B523F999F000ED3B50 /* SubscriptionSplashScreen.swift */,
			);
			path = SplashScreen;
			sourceTree = "<group>";
		};
		CB12E7EA23596F5400115B2E /* Support */ = {
			isa = PBXGroup;
			children = (
				CB0AED3C232E59A10047A8A0 /* AppDelegate.swift */,
				CB0AED3E232E59A10047A8A0 /* SceneDelegate.swift */,
			);
			path = Support;
			sourceTree = "<group>";
		};
		CB12E7EB23596F7900115B2E /* Chat */ = {
			isa = PBXGroup;
			children = (
				CBE4F5512367DC8A00E4D0C6 /* ChatStore.swift */,
				CB12E7ED23596F9E00115B2E /* MessageList.swift */,
				CBABB1292366F5420087AD18 /* MessageView.swift */,
				CB11A8CD23E1E1D4006E568C /* ChatView.swift */,
				CB5DE17F236AB98D001AC3E3 /* ChatList.swift */,
				CB11A8C923E1DEEB006E568C /* ChatLoading.swift */,
				CB11A8CB23E1DF4C006E568C /* ChatEmpty.swift */,
				CB5ED66E23F4F5EE00A28A6D /* ChatTextField.swift */,
			);
			path = Chat;
			sourceTree = "<group>";
		};
		CB179AC423CC079C00424FD2 /* NFC */ = {
			isa = PBXGroup;
			children = (
				CB179AC523CC07B500424FD2 /* NFCStore.swift */,
			);
			path = NFC;
			sourceTree = "<group>";
		};
		CB179AC923CC181D00424FD2 /* Banner */ = {
			isa = PBXGroup;
			children = (
				CB179ACE23CC305E00424FD2 /* CircleProgress */,
				CB179ACA23CC182F00424FD2 /* Banner.swift */,
				CB37694023E2CA3D0015B61E /* Extensions.swift */,
			);
			path = Banner;
			sourceTree = "<group>";
		};
		CB179ACE23CC305E00424FD2 /* CircleProgress */ = {
			isa = PBXGroup;
			children = (
				CB179AD123CC331B00424FD2 /* CircleProgress.swift */,
			);
			path = CircleProgress;
			sourceTree = "<group>";
		};
		CB27619323556A1F0054C753 /* Login */ = {
			isa = PBXGroup;
			children = (
				CBE665EC23543A1400C43811 /* LoginScreenWatch.swift */,
			);
			path = Login;
			sourceTree = "<group>";
		};
		CB2761982355A9730054C753 /* Lesson */ = {
			isa = PBXGroup;
			children = (
				CB2761992355A9A00054C753 /* ScheduleListWatch.swift */,
			);
			path = Lesson;
			sourceTree = "<group>";
		};
		CB28B8D92361459900A93F28 /* News */ = {
			isa = PBXGroup;
			children = (
				CB6D3F72235ADC6300E65661 /* CardView.swift */,
				CB6D3F7E235B118200E65661 /* CardList.swift */,
				CB6D3F7C235B0E6200E65661 /* NewsStore.swift */,
				CBE010E523AC73A2009DB0E8 /* DetailsNews.swift */,
			);
			path = News;
			sourceTree = "<group>";
		};
		CB31F0BE23FEC194003EF59D /* Purchases */ = {
			isa = PBXGroup;
			children = (
				CB31F0BF23FEC1C7003EF59D /* PurchasesStore.swift */,
			);
			path = Purchases;
			sourceTree = "<group>";
		};
		CB32DAFA23A0B64800B25626 /* altgtuTodayWidget */ = {
			isa = PBXGroup;
			children = (
				CB32DAFB23A0B64800B25626 /* TodayViewController.swift */,
				CBE3554623CEEC3E00F608F4 /* TodayWidgetView.swift */,
				CB32DAFD23A0B64800B25626 /* MainInterface.storyboard */,
				CB32DB0023A0B64800B25626 /* Info.plist */,
			);
			path = altgtuTodayWidget;
			sourceTree = "<group>";
		};
		CB37694C23E5BDC40015B61E /* AlternateIcon */ = {
			isa = PBXGroup;
			children = (
				CB37695B23E5CD9F0015B61E /* altIconApp.png */,
				CB37695723E5CD7E0015B61E /* altIconApp@2x.png */,
				CB37695923E5CD850015B61E /* altIconApp@3x.png */,
			);
			path = AlternateIcon;
			sourceTree = "<group>";
		};
		CB4874C223D8161C00DEB38F /* ImageCache */ = {
			isa = PBXGroup;
			children = (
				CB4874C023D813C300DEB38F /* ImageCacheStore.swift */,
			);
			path = ImageCache;
			sourceTree = "<group>";
		};
		CB53B43623D987E300982219 /* Picker */ = {
			isa = PBXGroup;
			children = (
				CBDE62942352129E00E588EC /* PickerStore.swift */,
				CBDE629223520D2600E588EC /* ModelPicker.swift */,
			);
			path = Picker;
			sourceTree = "<group>";
		};
		CB56F587241B39F900868B09 /* Date */ = {
			isa = PBXGroup;
			children = (
				CB56F588241B3A3900868B09 /* DateStore.swift */,
			);
			path = Date;
			sourceTree = "<group>";
		};
		CB5D257A240E080E00F5643F /* Bert */ = {
			isa = PBXGroup;
			children = (
				CB5D2587240E0C3D00F5643F /* bert-base-uncased-vocab.txt */,
				CB5D2585240E0B4B00F5643F /* BERTSQUADFP16.mlmodel */,
				CB5D257B240E084F00F5643F /* BERT.swift */,
				CB5D257D240E08B000F5643F /* BERTInput.swift */,
				CB5D257F240E08E800F5643F /* BERTOutput.swift */,
				CB5D2581240E090800F5643F /* BERTVocabulary.swift */,
				CB5D2583240E094E00F5643F /* TokenizedString.swift */,
			);
			path = Bert;
			sourceTree = "<group>";
		};
		CB6704EA23712BB200F875C3 /* Notifications */ = {
			isa = PBXGroup;
			children = (
				CB6704EB23712F4000F875C3 /* NotificationStore.swift */,
			);
			path = Notifications;
			sourceTree = "<group>";
		};
		CB6EBF5023977BE200D9E771 /* Files */ = {
			isa = PBXGroup;
			children = (
				CB93672523DEC9FA0098E4DC /* 14571-search-loading-animation.json */,
			);
			path = Files;
			sourceTree = "<group>";
		};
		CBB01FE423B45522001D4CBB /* Note */ = {
			isa = PBXGroup;
			children = (
				CB5D257A240E080E00F5643F /* Bert */,
				CBB01FE523B4553E001D4CBB /* NoteView.swift */,
				CB9C08BB23B9DA24006743F9 /* NoteStore.swift */,
				CBA7270B23DE78E50094372B /* NoteList.swift */,
				CBA7270D23DE796E0094372B /* NoteEmpty.swift */,
				CBA7270F23DE79960094372B /* NoteLoading.swift */,
			);
			path = Note;
			sourceTree = "<group>";
		};
		CBD896B22378FDAE008CF480 /* Extensions */ = {
			isa = PBXGroup;
			children = (
				CB0AED74232E5AC50047A8A0 /* CustomButton.swift */,
				CB0AED73232E5AC50047A8A0 /* CustomInput.swift */,
				CBF1E0D6233C6E250009E3BE /* ImagePicker.swift */,
				CBD896B32378FDEC008CF480 /* ActivityIndicator.swift */,
				CB4C4FDD23C5B3D400397105 /* FirebaseErrorTranslate.swift */,
				CBB273EE23CD861F00030050 /* PencilKitCanvas.swift */,
				CB4874A323D08DCD00DEB38F /* UnsplashImagePicker.swift */,
				CB4874B423D6BE3200DEB38F /* SignInWithAppleButton.swift */,
				CBA7271123DE8AEF0094372B /* SearchBar.swift */,
				CB97AFBB23EAA12B00921F0F /* TextView.swift */,
				CB457CCD241E3D6900DBBCC9 /* MailFeedback.swift */,
			);
			path = Extensions;
			sourceTree = "<group>";
		};
		CBE665DC23543A1000C43811 /* altgtuWatchApp */ = {
			isa = PBXGroup;
			children = (
				CBE665DD23543A1000C43811 /* Interface.storyboard */,
				CBE665E023543A1400C43811 /* Assets.xcassets */,
				CBE665E223543A1400C43811 /* Info.plist */,
			);
			path = altgtuWatchApp;
			sourceTree = "<group>";
		};
		CBE665EB23543A1400C43811 /* altgtuWatchApp Extension */ = {
			isa = PBXGroup;
			children = (
				CBCE3277241F9F5200844197 /* MenuWatch.swift */,
				CB2761982355A9730054C753 /* Lesson */,
				CB27619323556A1F0054C753 /* Login */,
				CBE665EE23543A1400C43811 /* HostingController.swift */,
				CBE665F023543A1400C43811 /* ExtensionDelegate.swift */,
				CBE665F223543A1400C43811 /* NotificationController.swift */,
				CBE665F423543A1400C43811 /* NotificationView.swift */,
				CBE665F623543A1500C43811 /* Assets.xcassets */,
				CBE665FB23543A1500C43811 /* Info.plist */,
				CBE665FC23543A1500C43811 /* PushNotificationPayload.apns */,
				CBE665F823543A1500C43811 /* Preview Content */,
			);
			path = "altgtuWatchApp Extension";
			sourceTree = "<group>";
		};
		CBE665F823543A1500C43811 /* Preview Content */ = {
			isa = PBXGroup;
			children = (
				CBE665F923543A1500C43811 /* Preview Assets.xcassets */,
			);
			path = "Preview Content";
			sourceTree = "<group>";
		};
		CBF0EE1823A33D2F006CC917 /* SecureLogin */ = {
			isa = PBXGroup;
			children = (
				CBF0EE1923A340B8006CC917 /* KeyPadButton.swift */,
				CBF0EE1D23A341DD006CC917 /* SecureView.swift */,
			);
			path = SecureLogin;
			sourceTree = "<group>";
		};
/* End PBXGroup section */

/* Begin PBXNativeTarget section */
		CB0AED38232E59A10047A8A0 /* altgtu */ = {
			isa = PBXNativeTarget;
			buildConfigurationList = CB0AED50232E59A30047A8A0 /* Build configuration list for PBXNativeTarget "altgtu" */;
			buildPhases = (
				EC4ADE232421431A244A74BE /* [CP] Check Pods Manifest.lock */,
				CB0AED35232E59A10047A8A0 /* Sources */,
				CB0AED36232E59A10047A8A0 /* Frameworks */,
				CB0AED37232E59A10047A8A0 /* Resources */,
				7674E8C86BF4E9E78518AB40 /* [CP] Embed Pods Frameworks */,
				CB25040C23505E1600D2E41A /* Embed Watch Content */,
				CB6777A5236046610019D6B6 /* Embed App Extensions */,
			);
			buildRules = (
			);
			dependencies = (
				CBE665FE23543A1500C43811 /* PBXTargetDependency */,
				CB32DB0223A0B64800B25626 /* PBXTargetDependency */,
			);
			name = altgtu;
			packageProductDependencies = (
				CB6D3F70235AC6F200E65661 /* Lottie */,
				CB67778F23603B7F0019D6B6 /* KeyboardObserving */,
				CB8EF87A23C86B6E00992764 /* CodeScanner */,
				CB4874AE23D3732200DEB38F /* KingfisherSwiftUI */,
				CB37694823E40D860015B61E /* PartialSheet */,
				CBCA4C5223F7FE7E0018168D /* Alamofire */,
				CB6AC62F2408F4FE00D0E482 /* SPAlert */,
				CB9B90EC241090AF006CF9BF /* Purchases */,
			);
			productName = altgtu;
			productReference = CB0AED39232E59A10047A8A0 /* АлтГТУ.app */;
			productType = "com.apple.product-type.application";
		};
		CB32DAF723A0B64800B25626 /* altgtuTodayWidget */ = {
			isa = PBXNativeTarget;
			buildConfigurationList = CB32DB0423A0B64900B25626 /* Build configuration list for PBXNativeTarget "altgtuTodayWidget" */;
			buildPhases = (
				CB32DAF423A0B64800B25626 /* Sources */,
				CB32DAF523A0B64800B25626 /* Frameworks */,
				CB32DAF623A0B64800B25626 /* Resources */,
			);
			buildRules = (
			);
			dependencies = (
			);
			name = altgtuTodayWidget;
			packageProductDependencies = (
			);
			productName = altgtuTodayWidget;
			productReference = CB32DAF823A0B64800B25626 /* Расписание.appex */;
			productType = "com.apple.product-type.app-extension";
		};
		CBE665DA23543A1000C43811 /* altgtuWatchApp */ = {
			isa = PBXNativeTarget;
			buildConfigurationList = CBE6660423543A1500C43811 /* Build configuration list for PBXNativeTarget "altgtuWatchApp" */;
			buildPhases = (
				CBE665D923543A1000C43811 /* Resources */,
				CBE6660323543A1500C43811 /* Embed App Extensions */,
				C6328400BFC3FC0D3EC3D205 /* Frameworks */,
			);
			buildRules = (
			);
			dependencies = (
				CBE665EA23543A1400C43811 /* PBXTargetDependency */,
			);
			name = altgtuWatchApp;
			productName = altgtuWatchApp;
			productReference = CBE665DB23543A1000C43811 /* altgtuWatchApp.app */;
			productType = "com.apple.product-type.application.watchapp2";
		};
		CBE665E623543A1400C43811 /* altgtuWatchApp Extension */ = {
			isa = PBXNativeTarget;
			buildConfigurationList = CBE6660023543A1500C43811 /* Build configuration list for PBXNativeTarget "altgtuWatchApp Extension" */;
			buildPhases = (
				CBE665E323543A1400C43811 /* Sources */,
				CBE665E423543A1400C43811 /* Frameworks */,
				CBE665E523543A1400C43811 /* Resources */,
			);
			buildRules = (
			);
			dependencies = (
			);
			name = "altgtuWatchApp Extension";
			packageProductDependencies = (
				CB609F88240662FE009A6389 /* Alamofire */,
			);
			productName = "altgtuWatchApp Extension";
			productReference = CBE665E723543A1400C43811 /* altgtuWatchApp Extension.appex */;
			productType = "com.apple.product-type.watchkit2-extension";
		};
/* End PBXNativeTarget section */

/* Begin PBXProject section */
		CB0AED31232E59A10047A8A0 /* Project object */ = {
			isa = PBXProject;
			attributes = {
				LastSwiftUpdateCheck = 1130;
				LastUpgradeCheck = 1100;
				ORGANIZATIONNAME = "Dmitriy Lisin";
				TargetAttributes = {
					CB0AED38232E59A10047A8A0 = {
						CreatedOnToolsVersion = 11.0;
					};
					CB32DAF723A0B64800B25626 = {
						CreatedOnToolsVersion = 11.3;
					};
					CBE665DA23543A1000C43811 = {
						CreatedOnToolsVersion = 11.2;
					};
					CBE665E623543A1400C43811 = {
						CreatedOnToolsVersion = 11.2;
					};
				};
			};
			buildConfigurationList = CB0AED34232E59A10047A8A0 /* Build configuration list for PBXProject "altgtu" */;
			compatibilityVersion = "Xcode 11.0";
			developmentRegion = en;
			hasScannedForEncodings = 0;
			knownRegions = (
				en,
				Base,
			);
			mainGroup = CB0AED30232E59A10047A8A0;
			packageReferences = (
				CB6D3F6F235AC6F200E65661 /* XCRemoteSwiftPackageReference "lottie-ios" */,
				CB67778E23603B7F0019D6B6 /* XCRemoteSwiftPackageReference "KeyboardObserving" */,
				CB8EF87923C86B6E00992764 /* XCRemoteSwiftPackageReference "CodeScanner" */,
				CB4874AD23D3732200DEB38F /* XCRemoteSwiftPackageReference "Kingfisher" */,
				CB37694723E40D860015B61E /* XCRemoteSwiftPackageReference "PartialSheet" */,
				CBCA4C5123F7FE7E0018168D /* XCRemoteSwiftPackageReference "Alamofire" */,
				CB6AC62E2408F4FE00D0E482 /* XCRemoteSwiftPackageReference "SPAlert" */,
				CB9B90EB241090AF006CF9BF /* XCRemoteSwiftPackageReference "purchases-ios" */,
			);
			productRefGroup = CB0AED3A232E59A10047A8A0 /* Products */;
			projectDirPath = "";
			projectRoot = "";
			targets = (
				CB0AED38232E59A10047A8A0 /* altgtu */,
				CBE665DA23543A1000C43811 /* altgtuWatchApp */,
				CBE665E623543A1400C43811 /* altgtuWatchApp Extension */,
				CB32DAF723A0B64800B25626 /* altgtuTodayWidget */,
			);
		};
/* End PBXProject section */

/* Begin PBXResourcesBuildPhase section */
		CB0AED37232E59A10047A8A0 /* Resources */ = {
			isa = PBXResourcesBuildPhase;
			buildActionMask = 2147483647;
			files = (
				CB0AED4C232E59A30047A8A0 /* LaunchScreen.storyboard in Resources */,
				CB0AED49232E59A30047A8A0 /* Preview Assets.xcassets in Resources */,
				CB5D2588240E0C3E00F5643F /* bert-base-uncased-vocab.txt in Resources */,
				CB0AED46232E59A30047A8A0 /* Assets.xcassets in Resources */,
				CB37695A23E5CD850015B61E /* altIconApp@3x.png in Resources */,
				CB37695823E5CD7E0015B61E /* altIconApp@2x.png in Resources */,
				CB37695C23E5CD9F0015B61E /* altIconApp.png in Resources */,
				CB93672623DEC9FA0098E4DC /* 14571-search-loading-animation.json in Resources */,
				CB0AED8E232E5BA80047A8A0 /* GoogleService-Info.plist in Resources */,
			);
			runOnlyForDeploymentPostprocessing = 0;
		};
		CB32DAF623A0B64800B25626 /* Resources */ = {
			isa = PBXResourcesBuildPhase;
			buildActionMask = 2147483647;
			files = (
				CB32DAFF23A0B64800B25626 /* MainInterface.storyboard in Resources */,
			);
			runOnlyForDeploymentPostprocessing = 0;
		};
		CBE665D923543A1000C43811 /* Resources */ = {
			isa = PBXResourcesBuildPhase;
			buildActionMask = 2147483647;
			files = (
				CBE665E123543A1400C43811 /* Assets.xcassets in Resources */,
				CBE665DF23543A1000C43811 /* Interface.storyboard in Resources */,
			);
			runOnlyForDeploymentPostprocessing = 0;
		};
		CBE665E523543A1400C43811 /* Resources */ = {
			isa = PBXResourcesBuildPhase;
			buildActionMask = 2147483647;
			files = (
				CBE665FA23543A1500C43811 /* Preview Assets.xcassets in Resources */,
				CBE665F723543A1500C43811 /* Assets.xcassets in Resources */,
			);
			runOnlyForDeploymentPostprocessing = 0;
		};
/* End PBXResourcesBuildPhase section */

/* Begin PBXShellScriptBuildPhase section */
		7674E8C86BF4E9E78518AB40 /* [CP] Embed Pods Frameworks */ = {
			isa = PBXShellScriptBuildPhase;
			buildActionMask = 2147483647;
			files = (
			);
			inputFileListPaths = (
				"${PODS_ROOT}/Target Support Files/Pods-altgtu/Pods-altgtu-frameworks-${CONFIGURATION}-input-files.xcfilelist",
			);
			name = "[CP] Embed Pods Frameworks";
			outputFileListPaths = (
				"${PODS_ROOT}/Target Support Files/Pods-altgtu/Pods-altgtu-frameworks-${CONFIGURATION}-output-files.xcfilelist",
			);
			runOnlyForDeploymentPostprocessing = 0;
			shellPath = /bin/sh;
			shellScript = "\"${PODS_ROOT}/Target Support Files/Pods-altgtu/Pods-altgtu-frameworks.sh\"\n";
			showEnvVarsInLog = 0;
		};
		EC4ADE232421431A244A74BE /* [CP] Check Pods Manifest.lock */ = {
			isa = PBXShellScriptBuildPhase;
			buildActionMask = 2147483647;
			files = (
			);
			inputFileListPaths = (
			);
			inputPaths = (
				"${PODS_PODFILE_DIR_PATH}/Podfile.lock",
				"${PODS_ROOT}/Manifest.lock",
			);
			name = "[CP] Check Pods Manifest.lock";
			outputFileListPaths = (
			);
			outputPaths = (
				"$(DERIVED_FILE_DIR)/Pods-altgtu-checkManifestLockResult.txt",
			);
			runOnlyForDeploymentPostprocessing = 0;
			shellPath = /bin/sh;
			shellScript = "diff \"${PODS_PODFILE_DIR_PATH}/Podfile.lock\" \"${PODS_ROOT}/Manifest.lock\" > /dev/null\nif [ $? != 0 ] ; then\n    # print error to STDERR\n    echo \"error: The sandbox is not in sync with the Podfile.lock. Run 'pod install' or update your CocoaPods installation.\" >&2\n    exit 1\nfi\n# This output is used by Xcode 'outputs' to avoid re-running this script phase.\necho \"SUCCESS\" > \"${SCRIPT_OUTPUT_FILE_0}\"\n";
			showEnvVarsInLog = 0;
		};
/* End PBXShellScriptBuildPhase section */

/* Begin PBXSourcesBuildPhase section */
		CB0AED35232E59A10047A8A0 /* Sources */ = {
			isa = PBXSourcesBuildPhase;
			buildActionMask = 2147483647;
			files = (
				CBDE62952352129E00E588EC /* PickerStore.swift in Sources */,
				CB6D3F7F235B118200E65661 /* CardList.swift in Sources */,
				CB97AFB523E91FF400921F0F /* PrivacySplashScreen.swift in Sources */,
				CBE010EA23ACC0D6009DB0E8 /* Changelog.swift in Sources */,
				CB11A8CE23E1E1D4006E568C /* ChatView.swift in Sources */,
				CB0AED7A232E5AC50047A8A0 /* LoginScreen.swift in Sources */,
				CBA7270E23DE796E0094372B /* NoteEmpty.swift in Sources */,
				CB11A8CC23E1DF4C006E568C /* ChatEmpty.swift in Sources */,
				CBB01FE623B4553E001D4CBB /* NoteView.swift in Sources */,
				CB3BFAD2239E37DA00894DFA /* LinkedAccounts.swift in Sources */,
				CB12E7EE23596F9E00115B2E /* MessageList.swift in Sources */,
				CB0AED69232E5A7B0047A8A0 /* ScheduleList.swift in Sources */,
				CB56F589241B3A3900868B09 /* DateStore.swift in Sources */,
				CBE010E623AC73A2009DB0E8 /* DetailsNews.swift in Sources */,
				CB5ED66F23F4F5EE00A28A6D /* ChatTextField.swift in Sources */,
				CB6704EC23712F4000F875C3 /* NotificationStore.swift in Sources */,
				CB4874C123D813C300DEB38F /* ImageCacheStore.swift in Sources */,
				CB6EBF472390276B00D9E771 /* License.swift in Sources */,
				CB179AC623CC07B500424FD2 /* NFCStore.swift in Sources */,
				CB4874B523D6BE3200DEB38F /* SignInWithAppleButton.swift in Sources */,
				CBA7271223DE8AEF0094372B /* SearchBar.swift in Sources */,
				CB0AED3D232E59A10047A8A0 /* AppDelegate.swift in Sources */,
				CB9C08BC23B9DA24006743F9 /* NoteStore.swift in Sources */,
				CB0AED8A232E5B080047A8A0 /* Tabbed.swift in Sources */,
				CBD896B42378FDEC008CF480 /* ActivityIndicator.swift in Sources */,
				CB5D2580240E08E800F5643F /* BERTOutput.swift in Sources */,
				CB0AED6A232E5A7B0047A8A0 /* Schedule.swift in Sources */,
				CB4C4FDE23C5B3D400397105 /* FirebaseErrorTranslate.swift in Sources */,
				CB0AED78232E5AC50047A8A0 /* CustomButton.swift in Sources */,
				CBABB12A2366F5420087AD18 /* MessageView.swift in Sources */,
				CB5D2584240E094E00F5643F /* TokenizedString.swift in Sources */,
				CB0AED79232E5AC50047A8A0 /* SessionStore.swift in Sources */,
				CBA7270C23DE78E50094372B /* NoteList.swift in Sources */,
				CBCE55252407A88C00B8B368 /* PermissionSplashScreen.swift in Sources */,
				CB4FA013234396110049D271 /* ProfileImage.swift in Sources */,
				CB4874A423D08DCD00DEB38F /* UnsplashImagePicker.swift in Sources */,
				CB6D3F73235ADC6300E65661 /* CardView.swift in Sources */,
				CBE4F5522367DC8A00E4D0C6 /* ChatStore.swift in Sources */,
				CB0AED5F232E5A210047A8A0 /* RootView.swift in Sources */,
				CBA7271023DE79960094372B /* NoteLoading.swift in Sources */,
				CB76FDBB23C345BE00FDDE5E /* Credential.swift in Sources */,
				CB0AED85232E5AF90047A8A0 /* SplashScreen.swift in Sources */,
				CB5DE180236AB98D001AC3E3 /* ChatList.swift in Sources */,
				CB8EF87823C85D6D00992764 /* QRReader.swift in Sources */,
				CB5D257E240E08B000F5643F /* BERTInput.swift in Sources */,
				CB179AD223CC331B00424FD2 /* CircleProgress.swift in Sources */,
				CB5D2582240E090800F5643F /* BERTVocabulary.swift in Sources */,
				CB11A8CA23E1DEEB006E568C /* ChatLoading.swift in Sources */,
				CB4377B823DFDC200002C47C /* SettingView.swift in Sources */,
				CBB273EF23CD862000030050 /* PencilKitCanvas.swift in Sources */,
				CB37694623E3F54F0015B61E /* ChangeIcons.swift in Sources */,
				CB1F6DA92338DDB000604C50 /* ScheduleDetail.swift in Sources */,
				CB5D2586240E0B4B00F5643F /* BERTSQUADFP16.mlmodel in Sources */,
				CB457CCE241E3D6900DBBCC9 /* MailFeedback.swift in Sources */,
				CB0AED7F232E5AE20047A8A0 /* LottieView.swift in Sources */,
				CBC161B623F999F000ED3B50 /* SubscriptionSplashScreen.swift in Sources */,
				CBF0EE2023A37A34006CC917 /* BioAndCodeSecure.swift in Sources */,
				CBF1E0D7233C6E250009E3BE /* ImagePicker.swift in Sources */,
				CB9BBDCC234C6DDC00F89529 /* ScheduleStore.swift in Sources */,
				CBDE629323520D2600E588EC /* ModelPicker.swift in Sources */,
				CBF0EE1A23A340B8006CC917 /* KeyPadButton.swift in Sources */,
				CB5D257C240E084F00F5643F /* BERT.swift in Sources */,
				CB31F0C023FEC1C7003EF59D /* PurchasesStore.swift in Sources */,
				CB0AED3F232E59A10047A8A0 /* SceneDelegate.swift in Sources */,
				CBFF1700239F861C0030FBA3 /* LoadingScreen.swift in Sources */,
				CB97AFBC23EAA12B00921F0F /* TextView.swift in Sources */,
				CBF0EE1E23A341DD006CC917 /* SecureView.swift in Sources */,
				CB4FA0112343960A0049D271 /* ProfileView.swift in Sources */,
				CB37694123E2CA3D0015B61E /* Extensions.swift in Sources */,
				CB179ACB23CC182F00424FD2 /* Banner.swift in Sources */,
				CB0AED77232E5AC50047A8A0 /* CustomInput.swift in Sources */,
				CB6D3F7D235B0E6200E65661 /* NewsStore.swift in Sources */,
			);
			runOnlyForDeploymentPostprocessing = 0;
		};
		CB32DAF423A0B64800B25626 /* Sources */ = {
			isa = PBXSourcesBuildPhase;
			buildActionMask = 2147483647;
			files = (
				CBE3554723CEEC3E00F608F4 /* TodayWidgetView.swift in Sources */,
				CB32DAFC23A0B64800B25626 /* TodayViewController.swift in Sources */,
			);
			runOnlyForDeploymentPostprocessing = 0;
		};
		CBE665E323543A1400C43811 /* Sources */ = {
			isa = PBXSourcesBuildPhase;
			buildActionMask = 2147483647;
			files = (
				CB27619A2355A9A00054C753 /* ScheduleListWatch.swift in Sources */,
				CBE665EF23543A1400C43811 /* HostingController.swift in Sources */,
				CBE665ED23543A1400C43811 /* LoginScreenWatch.swift in Sources */,
				CBE665F323543A1400C43811 /* NotificationController.swift in Sources */,
				CBE665F123543A1400C43811 /* ExtensionDelegate.swift in Sources */,
				CB609F842406628B009A6389 /* Schedule.swift in Sources */,
				CBCE3278241F9F5200844197 /* MenuWatch.swift in Sources */,
				CB609F8624066297009A6389 /* ScheduleStore.swift in Sources */,
				CB609F8724066299009A6389 /* ScheduleDetail.swift in Sources */,
				CBE665F523543A1400C43811 /* NotificationView.swift in Sources */,
			);
			runOnlyForDeploymentPostprocessing = 0;
		};
/* End PBXSourcesBuildPhase section */

/* Begin PBXTargetDependency section */
		CB32DB0223A0B64800B25626 /* PBXTargetDependency */ = {
			isa = PBXTargetDependency;
			platformFilter = ios;
			target = CB32DAF723A0B64800B25626 /* altgtuTodayWidget */;
			targetProxy = CB32DB0123A0B64800B25626 /* PBXContainerItemProxy */;
		};
		CBE665EA23543A1400C43811 /* PBXTargetDependency */ = {
			isa = PBXTargetDependency;
			target = CBE665E623543A1400C43811 /* altgtuWatchApp Extension */;
			targetProxy = CBE665E923543A1400C43811 /* PBXContainerItemProxy */;
		};
		CBE665FE23543A1500C43811 /* PBXTargetDependency */ = {
			isa = PBXTargetDependency;
			platformFilter = ios;
			target = CBE665DA23543A1000C43811 /* altgtuWatchApp */;
			targetProxy = CBE665FD23543A1500C43811 /* PBXContainerItemProxy */;
		};
/* End PBXTargetDependency section */

/* Begin PBXVariantGroup section */
		CB0AED4A232E59A30047A8A0 /* LaunchScreen.storyboard */ = {
			isa = PBXVariantGroup;
			children = (
				CB0AED4B232E59A30047A8A0 /* Base */,
			);
			name = LaunchScreen.storyboard;
			sourceTree = "<group>";
		};
		CB32DAFD23A0B64800B25626 /* MainInterface.storyboard */ = {
			isa = PBXVariantGroup;
			children = (
				CB32DAFE23A0B64800B25626 /* Base */,
			);
			name = MainInterface.storyboard;
			sourceTree = "<group>";
		};
		CBE665DD23543A1000C43811 /* Interface.storyboard */ = {
			isa = PBXVariantGroup;
			children = (
				CBE665DE23543A1000C43811 /* Base */,
			);
			name = Interface.storyboard;
			sourceTree = "<group>";
		};
/* End PBXVariantGroup section */

/* Begin XCBuildConfiguration section */
		CB0AED4E232E59A30047A8A0 /* Debug */ = {
			isa = XCBuildConfiguration;
			buildSettings = {
				ALWAYS_SEARCH_USER_PATHS = NO;
				CLANG_ANALYZER_NONNULL = YES;
				CLANG_ANALYZER_NUMBER_OBJECT_CONVERSION = YES_AGGRESSIVE;
				CLANG_CXX_LANGUAGE_STANDARD = "gnu++14";
				CLANG_CXX_LIBRARY = "libc++";
				CLANG_ENABLE_MODULES = YES;
				CLANG_ENABLE_OBJC_ARC = YES;
				CLANG_ENABLE_OBJC_WEAK = YES;
				CLANG_WARN_BLOCK_CAPTURE_AUTORELEASING = YES;
				CLANG_WARN_BOOL_CONVERSION = YES;
				CLANG_WARN_COMMA = YES;
				CLANG_WARN_CONSTANT_CONVERSION = YES;
				CLANG_WARN_DEPRECATED_OBJC_IMPLEMENTATIONS = YES;
				CLANG_WARN_DIRECT_OBJC_ISA_USAGE = YES_ERROR;
				CLANG_WARN_DOCUMENTATION_COMMENTS = YES;
				CLANG_WARN_EMPTY_BODY = YES;
				CLANG_WARN_ENUM_CONVERSION = YES;
				CLANG_WARN_INFINITE_RECURSION = YES;
				CLANG_WARN_INT_CONVERSION = YES;
				CLANG_WARN_NON_LITERAL_NULL_CONVERSION = YES;
				CLANG_WARN_OBJC_IMPLICIT_RETAIN_SELF = YES;
				CLANG_WARN_OBJC_LITERAL_CONVERSION = YES;
				CLANG_WARN_OBJC_ROOT_CLASS = YES_ERROR;
				CLANG_WARN_RANGE_LOOP_ANALYSIS = YES;
				CLANG_WARN_STRICT_PROTOTYPES = YES;
				CLANG_WARN_SUSPICIOUS_MOVE = YES;
				CLANG_WARN_UNGUARDED_AVAILABILITY = YES_AGGRESSIVE;
				CLANG_WARN_UNREACHABLE_CODE = YES;
				CLANG_WARN__DUPLICATE_METHOD_MATCH = YES;
				COPY_PHASE_STRIP = NO;
				DEBUG_INFORMATION_FORMAT = dwarf;
				ENABLE_STRICT_OBJC_MSGSEND = YES;
				ENABLE_TESTABILITY = YES;
				GCC_C_LANGUAGE_STANDARD = gnu11;
				GCC_DYNAMIC_NO_PIC = NO;
				GCC_NO_COMMON_BLOCKS = YES;
				GCC_OPTIMIZATION_LEVEL = 0;
				GCC_PREPROCESSOR_DEFINITIONS = (
					"DEBUG=1",
					"$(inherited)",
				);
				GCC_WARN_64_TO_32_BIT_CONVERSION = YES;
				GCC_WARN_ABOUT_RETURN_TYPE = YES_ERROR;
				GCC_WARN_UNDECLARED_SELECTOR = YES;
				GCC_WARN_UNINITIALIZED_AUTOS = YES_AGGRESSIVE;
				GCC_WARN_UNUSED_FUNCTION = YES;
				GCC_WARN_UNUSED_VARIABLE = YES;
				IPHONEOS_DEPLOYMENT_TARGET = 13.4;
				MTL_ENABLE_DEBUG_INFO = INCLUDE_SOURCE;
				MTL_FAST_MATH = YES;
				ONLY_ACTIVE_ARCH = YES;
				SDKROOT = iphoneos;
				SWIFT_ACTIVE_COMPILATION_CONDITIONS = DEBUG;
				SWIFT_OPTIMIZATION_LEVEL = "-Onone";
			};
			name = Debug;
		};
		CB0AED4F232E59A30047A8A0 /* Release */ = {
			isa = XCBuildConfiguration;
			buildSettings = {
				ALWAYS_SEARCH_USER_PATHS = NO;
				CLANG_ANALYZER_NONNULL = YES;
				CLANG_ANALYZER_NUMBER_OBJECT_CONVERSION = YES_AGGRESSIVE;
				CLANG_CXX_LANGUAGE_STANDARD = "gnu++14";
				CLANG_CXX_LIBRARY = "libc++";
				CLANG_ENABLE_MODULES = YES;
				CLANG_ENABLE_OBJC_ARC = YES;
				CLANG_ENABLE_OBJC_WEAK = YES;
				CLANG_WARN_BLOCK_CAPTURE_AUTORELEASING = YES;
				CLANG_WARN_BOOL_CONVERSION = YES;
				CLANG_WARN_COMMA = YES;
				CLANG_WARN_CONSTANT_CONVERSION = YES;
				CLANG_WARN_DEPRECATED_OBJC_IMPLEMENTATIONS = YES;
				CLANG_WARN_DIRECT_OBJC_ISA_USAGE = YES_ERROR;
				CLANG_WARN_DOCUMENTATION_COMMENTS = YES;
				CLANG_WARN_EMPTY_BODY = YES;
				CLANG_WARN_ENUM_CONVERSION = YES;
				CLANG_WARN_INFINITE_RECURSION = YES;
				CLANG_WARN_INT_CONVERSION = YES;
				CLANG_WARN_NON_LITERAL_NULL_CONVERSION = YES;
				CLANG_WARN_OBJC_IMPLICIT_RETAIN_SELF = YES;
				CLANG_WARN_OBJC_LITERAL_CONVERSION = YES;
				CLANG_WARN_OBJC_ROOT_CLASS = YES_ERROR;
				CLANG_WARN_RANGE_LOOP_ANALYSIS = YES;
				CLANG_WARN_STRICT_PROTOTYPES = YES;
				CLANG_WARN_SUSPICIOUS_MOVE = YES;
				CLANG_WARN_UNGUARDED_AVAILABILITY = YES_AGGRESSIVE;
				CLANG_WARN_UNREACHABLE_CODE = YES;
				CLANG_WARN__DUPLICATE_METHOD_MATCH = YES;
				COPY_PHASE_STRIP = NO;
				DEBUG_INFORMATION_FORMAT = "dwarf-with-dsym";
				ENABLE_NS_ASSERTIONS = NO;
				ENABLE_STRICT_OBJC_MSGSEND = YES;
				GCC_C_LANGUAGE_STANDARD = gnu11;
				GCC_NO_COMMON_BLOCKS = YES;
				GCC_WARN_64_TO_32_BIT_CONVERSION = YES;
				GCC_WARN_ABOUT_RETURN_TYPE = YES_ERROR;
				GCC_WARN_UNDECLARED_SELECTOR = YES;
				GCC_WARN_UNINITIALIZED_AUTOS = YES_AGGRESSIVE;
				GCC_WARN_UNUSED_FUNCTION = YES;
				GCC_WARN_UNUSED_VARIABLE = YES;
				IPHONEOS_DEPLOYMENT_TARGET = 13.4;
				MTL_ENABLE_DEBUG_INFO = NO;
				MTL_FAST_MATH = YES;
				SDKROOT = iphoneos;
				SWIFT_COMPILATION_MODE = wholemodule;
				SWIFT_OPTIMIZATION_LEVEL = "-O";
				VALIDATE_PRODUCT = YES;
			};
			name = Release;
		};
		CB0AED51232E59A30047A8A0 /* Debug */ = {
			isa = XCBuildConfiguration;
			baseConfigurationReference = 35F13788DA4CEA2908B90C7E /* Pods-altgtu.debug.xcconfig */;
			buildSettings = {
				ALWAYS_EMBED_SWIFT_STANDARD_LIBRARIES = YES;
				ASSETCATALOG_COMPILER_APPICON_NAME = AppIcon;
				CODE_SIGN_ENTITLEMENTS = "altgtu/АлтГТУ.entitlements";
				CODE_SIGN_STYLE = Automatic;
				CURRENT_PROJECT_VERSION = 425;
				DEVELOPMENT_ASSET_PATHS = "\"altgtu/Preview Content\"";
				DEVELOPMENT_TEAM = 48HFZR3X8K;
				ENABLE_PREVIEWS = YES;
				INFOPLIST_FILE = altgtu/Info.plist;
				IPHONEOS_DEPLOYMENT_TARGET = 13.4;
				LD_RUNPATH_SEARCH_PATHS = (
					"$(inherited)",
					"@executable_path/Frameworks",
				);
				MARKETING_VERSION = 0.5.3;
				PRODUCT_BUNDLE_IDENTIFIER = com.darkfox.altgtu;
				PRODUCT_NAME = "АлтГТУ";
				SUPPORTS_MACCATALYST = NO;
				SWIFT_VERSION = 5.0;
				TARGETED_DEVICE_FAMILY = "1,2";
			};
			name = Debug;
		};
		CB0AED52232E59A30047A8A0 /* Release */ = {
			isa = XCBuildConfiguration;
			baseConfigurationReference = AF22E3F9E3E8C9DC5EFA38C2 /* Pods-altgtu.release.xcconfig */;
			buildSettings = {
				ALWAYS_EMBED_SWIFT_STANDARD_LIBRARIES = YES;
				ASSETCATALOG_COMPILER_APPICON_NAME = AppIcon;
				CODE_SIGN_ENTITLEMENTS = "altgtu/АлтГТУ.entitlements";
				CODE_SIGN_STYLE = Automatic;
				CURRENT_PROJECT_VERSION = 425;
				DEVELOPMENT_ASSET_PATHS = "\"altgtu/Preview Content\"";
				DEVELOPMENT_TEAM = 48HFZR3X8K;
				ENABLE_PREVIEWS = YES;
				INFOPLIST_FILE = altgtu/Info.plist;
				IPHONEOS_DEPLOYMENT_TARGET = 13.4;
				LD_RUNPATH_SEARCH_PATHS = (
					"$(inherited)",
					"@executable_path/Frameworks",
				);
				MARKETING_VERSION = 0.5.3;
				PRODUCT_BUNDLE_IDENTIFIER = com.darkfox.altgtu;
				PRODUCT_NAME = "АлтГТУ";
				SUPPORTS_MACCATALYST = NO;
				SWIFT_VERSION = 5.0;
				TARGETED_DEVICE_FAMILY = "1,2";
			};
			name = Release;
		};
		CB32DB0523A0B64900B25626 /* Debug */ = {
			isa = XCBuildConfiguration;
			buildSettings = {
				CODE_SIGN_STYLE = Automatic;
				CURRENT_PROJECT_VERSION = 425;
				DEVELOPMENT_TEAM = 48HFZR3X8K;
				INFOPLIST_FILE = altgtuTodayWidget/Info.plist;
				IPHONEOS_DEPLOYMENT_TARGET = 13.4;
				LD_RUNPATH_SEARCH_PATHS = (
					"$(inherited)",
					"@executable_path/Frameworks",
					"@executable_path/../../Frameworks",
				);
				MARKETING_VERSION = 0.5.3;
				PRODUCT_BUNDLE_IDENTIFIER = com.darkfox.altgtu.altgtuTodayWidget;
				PRODUCT_NAME = "Расписание";
				SKIP_INSTALL = YES;
				SUPPORTS_MACCATALYST = NO;
				SWIFT_VERSION = 5.0;
				TARGETED_DEVICE_FAMILY = "1,2";
			};
			name = Debug;
		};
		CB32DB0623A0B64900B25626 /* Release */ = {
			isa = XCBuildConfiguration;
			buildSettings = {
				CODE_SIGN_STYLE = Automatic;
				CURRENT_PROJECT_VERSION = 425;
				DEVELOPMENT_TEAM = 48HFZR3X8K;
				INFOPLIST_FILE = altgtuTodayWidget/Info.plist;
				IPHONEOS_DEPLOYMENT_TARGET = 13.4;
				LD_RUNPATH_SEARCH_PATHS = (
					"$(inherited)",
					"@executable_path/Frameworks",
					"@executable_path/../../Frameworks",
				);
				MARKETING_VERSION = 0.5.3;
				PRODUCT_BUNDLE_IDENTIFIER = com.darkfox.altgtu.altgtuTodayWidget;
				PRODUCT_NAME = "Расписание";
				SKIP_INSTALL = YES;
				SUPPORTS_MACCATALYST = NO;
				SWIFT_VERSION = 5.0;
				TARGETED_DEVICE_FAMILY = "1,2";
			};
			name = Release;
		};
		CBE6660123543A1500C43811 /* Debug */ = {
			isa = XCBuildConfiguration;
			buildSettings = {
				ASSETCATALOG_COMPILER_COMPLICATION_NAME = Complication;
				CODE_SIGN_STYLE = Automatic;
				CURRENT_PROJECT_VERSION = 425;
				DEVELOPMENT_ASSET_PATHS = "\"altgtuWatchApp Extension/Preview Content\"";
				DEVELOPMENT_TEAM = 48HFZR3X8K;
				ENABLE_PREVIEWS = YES;
				INFOPLIST_FILE = "altgtuWatchApp Extension/Info.plist";
				LD_RUNPATH_SEARCH_PATHS = (
					"$(inherited)",
					"@executable_path/Frameworks",
					"@executable_path/../../Frameworks",
				);
				MARKETING_VERSION = 0.5.3;
				PRODUCT_BUNDLE_IDENTIFIER = com.darkfox.altgtu.watchkitapp.watchkitextension;
				PRODUCT_NAME = "${TARGET_NAME}";
				SDKROOT = watchos;
				SKIP_INSTALL = YES;
				SWIFT_VERSION = 5.0;
				TARGETED_DEVICE_FAMILY = 4;
				WATCHOS_DEPLOYMENT_TARGET = 6.2;
			};
			name = Debug;
		};
		CBE6660223543A1500C43811 /* Release */ = {
			isa = XCBuildConfiguration;
			buildSettings = {
				ASSETCATALOG_COMPILER_COMPLICATION_NAME = Complication;
				CODE_SIGN_STYLE = Automatic;
				CURRENT_PROJECT_VERSION = 425;
				DEVELOPMENT_ASSET_PATHS = "\"altgtuWatchApp Extension/Preview Content\"";
				DEVELOPMENT_TEAM = 48HFZR3X8K;
				ENABLE_PREVIEWS = YES;
				INFOPLIST_FILE = "altgtuWatchApp Extension/Info.plist";
				LD_RUNPATH_SEARCH_PATHS = (
					"$(inherited)",
					"@executable_path/Frameworks",
					"@executable_path/../../Frameworks",
				);
				MARKETING_VERSION = 0.5.3;
				PRODUCT_BUNDLE_IDENTIFIER = com.darkfox.altgtu.watchkitapp.watchkitextension;
				PRODUCT_NAME = "${TARGET_NAME}";
				SDKROOT = watchos;
				SKIP_INSTALL = YES;
				SWIFT_VERSION = 5.0;
				TARGETED_DEVICE_FAMILY = 4;
				WATCHOS_DEPLOYMENT_TARGET = 6.2;
			};
			name = Release;
		};
		CBE6660523543A1500C43811 /* Debug */ = {
			isa = XCBuildConfiguration;
			buildSettings = {
				ALWAYS_EMBED_SWIFT_STANDARD_LIBRARIES = YES;
				ASSETCATALOG_COMPILER_APPICON_NAME = AppIcon;
				CODE_SIGN_STYLE = Automatic;
				CURRENT_PROJECT_VERSION = 425;
				DEVELOPMENT_TEAM = 48HFZR3X8K;
				IBSC_MODULE = altgtuWatchApp_Extension;
				INFOPLIST_FILE = altgtuWatchApp/Info.plist;
				MARKETING_VERSION = 0.5.3;
				PRODUCT_BUNDLE_IDENTIFIER = com.darkfox.altgtu.watchkitapp;
				PRODUCT_NAME = "$(TARGET_NAME)";
				SDKROOT = watchos;
				SKIP_INSTALL = YES;
				SWIFT_VERSION = 5.0;
				TARGETED_DEVICE_FAMILY = 4;
				WATCHOS_DEPLOYMENT_TARGET = 6.2;
			};
			name = Debug;
		};
		CBE6660623543A1500C43811 /* Release */ = {
			isa = XCBuildConfiguration;
			buildSettings = {
				ALWAYS_EMBED_SWIFT_STANDARD_LIBRARIES = YES;
				ASSETCATALOG_COMPILER_APPICON_NAME = AppIcon;
				CODE_SIGN_STYLE = Automatic;
				CURRENT_PROJECT_VERSION = 425;
				DEVELOPMENT_TEAM = 48HFZR3X8K;
				IBSC_MODULE = altgtuWatchApp_Extension;
				INFOPLIST_FILE = altgtuWatchApp/Info.plist;
				MARKETING_VERSION = 0.5.3;
				PRODUCT_BUNDLE_IDENTIFIER = com.darkfox.altgtu.watchkitapp;
				PRODUCT_NAME = "$(TARGET_NAME)";
				SDKROOT = watchos;
				SKIP_INSTALL = YES;
				SWIFT_VERSION = 5.0;
				TARGETED_DEVICE_FAMILY = 4;
				WATCHOS_DEPLOYMENT_TARGET = 6.2;
			};
			name = Release;
		};
/* End XCBuildConfiguration section */

/* Begin XCConfigurationList section */
		CB0AED34232E59A10047A8A0 /* Build configuration list for PBXProject "altgtu" */ = {
			isa = XCConfigurationList;
			buildConfigurations = (
				CB0AED4E232E59A30047A8A0 /* Debug */,
				CB0AED4F232E59A30047A8A0 /* Release */,
			);
			defaultConfigurationIsVisible = 0;
			defaultConfigurationName = Release;
		};
		CB0AED50232E59A30047A8A0 /* Build configuration list for PBXNativeTarget "altgtu" */ = {
			isa = XCConfigurationList;
			buildConfigurations = (
				CB0AED51232E59A30047A8A0 /* Debug */,
				CB0AED52232E59A30047A8A0 /* Release */,
			);
			defaultConfigurationIsVisible = 0;
			defaultConfigurationName = Release;
		};
		CB32DB0423A0B64900B25626 /* Build configuration list for PBXNativeTarget "altgtuTodayWidget" */ = {
			isa = XCConfigurationList;
			buildConfigurations = (
				CB32DB0523A0B64900B25626 /* Debug */,
				CB32DB0623A0B64900B25626 /* Release */,
			);
			defaultConfigurationIsVisible = 0;
			defaultConfigurationName = Release;
		};
		CBE6660023543A1500C43811 /* Build configuration list for PBXNativeTarget "altgtuWatchApp Extension" */ = {
			isa = XCConfigurationList;
			buildConfigurations = (
				CBE6660123543A1500C43811 /* Debug */,
				CBE6660223543A1500C43811 /* Release */,
			);
			defaultConfigurationIsVisible = 0;
			defaultConfigurationName = Release;
		};
		CBE6660423543A1500C43811 /* Build configuration list for PBXNativeTarget "altgtuWatchApp" */ = {
			isa = XCConfigurationList;
			buildConfigurations = (
				CBE6660523543A1500C43811 /* Debug */,
				CBE6660623543A1500C43811 /* Release */,
			);
			defaultConfigurationIsVisible = 0;
			defaultConfigurationName = Release;
		};
/* End XCConfigurationList section */

/* Begin XCRemoteSwiftPackageReference section */
		CB37694723E40D860015B61E /* XCRemoteSwiftPackageReference "PartialSheet" */ = {
			isa = XCRemoteSwiftPackageReference;
			repositoryURL = "https://github.com/AndreaMiotto/PartialSheet";
			requirement = {
				kind = upToNextMajorVersion;
				minimumVersion = 0.1.0;
			};
		};
		CB4874AD23D3732200DEB38F /* XCRemoteSwiftPackageReference "Kingfisher" */ = {
			isa = XCRemoteSwiftPackageReference;
			repositoryURL = "https://github.com/onevcat/Kingfisher.git";
			requirement = {
				kind = upToNextMajorVersion;
				minimumVersion = 5.13.0;
			};
		};
		CB67778E23603B7F0019D6B6 /* XCRemoteSwiftPackageReference "KeyboardObserving" */ = {
			isa = XCRemoteSwiftPackageReference;
			repositoryURL = "https://github.com/nickffox/KeyboardObserving";
			requirement = {
				kind = upToNextMajorVersion;
				minimumVersion = 0.2.1;
			};
		};
		CB6AC62E2408F4FE00D0E482 /* XCRemoteSwiftPackageReference "SPAlert" */ = {
			isa = XCRemoteSwiftPackageReference;
			repositoryURL = "https://github.com/ivanvorobei/SPAlert";
			requirement = {
				kind = upToNextMajorVersion;
				minimumVersion = 2.1.2;
			};
		};
		CB6D3F6F235AC6F200E65661 /* XCRemoteSwiftPackageReference "lottie-ios" */ = {
			isa = XCRemoteSwiftPackageReference;
			repositoryURL = "https://github.com/airbnb/lottie-ios";
			requirement = {
				kind = upToNextMajorVersion;
				minimumVersion = 3.1.5;
			};
		};
		CB8EF87923C86B6E00992764 /* XCRemoteSwiftPackageReference "CodeScanner" */ = {
			isa = XCRemoteSwiftPackageReference;
			repositoryURL = "https://github.com/twostraws/CodeScanner";
			requirement = {
				kind = upToNextMajorVersion;
				minimumVersion = 1.0.2;
			};
		};
		CB9B90EB241090AF006CF9BF /* XCRemoteSwiftPackageReference "purchases-ios" */ = {
			isa = XCRemoteSwiftPackageReference;
			repositoryURL = "https://github.com/RevenueCat/purchases-ios";
			requirement = {
				kind = upToNextMajorVersion;
				minimumVersion = 3.0.4;
			};
		};
		CBCA4C5123F7FE7E0018168D /* XCRemoteSwiftPackageReference "Alamofire" */ = {
			isa = XCRemoteSwiftPackageReference;
			repositoryURL = "https://github.com/Alamofire/Alamofire";
			requirement = {
				kind = upToNextMajorVersion;
				minimumVersion = 5.0.0;
			};
		};
/* End XCRemoteSwiftPackageReference section */

/* Begin XCSwiftPackageProductDependency section */
		CB37694823E40D860015B61E /* PartialSheet */ = {
			isa = XCSwiftPackageProductDependency;
			package = CB37694723E40D860015B61E /* XCRemoteSwiftPackageReference "PartialSheet" */;
			productName = PartialSheet;
		};
		CB4874AE23D3732200DEB38F /* KingfisherSwiftUI */ = {
			isa = XCSwiftPackageProductDependency;
			package = CB4874AD23D3732200DEB38F /* XCRemoteSwiftPackageReference "Kingfisher" */;
			productName = KingfisherSwiftUI;
		};
		CB609F88240662FE009A6389 /* Alamofire */ = {
			isa = XCSwiftPackageProductDependency;
			package = CBCA4C5123F7FE7E0018168D /* XCRemoteSwiftPackageReference "Alamofire" */;
			productName = Alamofire;
		};
		CB67778F23603B7F0019D6B6 /* KeyboardObserving */ = {
			isa = XCSwiftPackageProductDependency;
			package = CB67778E23603B7F0019D6B6 /* XCRemoteSwiftPackageReference "KeyboardObserving" */;
			productName = KeyboardObserving;
		};
		CB6AC62F2408F4FE00D0E482 /* SPAlert */ = {
			isa = XCSwiftPackageProductDependency;
			package = CB6AC62E2408F4FE00D0E482 /* XCRemoteSwiftPackageReference "SPAlert" */;
			productName = SPAlert;
		};
		CB6D3F70235AC6F200E65661 /* Lottie */ = {
			isa = XCSwiftPackageProductDependency;
			package = CB6D3F6F235AC6F200E65661 /* XCRemoteSwiftPackageReference "lottie-ios" */;
			productName = Lottie;
		};
		CB8EF87A23C86B6E00992764 /* CodeScanner */ = {
			isa = XCSwiftPackageProductDependency;
			package = CB8EF87923C86B6E00992764 /* XCRemoteSwiftPackageReference "CodeScanner" */;
			productName = CodeScanner;
		};
		CB9B90EC241090AF006CF9BF /* Purchases */ = {
			isa = XCSwiftPackageProductDependency;
			package = CB9B90EB241090AF006CF9BF /* XCRemoteSwiftPackageReference "purchases-ios" */;
			productName = Purchases;
		};
		CBCA4C5223F7FE7E0018168D /* Alamofire */ = {
			isa = XCSwiftPackageProductDependency;
			package = CBCA4C5123F7FE7E0018168D /* XCRemoteSwiftPackageReference "Alamofire" */;
			productName = Alamofire;
		};
/* End XCSwiftPackageProductDependency section */
	};
	rootObject = CB0AED31232E59A10047A8A0 /* Project object */;
}
