{
  "object": {
    "pins": [
      {
        "package": "Alamofire",
        "repositoryURL": "https://github.com/Alamofire/Alamofire",
        "state": {
          "branch": null,
          "revision": "59037bfd28aa963a7916f1eb22a74107a3522f16",
          "version": "5.0.5"
        }
      },
      {
        "package": "CodeScanner",
        "repositoryURL": "https://github.com/twostraws/CodeScanner",
        "state": {
          "branch": null,
          "revision": "0519543ae943db85b360a96962242887daeca2b5",
          "version": "1.0.3"
        }
      },
      {
        "package": "KeyboardObserving",
        "repositoryURL": "https://github.com/nickffox/KeyboardObserving",
        "state": {
          "branch": null,
          "revision": "6d043ee2402ea4b827601f9b8edcc52a88aabff2",
          "version": "0.2.1"
        }
      },
      {
        "package": "Kingfisher",
        "repositoryURL": "https://github.com/onevcat/Kingfisher.git",
        "state": {
          "branch": null,
          "revision": "56075f629bc3915e1bfa876d175df67e1a7cbe3c",
          "version": "5.13.2"
        }
      },
      {
        "package": "Lottie",
        "repositoryURL": "https://github.com/airbnb/lottie-ios",
        "state": {
          "branch": null,
          "revision": "8f81de8d81da8631fd95ff81a9db133b76e13ea4",
          "version": "3.1.6"
        }
      },
      {
        "package": "PartialSheet",
        "repositoryURL": "https://github.com/AndreaMiotto/PartialSheet",
        "state": {
          "branch": null,
          "revision": "cda3be6f769ec89c48b17317a598ef186c95ca5c",
          "version": "0.1.0"
        }
      },
      {
        "package": "Purchases",
        "repositoryURL": "https://github.com/RevenueCat/purchases-ios",
        "state": {
          "branch": null,
          "revision": "06b709df3dca98bc79fa7b0283eb5cf100874f38",
          "version": "3.1.2"
        }
      },
      {
        "package": "SPAlert",
        "repositoryURL": "https://github.com/ivanvorobei/SPAlert",
        "state": {
          "branch": null,
          "revision": "18862409586ac547bcdf8957cd96beb872fbc729",
          "version": "2.1.4"
        }
      }
    ]
  },
  "version": 1
}
