{
  "object": {
    "pins": [
      {
        "package": "SwiftUICharts",
        "repositoryURL": "https://github.com/AppPear/ChartView.git",
        "state": {
          "branch": null,
          "revision": "20fb782a3ec0f490e7f52b92f8911386a5b13ce9",
          "version": "1.4.2"
        }
      },
      {
        "package": "KeyboardObserving",
        "repositoryURL": "https://github.com/nickffox/KeyboardObserving",
        "state": {
          "branch": null,
          "revision": "6d043ee2402ea4b827601f9b8edcc52a88aabff2",
          "version": "0.2.1"
        }
      },
      {
        "package": "Lottie",
        "repositoryURL": "https://github.com/airbnb/lottie-ios",
        "state": {
          "branch": null,
          "revision": "eb115967234671b725264422d82c9d1d6b226e5a",
          "version": "3.1.5"
        }
      },
      {
        "package": "URLImage",
        "repositoryURL": "https://github.com/dmytro-anokhin/url-image.git",
        "state": {
          "branch": null,
          "revision": "5d3a5dc84f9bdf948d8b136f7a1b0099af68f114",
          "version": "0.9.9"
        }
      }
    ]
  },
  "version": 1
}
