{
  "object": {
    "pins": [
      {
        "package": "SwiftUICharts",
        "repositoryURL": "https://github.com/AppPear/ChartView.git",
        "state": {
          "branch": "master",
          "revision": "37c51d9b468759e3f30d18f9846de8201edb32eb",
          "version": null
        }
      },
      {
        "package": "CodeScanner",
        "repositoryURL": "https://github.com/twostraws/CodeScanner",
        "state": {
          "branch": null,
          "revision": "8b727d7345a1a84d25eb689083b201023c66ed66",
          "version": "1.0.1"
        }
      },
      {
        "package": "KeyboardObserving",
        "repositoryURL": "https://github.com/nickffox/KeyboardObserving",
        "state": {
          "branch": null,
          "revision": "6d043ee2402ea4b827601f9b8edcc52a88aabff2",
          "version": "0.2.1"
        }
      },
      {
        "package": "Kingfisher",
        "repositoryURL": "https://github.com/onevcat/Kingfisher.git",
        "state": {
          "branch": null,
          "revision": "44bfa76787a0f07e4d5ae3304e9d4f631fd519bd",
          "version": "5.13.0"
        }
      },
      {
        "package": "Lottie",
        "repositoryURL": "https://github.com/airbnb/lottie-ios",
        "state": {
          "branch": null,
          "revision": "eb115967234671b725264422d82c9d1d6b226e5a",
          "version": "3.1.5"
        }
      }
    ]
  },
  "version": 1
}
