// !$*UTF8*$!
{
	archiveVersion = 1;
	classes = {
	};
	objectVersion = 54;
	objects = {

/* Begin PBXBuildFile section */
		CB0AED46232E59A30047A8A0 /* Assets.xcassets in Resources */ = {isa = PBXBuildFile; fileRef = CB0AED45232E59A30047A8A0 /* Assets.xcassets */; };
		CB0AED49232E59A30047A8A0 /* Preview Assets.xcassets in Resources */ = {isa = PBXBuildFile; fileRef = CB0AED48232E59A30047A8A0 /* Preview Assets.xcassets */; };
		CB0AED5F232E5A210047A8A0 /* RootView.swift in Sources */ = {isa = PBXBuildFile; fileRef = CB0AED56232E5A210047A8A0 /* RootView.swift */; };
		CB0AED77232E5AC50047A8A0 /* CustomInput.swift in Sources */ = {isa = PBXBuildFile; fileRef = CB0AED73232E5AC50047A8A0 /* CustomInput.swift */; };
		CB0AED78232E5AC50047A8A0 /* CustomButton.swift in Sources */ = {isa = PBXBuildFile; fileRef = CB0AED74232E5AC50047A8A0 /* CustomButton.swift */; };
		CB0AED79232E5AC50047A8A0 /* SessionStore.swift in Sources */ = {isa = PBXBuildFile; fileRef = CB0AED75232E5AC50047A8A0 /* SessionStore.swift */; };
		CB0AED7A232E5AC50047A8A0 /* LoginScreen.swift in Sources */ = {isa = PBXBuildFile; fileRef = CB0AED76232E5AC50047A8A0 /* LoginScreen.swift */; };
		CB0AED8E232E5BA80047A8A0 /* GoogleService-Info.plist in Resources */ = {isa = PBXBuildFile; fileRef = CB0AED8D232E5BA80047A8A0 /* GoogleService-Info.plist */; };
		CB11A8CA23E1DEEB006E568C /* ChatLoading.swift in Sources */ = {isa = PBXBuildFile; fileRef = CB11A8C923E1DEEB006E568C /* ChatLoading.swift */; };
		CB11A8CC23E1DF4C006E568C /* ChatEmpty.swift in Sources */ = {isa = PBXBuildFile; fileRef = CB11A8CB23E1DF4C006E568C /* ChatEmpty.swift */; };
		CB11A8CE23E1E1D4006E568C /* ChatView.swift in Sources */ = {isa = PBXBuildFile; fileRef = CB11A8CD23E1E1D4006E568C /* ChatView.swift */; };
		CB12E7EE23596F9E00115B2E /* MessageList.swift in Sources */ = {isa = PBXBuildFile; fileRef = CB12E7ED23596F9E00115B2E /* MessageList.swift */; };
		CB179ACB23CC182F00424FD2 /* Banner.swift in Sources */ = {isa = PBXBuildFile; fileRef = CB179ACA23CC182F00424FD2 /* Banner.swift */; };
		CB179AD223CC331B00424FD2 /* CircleProgress.swift in Sources */ = {isa = PBXBuildFile; fileRef = CB179AD123CC331B00424FD2 /* CircleProgress.swift */; };
		CB286DB52437159600977D60 /* CalenderTimeSinceNow.swift in Sources */ = {isa = PBXBuildFile; fileRef = CB286DB42437159600977D60 /* CalenderTimeSinceNow.swift */; };
		CB286DC8243782B700977D60 /* NotificationSetting.swift in Sources */ = {isa = PBXBuildFile; fileRef = CB286DC7243782B700977D60 /* NotificationSetting.swift */; };
		CB30FB642424809100F5793E /* String+Emoji.swift in Sources */ = {isa = PBXBuildFile; fileRef = CB30FB632424809100F5793E /* String+Emoji.swift */; };
		CB31F0C023FEC1C7003EF59D /* PurchasesStore.swift in Sources */ = {isa = PBXBuildFile; fileRef = CB31F0BF23FEC1C7003EF59D /* PurchasesStore.swift */; };
		CB37694123E2CA3D0015B61E /* Color.swift in Sources */ = {isa = PBXBuildFile; fileRef = CB37694023E2CA3D0015B61E /* Color.swift */; };
		CB3BFAD2239E37DA00894DFA /* SettingAccount.swift in Sources */ = {isa = PBXBuildFile; fileRef = CB3BFAD1239E37DA00894DFA /* SettingAccount.swift */; };
		CB4377B823DFDC200002C47C /* SettingView.swift in Sources */ = {isa = PBXBuildFile; fileRef = CB4377B723DFDC200002C47C /* SettingView.swift */; };
		CB457CCE241E3D6900DBBCC9 /* MailFeedback.swift in Sources */ = {isa = PBXBuildFile; fileRef = CB457CCD241E3D6900DBBCC9 /* MailFeedback.swift */; };
		CB4874C123D813C300DEB38F /* ImageCacheStore.swift in Sources */ = {isa = PBXBuildFile; fileRef = CB4874C023D813C300DEB38F /* ImageCacheStore.swift */; };
		CB4B930E246CE850006B7008 /* Kingfisher in Frameworks */ = {isa = PBXBuildFile; productRef = CB4B930D246CE850006B7008 /* Kingfisher */; };
		CB4B9310246CE850006B7008 /* KingfisherSwiftUI in Frameworks */ = {isa = PBXBuildFile; productRef = CB4B930F246CE850006B7008 /* KingfisherSwiftUI */; };
		CB4C4FDE23C5B3D400397105 /* FirebaseErrorTranslate.swift in Sources */ = {isa = PBXBuildFile; fileRef = CB4C4FDD23C5B3D400397105 /* FirebaseErrorTranslate.swift */; };
		CB4FA0112343960A0049D271 /* ProfileView.swift in Sources */ = {isa = PBXBuildFile; fileRef = CB4FA0102343960A0049D271 /* ProfileView.swift */; };
		CB4FA013234396110049D271 /* ProfileImage.swift in Sources */ = {isa = PBXBuildFile; fileRef = CB4FA012234396110049D271 /* ProfileImage.swift */; };
		CB56F589241B3A3900868B09 /* Date.swift in Sources */ = {isa = PBXBuildFile; fileRef = CB56F588241B3A3900868B09 /* Date.swift */; };
		CB5DE180236AB98D001AC3E3 /* ChatList.swift in Sources */ = {isa = PBXBuildFile; fileRef = CB5DE17F236AB98D001AC3E3 /* ChatList.swift */; };
		CB5ED66F23F4F5EE00A28A6D /* ChatTextField.swift in Sources */ = {isa = PBXBuildFile; fileRef = CB5ED66E23F4F5EE00A28A6D /* ChatTextField.swift */; };
		CB6704EC23712F4000F875C3 /* NotificationStore.swift in Sources */ = {isa = PBXBuildFile; fileRef = CB6704EB23712F4000F875C3 /* NotificationStore.swift */; };
		CB6AC6302408F4FE00D0E482 /* SPAlert in Frameworks */ = {isa = PBXBuildFile; productRef = CB6AC62F2408F4FE00D0E482 /* SPAlert */; };
		CB7955D6247390FB00670552 /* NativeSearchBar in Frameworks */ = {isa = PBXBuildFile; productRef = CB7955D5247390FB00670552 /* NativeSearchBar */; };
		CB85CDBC249B7EEF00AAEF04 /* BottomSheet in Frameworks */ = {isa = PBXBuildFile; productRef = CB85CDBB249B7EEF00AAEF04 /* BottomSheet */; };
		CB89413A24E649DA008EA334 /* FirebaseFirestore in Frameworks */ = {isa = PBXBuildFile; productRef = CB89413924E649DA008EA334 /* FirebaseFirestore */; };
		CB89413E24E649DA008EA334 /* FirebaseStorage in Frameworks */ = {isa = PBXBuildFile; productRef = CB89413D24E649DA008EA334 /* FirebaseStorage */; };
		CB89414024E649DA008EA334 /* FirebaseCrashlytics in Frameworks */ = {isa = PBXBuildFile; productRef = CB89413F24E649DA008EA334 /* FirebaseCrashlytics */; };
		CB89414424E649DA008EA334 /* FirebaseAuth in Frameworks */ = {isa = PBXBuildFile; productRef = CB89414324E649DA008EA334 /* FirebaseAuth */; };
		CB8B99232422072C00172395 /* ProfileFriends.swift in Sources */ = {isa = PBXBuildFile; fileRef = CB8B99222422072C00172395 /* ProfileFriends.swift */; };
		CB8B992624224F1900172395 /* QRStore.swift in Sources */ = {isa = PBXBuildFile; fileRef = CB8B992524224F1900172395 /* QRStore.swift */; };
		CB8EF87823C85D6D00992764 /* QRReader.swift in Sources */ = {isa = PBXBuildFile; fileRef = CB8EF87723C85D6D00992764 /* QRReader.swift */; };
		CB8EF87B23C86B6E00992764 /* CodeScanner in Frameworks */ = {isa = PBXBuildFile; platformFilter = ios; productRef = CB8EF87A23C86B6E00992764 /* CodeScanner */; };
		CB9B90ED241090AF006CF9BF /* Purchases in Frameworks */ = {isa = PBXBuildFile; productRef = CB9B90EC241090AF006CF9BF /* Purchases */; };
		CBA255F8242B361C00B20C6A /* PlusButton.swift in Sources */ = {isa = PBXBuildFile; fileRef = CBA255F7242B361C00B20C6A /* PlusButton.swift */; };
		CBA6C94F247EBA5A0025A4EC /* Tabbed.swift in Sources */ = {isa = PBXBuildFile; fileRef = CBA6C94E247EBA5A0025A4EC /* Tabbed.swift */; };
		CBABB12A2366F5420087AD18 /* MessageItem.swift in Sources */ = {isa = PBXBuildFile; fileRef = CBABB1292366F5420087AD18 /* MessageItem.swift */; };
		CBC161B623F999F000ED3B50 /* SubscriptionSplashScreen.swift in Sources */ = {isa = PBXBuildFile; fileRef = CBC161B523F999F000ED3B50 /* SubscriptionSplashScreen.swift */; };
		CBCA4C5023F684A60018168D /* StoreKit.framework in Frameworks */ = {isa = PBXBuildFile; fileRef = CBCA4C4F23F684A60018168D /* StoreKit.framework */; };
		CBD6733D2552D9DB00437053 /* FirebaseFirestoreSwift-Beta in Frameworks */ = {isa = PBXBuildFile; productRef = CBD6733C2552D9DB00437053 /* FirebaseFirestoreSwift-Beta */; };
		CBD6733F2552D9E300437053 /* FirebaseStorageSwift-Beta in Frameworks */ = {isa = PBXBuildFile; productRef = CBD6733E2552D9E300437053 /* FirebaseStorageSwift-Beta */; };
		CBD673552552E11500437053 /* StudyHub.swift in Sources */ = {isa = PBXBuildFile; fileRef = CBD673542552E11500437053 /* StudyHub.swift */; };
		CBD673612552E58A00437053 /* FirebaseMessaging in Frameworks */ = {isa = PBXBuildFile; productRef = CBD673602552E58A00437053 /* FirebaseMessaging */; };
		CBE4F5522367DC8A00E4D0C6 /* ChatStore.swift in Sources */ = {isa = PBXBuildFile; fileRef = CBE4F5512367DC8A00E4D0C6 /* ChatStore.swift */; };
		CBF1E0D7233C6E250009E3BE /* ImagePicker.swift in Sources */ = {isa = PBXBuildFile; fileRef = CBF1E0D6233C6E250009E3BE /* ImagePicker.swift */; };
/* End PBXBuildFile section */

/* Begin PBXCopyFilesBuildPhase section */
		CB25040C23505E1600D2E41A /* Embed Watch Content */ = {
			isa = PBXCopyFilesBuildPhase;
			buildActionMask = 2147483647;
			dstPath = "$(CONTENTS_FOLDER_PATH)/Watch";
			dstSubfolderSpec = 16;
			files = (
			);
			name = "Embed Watch Content";
			runOnlyForDeploymentPostprocessing = 0;
		};
		CB286DB72437639700977D60 /* Embed Frameworks */ = {
			isa = PBXCopyFilesBuildPhase;
			buildActionMask = 2147483647;
			dstPath = "";
			dstSubfolderSpec = 10;
			files = (
			);
			name = "Embed Frameworks";
			runOnlyForDeploymentPostprocessing = 0;
		};
		CB6777A5236046610019D6B6 /* Embed App Extensions */ = {
			isa = PBXCopyFilesBuildPhase;
			buildActionMask = 2147483647;
			dstPath = "";
			dstSubfolderSpec = 13;
			files = (
			);
			name = "Embed App Extensions";
			runOnlyForDeploymentPostprocessing = 0;
		};
/* End PBXCopyFilesBuildPhase section */

/* Begin PBXFileReference section */
		CB0AED39232E59A10047A8A0 /* StudyHub.app */ = {isa = PBXFileReference; explicitFileType = wrapper.application; includeInIndex = 0; path = StudyHub.app; sourceTree = BUILT_PRODUCTS_DIR; };
		CB0AED45232E59A30047A8A0 /* Assets.xcassets */ = {isa = PBXFileReference; lastKnownFileType = folder.assetcatalog; path = Assets.xcassets; sourceTree = "<group>"; };
		CB0AED48232E59A30047A8A0 /* Preview Assets.xcassets */ = {isa = PBXFileReference; lastKnownFileType = folder.assetcatalog; path = "Preview Assets.xcassets"; sourceTree = "<group>"; };
		CB0AED4D232E59A30047A8A0 /* Info.plist */ = {isa = PBXFileReference; lastKnownFileType = text.plist.xml; path = Info.plist; sourceTree = "<group>"; };
		CB0AED56232E5A210047A8A0 /* RootView.swift */ = {isa = PBXFileReference; fileEncoding = 4; lastKnownFileType = sourcecode.swift; path = RootView.swift; sourceTree = "<group>"; };
		CB0AED73232E5AC50047A8A0 /* CustomInput.swift */ = {isa = PBXFileReference; fileEncoding = 4; lastKnownFileType = sourcecode.swift; path = CustomInput.swift; sourceTree = "<group>"; };
		CB0AED74232E5AC50047A8A0 /* CustomButton.swift */ = {isa = PBXFileReference; fileEncoding = 4; lastKnownFileType = sourcecode.swift; path = CustomButton.swift; sourceTree = "<group>"; };
		CB0AED75232E5AC50047A8A0 /* SessionStore.swift */ = {isa = PBXFileReference; fileEncoding = 4; lastKnownFileType = sourcecode.swift; path = SessionStore.swift; sourceTree = "<group>"; };
		CB0AED76232E5AC50047A8A0 /* LoginScreen.swift */ = {isa = PBXFileReference; fileEncoding = 4; lastKnownFileType = sourcecode.swift; path = LoginScreen.swift; sourceTree = "<group>"; };
		CB0AED8D232E5BA80047A8A0 /* GoogleService-Info.plist */ = {isa = PBXFileReference; fileEncoding = 4; lastKnownFileType = text.plist.xml; path = "GoogleService-Info.plist"; sourceTree = "<group>"; };
		CB0AED8F232E5F1F0047A8A0 /* StudyHub.entitlements */ = {isa = PBXFileReference; lastKnownFileType = text.plist.entitlements; path = StudyHub.entitlements; sourceTree = "<group>"; };
		CB11A8C923E1DEEB006E568C /* ChatLoading.swift */ = {isa = PBXFileReference; lastKnownFileType = sourcecode.swift; path = ChatLoading.swift; sourceTree = "<group>"; };
		CB11A8CB23E1DF4C006E568C /* ChatEmpty.swift */ = {isa = PBXFileReference; lastKnownFileType = sourcecode.swift; path = ChatEmpty.swift; sourceTree = "<group>"; };
		CB11A8CD23E1E1D4006E568C /* ChatView.swift */ = {isa = PBXFileReference; lastKnownFileType = sourcecode.swift; path = ChatView.swift; sourceTree = "<group>"; };
		CB12E7ED23596F9E00115B2E /* MessageList.swift */ = {isa = PBXFileReference; fileEncoding = 4; lastKnownFileType = sourcecode.swift; path = MessageList.swift; sourceTree = "<group>"; };
		CB179ACA23CC182F00424FD2 /* Banner.swift */ = {isa = PBXFileReference; lastKnownFileType = sourcecode.swift; path = Banner.swift; sourceTree = "<group>"; };
		CB179AD123CC331B00424FD2 /* CircleProgress.swift */ = {isa = PBXFileReference; lastKnownFileType = sourcecode.swift; path = CircleProgress.swift; sourceTree = "<group>"; };
		CB27480524A1CFE500DA7664 /* WidgetKit.framework */ = {isa = PBXFileReference; lastKnownFileType = wrapper.framework; name = WidgetKit.framework; path = System/Library/Frameworks/WidgetKit.framework; sourceTree = SDKROOT; };
		CB27480724A1CFE500DA7664 /* SwiftUI.framework */ = {isa = PBXFileReference; lastKnownFileType = wrapper.framework; name = SwiftUI.framework; path = System/Library/Frameworks/SwiftUI.framework; sourceTree = SDKROOT; };
		CB286DB42437159600977D60 /* CalenderTimeSinceNow.swift */ = {isa = PBXFileReference; lastKnownFileType = sourcecode.swift; path = CalenderTimeSinceNow.swift; sourceTree = "<group>"; };
		CB286DC7243782B700977D60 /* NotificationSetting.swift */ = {isa = PBXFileReference; lastKnownFileType = sourcecode.swift; path = NotificationSetting.swift; sourceTree = "<group>"; };
		CB30FB632424809100F5793E /* String+Emoji.swift */ = {isa = PBXFileReference; lastKnownFileType = sourcecode.swift; path = "String+Emoji.swift"; sourceTree = "<group>"; };
		CB31F0BF23FEC1C7003EF59D /* PurchasesStore.swift */ = {isa = PBXFileReference; lastKnownFileType = sourcecode.swift; path = PurchasesStore.swift; sourceTree = "<group>"; };
		CB37694023E2CA3D0015B61E /* Color.swift */ = {isa = PBXFileReference; lastKnownFileType = sourcecode.swift; path = Color.swift; sourceTree = "<group>"; };
		CB3BFAD1239E37DA00894DFA /* SettingAccount.swift */ = {isa = PBXFileReference; lastKnownFileType = sourcecode.swift; path = SettingAccount.swift; sourceTree = "<group>"; };
		CB4377B723DFDC200002C47C /* SettingView.swift */ = {isa = PBXFileReference; lastKnownFileType = sourcecode.swift; path = SettingView.swift; sourceTree = "<group>"; };
		CB457CCD241E3D6900DBBCC9 /* MailFeedback.swift */ = {isa = PBXFileReference; lastKnownFileType = sourcecode.swift; path = MailFeedback.swift; sourceTree = "<group>"; };
		CB4874C023D813C300DEB38F /* ImageCacheStore.swift */ = {isa = PBXFileReference; lastKnownFileType = sourcecode.swift; path = ImageCacheStore.swift; sourceTree = "<group>"; };
		CB4C4FDD23C5B3D400397105 /* FirebaseErrorTranslate.swift */ = {isa = PBXFileReference; lastKnownFileType = sourcecode.swift; path = FirebaseErrorTranslate.swift; sourceTree = "<group>"; };
		CB4FA0102343960A0049D271 /* ProfileView.swift */ = {isa = PBXFileReference; fileEncoding = 4; lastKnownFileType = sourcecode.swift; path = ProfileView.swift; sourceTree = "<group>"; };
		CB4FA012234396110049D271 /* ProfileImage.swift */ = {isa = PBXFileReference; fileEncoding = 4; lastKnownFileType = sourcecode.swift; path = ProfileImage.swift; sourceTree = "<group>"; };
		CB56F588241B3A3900868B09 /* Date.swift */ = {isa = PBXFileReference; lastKnownFileType = sourcecode.swift; path = Date.swift; sourceTree = "<group>"; };
		CB5DE17F236AB98D001AC3E3 /* ChatList.swift */ = {isa = PBXFileReference; lastKnownFileType = sourcecode.swift; path = ChatList.swift; sourceTree = "<group>"; };
		CB5ED66E23F4F5EE00A28A6D /* ChatTextField.swift */ = {isa = PBXFileReference; lastKnownFileType = sourcecode.swift; path = ChatTextField.swift; sourceTree = "<group>"; };
		CB6704EB23712F4000F875C3 /* NotificationStore.swift */ = {isa = PBXFileReference; lastKnownFileType = sourcecode.swift; path = NotificationStore.swift; sourceTree = "<group>"; };
		CB677796236046610019D6B6 /* NotificationCenter.framework */ = {isa = PBXFileReference; lastKnownFileType = wrapper.framework; name = NotificationCenter.framework; path = System/Library/Frameworks/NotificationCenter.framework; sourceTree = SDKROOT; };
		CB8B99222422072C00172395 /* ProfileFriends.swift */ = {isa = PBXFileReference; lastKnownFileType = sourcecode.swift; path = ProfileFriends.swift; sourceTree = "<group>"; };
		CB8B992524224F1900172395 /* QRStore.swift */ = {isa = PBXFileReference; lastKnownFileType = sourcecode.swift; path = QRStore.swift; sourceTree = "<group>"; };
		CB8EF87723C85D6D00992764 /* QRReader.swift */ = {isa = PBXFileReference; lastKnownFileType = sourcecode.swift; path = QRReader.swift; sourceTree = "<group>"; };
		CBA255F7242B361C00B20C6A /* PlusButton.swift */ = {isa = PBXFileReference; lastKnownFileType = sourcecode.swift; path = PlusButton.swift; sourceTree = "<group>"; };
		CBA6C94E247EBA5A0025A4EC /* Tabbed.swift */ = {isa = PBXFileReference; lastKnownFileType = sourcecode.swift; path = Tabbed.swift; sourceTree = "<group>"; };
		CBABB1292366F5420087AD18 /* MessageItem.swift */ = {isa = PBXFileReference; fileEncoding = 4; lastKnownFileType = sourcecode.swift; path = MessageItem.swift; sourceTree = "<group>"; };
		CBC161B523F999F000ED3B50 /* SubscriptionSplashScreen.swift */ = {isa = PBXFileReference; lastKnownFileType = sourcecode.swift; path = SubscriptionSplashScreen.swift; sourceTree = "<group>"; };
		CBCA4C4F23F684A60018168D /* StoreKit.framework */ = {isa = PBXFileReference; lastKnownFileType = wrapper.framework; name = StoreKit.framework; path = System/Library/Frameworks/StoreKit.framework; sourceTree = SDKROOT; };
		CBD673542552E11500437053 /* StudyHub.swift */ = {isa = PBXFileReference; lastKnownFileType = sourcecode.swift; path = StudyHub.swift; sourceTree = "<group>"; };
		CBE4F5512367DC8A00E4D0C6 /* ChatStore.swift */ = {isa = PBXFileReference; lastKnownFileType = sourcecode.swift; path = ChatStore.swift; sourceTree = "<group>"; };
		CBF1E0D6233C6E250009E3BE /* ImagePicker.swift */ = {isa = PBXFileReference; lastKnownFileType = sourcecode.swift; path = ImagePicker.swift; sourceTree = "<group>"; };
/* End PBXFileReference section */

/* Begin PBXFrameworksBuildPhase section */
		CB0AED36232E59A10047A8A0 /* Frameworks */ = {
			isa = PBXFrameworksBuildPhase;
			buildActionMask = 2147483647;
			files = (
				CB6AC6302408F4FE00D0E482 /* SPAlert in Frameworks */,
				CB4B930E246CE850006B7008 /* Kingfisher in Frameworks */,
				CB89414024E649DA008EA334 /* FirebaseCrashlytics in Frameworks */,
				CB4B9310246CE850006B7008 /* KingfisherSwiftUI in Frameworks */,
				CBD6733F2552D9E300437053 /* FirebaseStorageSwift-Beta in Frameworks */,
				CBCA4C5023F684A60018168D /* StoreKit.framework in Frameworks */,
				CB8EF87B23C86B6E00992764 /* CodeScanner in Frameworks */,
				CB7955D6247390FB00670552 /* NativeSearchBar in Frameworks */,
				CBD673612552E58A00437053 /* FirebaseMessaging in Frameworks */,
				CB89413E24E649DA008EA334 /* FirebaseStorage in Frameworks */,
				CB9B90ED241090AF006CF9BF /* Purchases in Frameworks */,
				CB89413A24E649DA008EA334 /* FirebaseFirestore in Frameworks */,
				CBD6733D2552D9DB00437053 /* FirebaseFirestoreSwift-Beta in Frameworks */,
				CB85CDBC249B7EEF00AAEF04 /* BottomSheet in Frameworks */,
				CB89414424E649DA008EA334 /* FirebaseAuth in Frameworks */,
			);
			runOnlyForDeploymentPostprocessing = 0;
		};
/* End PBXFrameworksBuildPhase section */

/* Begin PBXGroup section */
		A5C050C90CA7ACA36D5E738D /* Frameworks */ = {
			isa = PBXGroup;
			children = (
				CBCA4C4F23F684A60018168D /* StoreKit.framework */,
				CB677796236046610019D6B6 /* NotificationCenter.framework */,
				CB27480524A1CFE500DA7664 /* WidgetKit.framework */,
				CB27480724A1CFE500DA7664 /* SwiftUI.framework */,
			);
			name = Frameworks;
			sourceTree = "<group>";
		};
		CB0AED30232E59A10047A8A0 = {
			isa = PBXGroup;
			children = (
				CB0AED3B232E59A10047A8A0 /* StudyHub */,
				CB0AED3A232E59A10047A8A0 /* Products */,
				A5C050C90CA7ACA36D5E738D /* Frameworks */,
			);
			sourceTree = "<group>";
		};
		CB0AED3A232E59A10047A8A0 /* Products */ = {
			isa = PBXGroup;
			children = (
				CB0AED39232E59A10047A8A0 /* StudyHub.app */,
			);
			name = Products;
			sourceTree = "<group>";
		};
		CB0AED3B232E59A10047A8A0 /* StudyHub */ = {
			isa = PBXGroup;
			children = (
				CBD673542552E11500437053 /* StudyHub.swift */,
				CBA6C94E247EBA5A0025A4EC /* Tabbed.swift */,
				CB179AC923CC181D00424FD2 /* Banner */,
				CB56F587241B39F900868B09 /* Date */,
				CB31F0BE23FEC194003EF59D /* Purchases */,
				CB6704EA23712BB200F875C3 /* Notifications */,
				CB4874C223D8161C00DEB38F /* ImageCache */,
				CB12E7EB23596F7900115B2E /* Chat */,
				CB0AED72232E5AA80047A8A0 /* Login */,
				CB0AED6B232E5A840047A8A0 /* Profile */,
				CBD896B22378FDAE008CF480 /* Extensions */,
				CB0AED45232E59A30047A8A0 /* Assets.xcassets */,
				CB0AED8D232E5BA80047A8A0 /* GoogleService-Info.plist */,
				CB0AED8F232E5F1F0047A8A0 /* StudyHub.entitlements */,
				CB0AED4D232E59A30047A8A0 /* Info.plist */,
				CB0AED47232E59A30047A8A0 /* Preview Content */,
			);
			path = StudyHub;
			sourceTree = "<group>";
		};
		CB0AED47232E59A30047A8A0 /* Preview Content */ = {
			isa = PBXGroup;
			children = (
				CB0AED48232E59A30047A8A0 /* Preview Assets.xcassets */,
			);
			path = "Preview Content";
			sourceTree = "<group>";
		};
		CB0AED6B232E5A840047A8A0 /* Profile */ = {
			isa = PBXGroup;
			children = (
				CB8B992424224EA700172395 /* QR */,
				CB4FA0102343960A0049D271 /* ProfileView.swift */,
				CB4FA012234396110049D271 /* ProfileImage.swift */,
				CB4377B723DFDC200002C47C /* SettingView.swift */,
				CB3BFAD1239E37DA00894DFA /* SettingAccount.swift */,
			);
			path = Profile;
			sourceTree = "<group>";
		};
		CB0AED72232E5AA80047A8A0 /* Login */ = {
			isa = PBXGroup;
			children = (
				CB0AED56232E5A210047A8A0 /* RootView.swift */,
				CB0AED76232E5AC50047A8A0 /* LoginScreen.swift */,
				CB0AED75232E5AC50047A8A0 /* SessionStore.swift */,
			);
			path = Login;
			sourceTree = "<group>";
		};
		CB12E7EB23596F7900115B2E /* Chat */ = {
			isa = PBXGroup;
			children = (
				CBE4F5512367DC8A00E4D0C6 /* ChatStore.swift */,
				CB12E7ED23596F9E00115B2E /* MessageList.swift */,
				CBABB1292366F5420087AD18 /* MessageItem.swift */,
				CB11A8CD23E1E1D4006E568C /* ChatView.swift */,
				CB5DE17F236AB98D001AC3E3 /* ChatList.swift */,
				CB11A8C923E1DEEB006E568C /* ChatLoading.swift */,
				CB11A8CB23E1DF4C006E568C /* ChatEmpty.swift */,
				CB5ED66E23F4F5EE00A28A6D /* ChatTextField.swift */,
			);
			path = Chat;
			sourceTree = "<group>";
		};
		CB179AC923CC181D00424FD2 /* Banner */ = {
			isa = PBXGroup;
			children = (
				CB179AD123CC331B00424FD2 /* CircleProgress.swift */,
				CB179ACA23CC182F00424FD2 /* Banner.swift */,
			);
			path = Banner;
			sourceTree = "<group>";
		};
		CB31F0BE23FEC194003EF59D /* Purchases */ = {
			isa = PBXGroup;
			children = (
				CB31F0BF23FEC1C7003EF59D /* PurchasesStore.swift */,
				CBC161B523F999F000ED3B50 /* SubscriptionSplashScreen.swift */,
			);
			path = Purchases;
			sourceTree = "<group>";
		};
		CB4874C223D8161C00DEB38F /* ImageCache */ = {
			isa = PBXGroup;
			children = (
				CB4874C023D813C300DEB38F /* ImageCacheStore.swift */,
			);
			path = ImageCache;
			sourceTree = "<group>";
		};
		CB56F587241B39F900868B09 /* Date */ = {
			isa = PBXGroup;
			children = (
				CB56F588241B3A3900868B09 /* Date.swift */,
			);
			path = Date;
			sourceTree = "<group>";
		};
		CB6704EA23712BB200F875C3 /* Notifications */ = {
			isa = PBXGroup;
			children = (
				CB286DC7243782B700977D60 /* NotificationSetting.swift */,
				CB6704EB23712F4000F875C3 /* NotificationStore.swift */,
			);
			path = Notifications;
			sourceTree = "<group>";
		};
		CB8B992424224EA700172395 /* QR */ = {
			isa = PBXGroup;
			children = (
				CB8B99222422072C00172395 /* ProfileFriends.swift */,
				CB8EF87723C85D6D00992764 /* QRReader.swift */,
				CB8B992524224F1900172395 /* QRStore.swift */,
			);
			path = QR;
			sourceTree = "<group>";
		};
		CBD896B22378FDAE008CF480 /* Extensions */ = {
			isa = PBXGroup;
			children = (
				CB30FB632424809100F5793E /* String+Emoji.swift */,
				CB37694023E2CA3D0015B61E /* Color.swift */,
				CBA255F7242B361C00B20C6A /* PlusButton.swift */,
				CB0AED74232E5AC50047A8A0 /* CustomButton.swift */,
				CB0AED73232E5AC50047A8A0 /* CustomInput.swift */,
				CBF1E0D6233C6E250009E3BE /* ImagePicker.swift */,
				CB4C4FDD23C5B3D400397105 /* FirebaseErrorTranslate.swift */,
				CB457CCD241E3D6900DBBCC9 /* MailFeedback.swift */,
				CB286DB42437159600977D60 /* CalenderTimeSinceNow.swift */,
			);
			path = Extensions;
			sourceTree = "<group>";
		};
/* End PBXGroup section */

/* Begin PBXNativeTarget section */
		CB0AED38232E59A10047A8A0 /* StudyHub */ = {
			isa = PBXNativeTarget;
			buildConfigurationList = CB0AED50232E59A30047A8A0 /* Build configuration list for PBXNativeTarget "StudyHub" */;
			buildPhases = (
				CB0AED35232E59A10047A8A0 /* Sources */,
				CB0AED36232E59A10047A8A0 /* Frameworks */,
				CB0AED37232E59A10047A8A0 /* Resources */,
				CB25040C23505E1600D2E41A /* Embed Watch Content */,
				CB6777A5236046610019D6B6 /* Embed App Extensions */,
				CB286DB72437639700977D60 /* Embed Frameworks */,
			);
			buildRules = (
			);
			dependencies = (
			);
			name = StudyHub;
			packageProductDependencies = (
				CB8EF87A23C86B6E00992764 /* CodeScanner */,
				CB6AC62F2408F4FE00D0E482 /* SPAlert */,
				CB9B90EC241090AF006CF9BF /* Purchases */,
				CB4B930D246CE850006B7008 /* Kingfisher */,
				CB4B930F246CE850006B7008 /* KingfisherSwiftUI */,
				CB7955D5247390FB00670552 /* NativeSearchBar */,
				CB85CDBB249B7EEF00AAEF04 /* BottomSheet */,
				CB89413924E649DA008EA334 /* FirebaseFirestore */,
				CB89413D24E649DA008EA334 /* FirebaseStorage */,
				CB89413F24E649DA008EA334 /* FirebaseCrashlytics */,
				CB89414324E649DA008EA334 /* FirebaseAuth */,
				CBD6733C2552D9DB00437053 /* FirebaseFirestoreSwift-Beta */,
				CBD6733E2552D9E300437053 /* FirebaseStorageSwift-Beta */,
				CBD673602552E58A00437053 /* FirebaseMessaging */,
			);
			productName = StudyHub;
			productReference = CB0AED39232E59A10047A8A0 /* StudyHub.app */;
			productType = "com.apple.product-type.application";
		};
/* End PBXNativeTarget section */

/* Begin PBXProject section */
		CB0AED31232E59A10047A8A0 /* Project object */ = {
			isa = PBXProject;
			attributes = {
				LastSwiftUpdateCheck = 1200;
				LastUpgradeCheck = 1220;
				ORGANIZATIONNAME = "Dmitriy Lisin";
				TargetAttributes = {
					CB0AED38232E59A10047A8A0 = {
						CreatedOnToolsVersion = 11.0;
					};
				};
			};
			buildConfigurationList = CB0AED34232E59A10047A8A0 /* Build configuration list for PBXProject "StudyHub" */;
			compatibilityVersion = "Xcode 12.0";
			developmentRegion = en;
			hasScannedForEncodings = 0;
			knownRegions = (
				en,
				Base,
			);
			mainGroup = CB0AED30232E59A10047A8A0;
			packageReferences = (
				CB8EF87923C86B6E00992764 /* XCRemoteSwiftPackageReference "CodeScanner" */,
				CB6AC62E2408F4FE00D0E482 /* XCRemoteSwiftPackageReference "SPAlert" */,
				CB9B90EB241090AF006CF9BF /* XCRemoteSwiftPackageReference "purchases-ios" */,
				CB4B930C246CE850006B7008 /* XCRemoteSwiftPackageReference "Kingfisher" */,
				CB7955D4247390FB00670552 /* XCRemoteSwiftPackageReference "NativeSearchBar" */,
				CB85CDBA249B7EEF00AAEF04 /* XCRemoteSwiftPackageReference "bottom-sheet" */,
				CB89413824E649D9008EA334 /* XCRemoteSwiftPackageReference "firebase-ios-sdk" */,
			);
			productRefGroup = CB0AED3A232E59A10047A8A0 /* Products */;
			projectDirPath = "";
			projectRoot = "";
			targets = (
				CB0AED38232E59A10047A8A0 /* StudyHub */,
			);
		};
/* End PBXProject section */

/* Begin PBXResourcesBuildPhase section */
		CB0AED37232E59A10047A8A0 /* Resources */ = {
			isa = PBXResourcesBuildPhase;
			buildActionMask = 2147483647;
			files = (
				CB0AED49232E59A30047A8A0 /* Preview Assets.xcassets in Resources */,
				CB0AED46232E59A30047A8A0 /* Assets.xcassets in Resources */,
				CB0AED8E232E5BA80047A8A0 /* GoogleService-Info.plist in Resources */,
			);
			runOnlyForDeploymentPostprocessing = 0;
		};
/* End PBXResourcesBuildPhase section */

/* Begin PBXSourcesBuildPhase section */
		CB0AED35232E59A10047A8A0 /* Sources */ = {
			isa = PBXSourcesBuildPhase;
			buildActionMask = 2147483647;
			files = (
				CB11A8CE23E1E1D4006E568C /* ChatView.swift in Sources */,
				CB0AED7A232E5AC50047A8A0 /* LoginScreen.swift in Sources */,
				CB11A8CC23E1DF4C006E568C /* ChatEmpty.swift in Sources */,
				CB3BFAD2239E37DA00894DFA /* SettingAccount.swift in Sources */,
				CB12E7EE23596F9E00115B2E /* MessageList.swift in Sources */,
				CB56F589241B3A3900868B09 /* Date.swift in Sources */,
				CB5ED66F23F4F5EE00A28A6D /* ChatTextField.swift in Sources */,
				CB6704EC23712F4000F875C3 /* NotificationStore.swift in Sources */,
				CB286DC8243782B700977D60 /* NotificationSetting.swift in Sources */,
				CB8B992624224F1900172395 /* QRStore.swift in Sources */,
				CB4874C123D813C300DEB38F /* ImageCacheStore.swift in Sources */,
				CB8B99232422072C00172395 /* ProfileFriends.swift in Sources */,
				CB4C4FDE23C5B3D400397105 /* FirebaseErrorTranslate.swift in Sources */,
				CB0AED78232E5AC50047A8A0 /* CustomButton.swift in Sources */,
				CBABB12A2366F5420087AD18 /* MessageItem.swift in Sources */,
				CB0AED79232E5AC50047A8A0 /* SessionStore.swift in Sources */,
				CB4FA013234396110049D271 /* ProfileImage.swift in Sources */,
				CBA255F8242B361C00B20C6A /* PlusButton.swift in Sources */,
				CB30FB642424809100F5793E /* String+Emoji.swift in Sources */,
				CBE4F5522367DC8A00E4D0C6 /* ChatStore.swift in Sources */,
				CB0AED5F232E5A210047A8A0 /* RootView.swift in Sources */,
				CB5DE180236AB98D001AC3E3 /* ChatList.swift in Sources */,
				CB8EF87823C85D6D00992764 /* QRReader.swift in Sources */,
				CB179AD223CC331B00424FD2 /* CircleProgress.swift in Sources */,
				CB11A8CA23E1DEEB006E568C /* ChatLoading.swift in Sources */,
				CB4377B823DFDC200002C47C /* SettingView.swift in Sources */,
				CB457CCE241E3D6900DBBCC9 /* MailFeedback.swift in Sources */,
				CBA6C94F247EBA5A0025A4EC /* Tabbed.swift in Sources */,
				CB286DB52437159600977D60 /* CalenderTimeSinceNow.swift in Sources */,
				CBD673552552E11500437053 /* StudyHub.swift in Sources */,
				CBC161B623F999F000ED3B50 /* SubscriptionSplashScreen.swift in Sources */,
				CBF1E0D7233C6E250009E3BE /* ImagePicker.swift in Sources */,
				CB31F0C023FEC1C7003EF59D /* PurchasesStore.swift in Sources */,
				CB4FA0112343960A0049D271 /* ProfileView.swift in Sources */,
				CB37694123E2CA3D0015B61E /* Color.swift in Sources */,
				CB179ACB23CC182F00424FD2 /* Banner.swift in Sources */,
				CB0AED77232E5AC50047A8A0 /* CustomInput.swift in Sources */,
			);
			runOnlyForDeploymentPostprocessing = 0;
		};
/* End PBXSourcesBuildPhase section */

/* Begin XCBuildConfiguration section */
		CB0AED4E232E59A30047A8A0 /* Debug */ = {
			isa = XCBuildConfiguration;
			buildSettings = {
				ALWAYS_SEARCH_USER_PATHS = NO;
				CLANG_ANALYZER_NONNULL = YES;
				CLANG_ANALYZER_NUMBER_OBJECT_CONVERSION = YES_AGGRESSIVE;
				CLANG_CXX_LANGUAGE_STANDARD = "gnu++14";
				CLANG_CXX_LIBRARY = "libc++";
				CLANG_ENABLE_MODULES = YES;
				CLANG_ENABLE_OBJC_ARC = YES;
				CLANG_ENABLE_OBJC_WEAK = YES;
				CLANG_WARN_BLOCK_CAPTURE_AUTORELEASING = YES;
				CLANG_WARN_BOOL_CONVERSION = YES;
				CLANG_WARN_COMMA = YES;
				CLANG_WARN_CONSTANT_CONVERSION = YES;
				CLANG_WARN_DEPRECATED_OBJC_IMPLEMENTATIONS = YES;
				CLANG_WARN_DIRECT_OBJC_ISA_USAGE = YES_ERROR;
				CLANG_WARN_DOCUMENTATION_COMMENTS = YES;
				CLANG_WARN_EMPTY_BODY = YES;
				CLANG_WARN_ENUM_CONVERSION = YES;
				CLANG_WARN_INFINITE_RECURSION = YES;
				CLANG_WARN_INT_CONVERSION = YES;
				CLANG_WARN_NON_LITERAL_NULL_CONVERSION = YES;
				CLANG_WARN_OBJC_IMPLICIT_RETAIN_SELF = YES;
				CLANG_WARN_OBJC_LITERAL_CONVERSION = YES;
				CLANG_WARN_OBJC_ROOT_CLASS = YES_ERROR;
				CLANG_WARN_QUOTED_INCLUDE_IN_FRAMEWORK_HEADER = YES;
				CLANG_WARN_RANGE_LOOP_ANALYSIS = YES;
				CLANG_WARN_STRICT_PROTOTYPES = YES;
				CLANG_WARN_SUSPICIOUS_MOVE = YES;
				CLANG_WARN_UNGUARDED_AVAILABILITY = YES_AGGRESSIVE;
				CLANG_WARN_UNREACHABLE_CODE = YES;
				CLANG_WARN__DUPLICATE_METHOD_MATCH = YES;
				COPY_PHASE_STRIP = NO;
				DEBUG_INFORMATION_FORMAT = dwarf;
				ENABLE_STRICT_OBJC_MSGSEND = YES;
				ENABLE_TESTABILITY = YES;
				GCC_C_LANGUAGE_STANDARD = gnu11;
				GCC_DYNAMIC_NO_PIC = NO;
				GCC_NO_COMMON_BLOCKS = YES;
				GCC_OPTIMIZATION_LEVEL = 0;
				GCC_PREPROCESSOR_DEFINITIONS = (
					"DEBUG=1",
					"$(inherited)",
				);
				GCC_WARN_64_TO_32_BIT_CONVERSION = YES;
				GCC_WARN_ABOUT_RETURN_TYPE = YES_ERROR;
				GCC_WARN_UNDECLARED_SELECTOR = YES;
				GCC_WARN_UNINITIALIZED_AUTOS = YES_AGGRESSIVE;
				GCC_WARN_UNUSED_FUNCTION = YES;
				GCC_WARN_UNUSED_VARIABLE = YES;
				IPHONEOS_DEPLOYMENT_TARGET = 14.0;
				MTL_ENABLE_DEBUG_INFO = INCLUDE_SOURCE;
				MTL_FAST_MATH = YES;
				ONLY_ACTIVE_ARCH = YES;
				SDKROOT = iphoneos;
				SWIFT_ACTIVE_COMPILATION_CONDITIONS = DEBUG;
				SWIFT_OPTIMIZATION_LEVEL = "-Onone";
			};
			name = Debug;
		};
		CB0AED4F232E59A30047A8A0 /* Release */ = {
			isa = XCBuildConfiguration;
			buildSettings = {
				ALWAYS_SEARCH_USER_PATHS = NO;
				CLANG_ANALYZER_NONNULL = YES;
				CLANG_ANALYZER_NUMBER_OBJECT_CONVERSION = YES_AGGRESSIVE;
				CLANG_CXX_LANGUAGE_STANDARD = "gnu++14";
				CLANG_CXX_LIBRARY = "libc++";
				CLANG_ENABLE_MODULES = YES;
				CLANG_ENABLE_OBJC_ARC = YES;
				CLANG_ENABLE_OBJC_WEAK = YES;
				CLANG_WARN_BLOCK_CAPTURE_AUTORELEASING = YES;
				CLANG_WARN_BOOL_CONVERSION = YES;
				CLANG_WARN_COMMA = YES;
				CLANG_WARN_CONSTANT_CONVERSION = YES;
				CLANG_WARN_DEPRECATED_OBJC_IMPLEMENTATIONS = YES;
				CLANG_WARN_DIRECT_OBJC_ISA_USAGE = YES_ERROR;
				CLANG_WARN_DOCUMENTATION_COMMENTS = YES;
				CLANG_WARN_EMPTY_BODY = YES;
				CLANG_WARN_ENUM_CONVERSION = YES;
				CLANG_WARN_INFINITE_RECURSION = YES;
				CLANG_WARN_INT_CONVERSION = YES;
				CLANG_WARN_NON_LITERAL_NULL_CONVERSION = YES;
				CLANG_WARN_OBJC_IMPLICIT_RETAIN_SELF = YES;
				CLANG_WARN_OBJC_LITERAL_CONVERSION = YES;
				CLANG_WARN_OBJC_ROOT_CLASS = YES_ERROR;
				CLANG_WARN_QUOTED_INCLUDE_IN_FRAMEWORK_HEADER = YES;
				CLANG_WARN_RANGE_LOOP_ANALYSIS = YES;
				CLANG_WARN_STRICT_PROTOTYPES = YES;
				CLANG_WARN_SUSPICIOUS_MOVE = YES;
				CLANG_WARN_UNGUARDED_AVAILABILITY = YES_AGGRESSIVE;
				CLANG_WARN_UNREACHABLE_CODE = YES;
				CLANG_WARN__DUPLICATE_METHOD_MATCH = YES;
				COPY_PHASE_STRIP = NO;
				DEBUG_INFORMATION_FORMAT = "dwarf-with-dsym";
				ENABLE_NS_ASSERTIONS = NO;
				ENABLE_STRICT_OBJC_MSGSEND = YES;
				GCC_C_LANGUAGE_STANDARD = gnu11;
				GCC_NO_COMMON_BLOCKS = YES;
				GCC_WARN_64_TO_32_BIT_CONVERSION = YES;
				GCC_WARN_ABOUT_RETURN_TYPE = YES_ERROR;
				GCC_WARN_UNDECLARED_SELECTOR = YES;
				GCC_WARN_UNINITIALIZED_AUTOS = YES_AGGRESSIVE;
				GCC_WARN_UNUSED_FUNCTION = YES;
				GCC_WARN_UNUSED_VARIABLE = YES;
				IPHONEOS_DEPLOYMENT_TARGET = 14.0;
				MTL_ENABLE_DEBUG_INFO = NO;
				MTL_FAST_MATH = YES;
				SDKROOT = iphoneos;
				SWIFT_COMPILATION_MODE = wholemodule;
				SWIFT_OPTIMIZATION_LEVEL = "-O";
				VALIDATE_PRODUCT = YES;
			};
			name = Release;
		};
		CB0AED51232E59A30047A8A0 /* Debug */ = {
			isa = XCBuildConfiguration;
			buildSettings = {
				ALWAYS_EMBED_SWIFT_STANDARD_LIBRARIES = YES;
				ASSETCATALOG_COMPILER_APPICON_NAME = AppIcon;
				CODE_SIGN_ENTITLEMENTS = StudyHub/StudyHub.entitlements;
				CODE_SIGN_STYLE = Automatic;
				CURRENT_PROJECT_VERSION = 580;
				DEBUG_INFORMATION_FORMAT = "dwarf-with-dsym";
				DEVELOPMENT_ASSET_PATHS = "\"StudyHub/Preview Content\"";
				DEVELOPMENT_TEAM = 48HFZR3X8K;
				ENABLE_PREVIEWS = YES;
				INFOPLIST_FILE = "$(SRCROOT)/StudyHub/Info.plist";
				IPHONEOS_DEPLOYMENT_TARGET = 14.5;
				LD_RUNPATH_SEARCH_PATHS = (
					"$(inherited)",
					"@executable_path/Frameworks",
				);
				MARKETING_VERSION = 1.0.0;
				PRODUCT_BUNDLE_IDENTIFIER = com.darkfox.altgtu;
				PRODUCT_NAME = StudyHub;
				SUPPORTS_MACCATALYST = NO;
				SWIFT_VERSION = 5.0;
				TARGETED_DEVICE_FAMILY = "1,2";
			};
			name = Debug;
		};
		CB0AED52232E59A30047A8A0 /* Release */ = {
			isa = XCBuildConfiguration;
			buildSettings = {
				ALWAYS_EMBED_SWIFT_STANDARD_LIBRARIES = YES;
				ASSETCATALOG_COMPILER_APPICON_NAME = AppIcon;
				CODE_SIGN_ENTITLEMENTS = StudyHub/StudyHub.entitlements;
				CODE_SIGN_STYLE = Automatic;
				CURRENT_PROJECT_VERSION = 580;
				DEVELOPMENT_ASSET_PATHS = "\"StudyHub/Preview Content\"";
				DEVELOPMENT_TEAM = 48HFZR3X8K;
				ENABLE_PREVIEWS = YES;
				INFOPLIST_FILE = "$(SRCROOT)/StudyHub/Info.plist";
				IPHONEOS_DEPLOYMENT_TARGET = 14.5;
				LD_RUNPATH_SEARCH_PATHS = (
					"$(inherited)",
					"@executable_path/Frameworks",
				);
				MARKETING_VERSION = 1.0.0;
				PRODUCT_BUNDLE_IDENTIFIER = com.darkfox.altgtu;
				PRODUCT_NAME = StudyHub;
				SUPPORTS_MACCATALYST = NO;
				SWIFT_VERSION = 5.0;
				TARGETED_DEVICE_FAMILY = "1,2";
			};
			name = Release;
		};
/* End XCBuildConfiguration section */

/* Begin XCConfigurationList section */
		CB0AED34232E59A10047A8A0 /* Build configuration list for PBXProject "StudyHub" */ = {
			isa = XCConfigurationList;
			buildConfigurations = (
				CB0AED4E232E59A30047A8A0 /* Debug */,
				CB0AED4F232E59A30047A8A0 /* Release */,
			);
			defaultConfigurationIsVisible = 0;
			defaultConfigurationName = Release;
		};
		CB0AED50232E59A30047A8A0 /* Build configuration list for PBXNativeTarget "StudyHub" */ = {
			isa = XCConfigurationList;
			buildConfigurations = (
				CB0AED51232E59A30047A8A0 /* Debug */,
				CB0AED52232E59A30047A8A0 /* Release */,
			);
			defaultConfigurationIsVisible = 0;
			defaultConfigurationName = Release;
		};
/* End XCConfigurationList section */

/* Begin XCRemoteSwiftPackageReference section */
		CB4B930C246CE850006B7008 /* XCRemoteSwiftPackageReference "Kingfisher" */ = {
			isa = XCRemoteSwiftPackageReference;
			repositoryURL = "https://github.com/onevcat/Kingfisher/";
			requirement = {
				kind = upToNextMajorVersion;
				minimumVersion = 5.14.1;
			};
		};
		CB6AC62E2408F4FE00D0E482 /* XCRemoteSwiftPackageReference "SPAlert" */ = {
			isa = XCRemoteSwiftPackageReference;
			repositoryURL = "https://github.com/ivanvorobei/SPAlert";
			requirement = {
				kind = upToNextMajorVersion;
				minimumVersion = 2.1.4;
			};
		};
		CB7955D4247390FB00670552 /* XCRemoteSwiftPackageReference "NativeSearchBar" */ = {
			isa = XCRemoteSwiftPackageReference;
			repositoryURL = "https://github.com/lisindima/NativeSearchBar";
			requirement = {
				kind = upToNextMajorVersion;
				minimumVersion = 2.2.0;
			};
		};
		CB85CDBA249B7EEF00AAEF04 /* XCRemoteSwiftPackageReference "bottom-sheet" */ = {
			isa = XCRemoteSwiftPackageReference;
			repositoryURL = "https://github.com/weitieda/bottom-sheet";
			requirement = {
				kind = upToNextMajorVersion;
				minimumVersion = 1.0.4;
			};
		};
		CB89413824E649D9008EA334 /* XCRemoteSwiftPackageReference "firebase-ios-sdk" */ = {
			isa = XCRemoteSwiftPackageReference;
			repositoryURL = "https://github.com/firebase/firebase-ios-sdk";
			requirement = {
				kind = upToNextMajorVersion;
				minimumVersion = 7.0.0;
			};
		};
		CB8EF87923C86B6E00992764 /* XCRemoteSwiftPackageReference "CodeScanner" */ = {
			isa = XCRemoteSwiftPackageReference;
			repositoryURL = "https://github.com/twostraws/CodeScanner";
			requirement = {
				kind = upToNextMajorVersion;
				minimumVersion = 1.0.6;
			};
		};
		CB9B90EB241090AF006CF9BF /* XCRemoteSwiftPackageReference "purchases-ios" */ = {
			isa = XCRemoteSwiftPackageReference;
			repositoryURL = "https://github.com/RevenueCat/purchases-ios";
			requirement = {
				kind = upToNextMajorVersion;
				minimumVersion = 3.5.0;
			};
		};
/* End XCRemoteSwiftPackageReference section */

/* Begin XCSwiftPackageProductDependency section */
		CB4B930D246CE850006B7008 /* Kingfisher */ = {
			isa = XCSwiftPackageProductDependency;
			package = CB4B930C246CE850006B7008 /* XCRemoteSwiftPackageReference "Kingfisher" */;
			productName = Kingfisher;
		};
		CB4B930F246CE850006B7008 /* KingfisherSwiftUI */ = {
			isa = XCSwiftPackageProductDependency;
			package = CB4B930C246CE850006B7008 /* XCRemoteSwiftPackageReference "Kingfisher" */;
			productName = KingfisherSwiftUI;
		};
		CB6AC62F2408F4FE00D0E482 /* SPAlert */ = {
			isa = XCSwiftPackageProductDependency;
			package = CB6AC62E2408F4FE00D0E482 /* XCRemoteSwiftPackageReference "SPAlert" */;
			productName = SPAlert;
		};
		CB7955D5247390FB00670552 /* NativeSearchBar */ = {
			isa = XCSwiftPackageProductDependency;
			package = CB7955D4247390FB00670552 /* XCRemoteSwiftPackageReference "NativeSearchBar" */;
			productName = NativeSearchBar;
		};
		CB85CDBB249B7EEF00AAEF04 /* BottomSheet */ = {
			isa = XCSwiftPackageProductDependency;
			package = CB85CDBA249B7EEF00AAEF04 /* XCRemoteSwiftPackageReference "bottom-sheet" */;
			productName = BottomSheet;
		};
		CB89413924E649DA008EA334 /* FirebaseFirestore */ = {
			isa = XCSwiftPackageProductDependency;
			package = CB89413824E649D9008EA334 /* XCRemoteSwiftPackageReference "firebase-ios-sdk" */;
			productName = FirebaseFirestore;
		};
		CB89413D24E649DA008EA334 /* FirebaseStorage */ = {
			isa = XCSwiftPackageProductDependency;
			package = CB89413824E649D9008EA334 /* XCRemoteSwiftPackageReference "firebase-ios-sdk" */;
			productName = FirebaseStorage;
		};
		CB89413F24E649DA008EA334 /* FirebaseCrashlytics */ = {
			isa = XCSwiftPackageProductDependency;
			package = CB89413824E649D9008EA334 /* XCRemoteSwiftPackageReference "firebase-ios-sdk" */;
			productName = FirebaseCrashlytics;
		};
		CB89414324E649DA008EA334 /* FirebaseAuth */ = {
			isa = XCSwiftPackageProductDependency;
			package = CB89413824E649D9008EA334 /* XCRemoteSwiftPackageReference "firebase-ios-sdk" */;
			productName = FirebaseAuth;
		};
		CB8EF87A23C86B6E00992764 /* CodeScanner */ = {
			isa = XCSwiftPackageProductDependency;
			package = CB8EF87923C86B6E00992764 /* XCRemoteSwiftPackageReference "CodeScanner" */;
			productName = CodeScanner;
		};
		CB9B90EC241090AF006CF9BF /* Purchases */ = {
			isa = XCSwiftPackageProductDependency;
			package = CB9B90EB241090AF006CF9BF /* XCRemoteSwiftPackageReference "purchases-ios" */;
			productName = Purchases;
		};
		CBD6733C2552D9DB00437053 /* FirebaseFirestoreSwift-Beta */ = {
			isa = XCSwiftPackageProductDependency;
			package = CB89413824E649D9008EA334 /* XCRemoteSwiftPackageReference "firebase-ios-sdk" */;
			productName = "FirebaseFirestoreSwift-Beta";
		};
		CBD6733E2552D9E300437053 /* FirebaseStorageSwift-Beta */ = {
			isa = XCSwiftPackageProductDependency;
			package = CB89413824E649D9008EA334 /* XCRemoteSwiftPackageReference "firebase-ios-sdk" */;
			productName = "FirebaseStorageSwift-Beta";
		};
		CBD673602552E58A00437053 /* FirebaseMessaging */ = {
			isa = XCSwiftPackageProductDependency;
			package = CB89413824E649D9008EA334 /* XCRemoteSwiftPackageReference "firebase-ios-sdk" */;
			productName = FirebaseMessaging;
		};
/* End XCSwiftPackageProductDependency section */
	};
	rootObject = CB0AED31232E59A10047A8A0 /* Project object */;
}
